{
  "version": 4,
  "terraform_version": "0.13.5",
  "serial": 428,
  "lineage": "7991eb2b-ce1e-2b20-5190-d234da088164",
  "outputs": {},
  "resources": [
    {
      "mode": "data",
      "type": "aws_security_groups",
      "name": "default_sg",
      "provider": "provider[\"registry.terraform.io/hashicorp/aws\"]",
      "instances": [
        {
          "schema_version": 0,
          "attributes": {
            "filter": [
              {
                "name": "group-name",
                "values": [
                  "default"
                ]
              },
              {
                "name": "vpc-id",
                "values": [
                  "vpc-0c53ae7fc7394e80b"
                ]
              }
            ],
            "id": "us-east-1",
            "ids": [
              "sg-0481896670f1c55a6"
            ],
            "tags": null,
            "vpc_ids": [
              "vpc-0c53ae7fc7394e80b"
            ]
          }
        }
      ]
    },
    {
      "module": "module.alb",
      "mode": "managed",
      "type": "aws_lb_listener_rule",
      "name": "blue",
      "provider": "module.alb.provider[\"registry.terraform.io/hashicorp/aws\"]",
      "instances": [
        {
          "schema_version": 0,
          "attributes": {
            "action": [
              {
                "authenticate_cognito": [],
                "authenticate_oidc": [],
                "fixed_response": [],
                "forward": [],
                "order": 1,
                "redirect": [],
                "target_group_arn": "arn:aws:elasticloadbalancing:us-east-1:210780328849:targetgroup/bdemo-20201119210652694400000001/1537cc94578b21be",
                "type": "forward"
              }
            ],
            "arn": "arn:aws:elasticloadbalancing:us-east-1:210780328849:listener-rule/app/justin-demo-alb/af389b7de0f82727/1569464a1e7e9ed0/84a7dc135ea73d02",
            "condition": [
              {
                "host_header": [],
                "http_header": [],
                "http_request_method": [],
                "path_pattern": [
                  {
                    "values": [
                      "/blue*"
                    ]
                  }
                ],
                "query_string": [],
                "source_ip": []
              }
            ],
            "id": "arn:aws:elasticloadbalancing:us-east-1:210780328849:listener-rule/app/justin-demo-alb/af389b7de0f82727/1569464a1e7e9ed0/84a7dc135ea73d02",
            "listener_arn": "arn:aws:elasticloadbalancing:us-east-1:210780328849:listener/app/justin-demo-alb/af389b7de0f82727/1569464a1e7e9ed0",
            "priority": 2
          },
          "private": "bnVsbA==",
          "dependencies": [
            "module.alb.module.alb.aws_lb.this",
            "module.alb.module.alb.aws_lb_listener.frontend_http_tcp",
            "module.alb.module.alb.aws_lb_target_group.main",
            "module.sgs.aws_security_group.allow_http_all",
            "module.vpc.module.vpc.aws_cloudwatch_log_group.flow_log",
            "module.vpc.module.vpc.aws_customer_gateway.this",
            "module.vpc.module.vpc.aws_db_subnet_group.database",
            "module.vpc.module.vpc.aws_default_network_acl.this",
            "module.vpc.module.vpc.aws_default_security_group.this",
            "module.vpc.module.vpc.aws_default_vpc.this",
            "module.vpc.module.vpc.aws_egress_only_internet_gateway.this",
            "module.vpc.module.vpc.aws_eip.nat",
            "module.vpc.module.vpc.aws_elasticache_subnet_group.elasticache",
            "module.vpc.module.vpc.aws_flow_log.this",
            "module.vpc.module.vpc.aws_iam_policy.vpc_flow_log_cloudwatch",
            "module.vpc.module.vpc.aws_iam_role.vpc_flow_log_cloudwatch",
            "module.vpc.module.vpc.aws_iam_role_policy_attachment.vpc_flow_log_cloudwatch",
            "module.vpc.module.vpc.aws_internet_gateway.this",
            "module.vpc.module.vpc.aws_nat_gateway.this",
            "module.vpc.module.vpc.aws_network_acl.database",
            "module.vpc.module.vpc.aws_network_acl.elasticache",
            "module.vpc.module.vpc.aws_network_acl.intra",
            "module.vpc.module.vpc.aws_network_acl.private",
            "module.vpc.module.vpc.aws_network_acl.public",
            "module.vpc.module.vpc.aws_network_acl.redshift",
            "module.vpc.module.vpc.aws_network_acl_rule.database_inbound",
            "module.vpc.module.vpc.aws_network_acl_rule.database_outbound",
            "module.vpc.module.vpc.aws_network_acl_rule.elasticache_inbound",
            "module.vpc.module.vpc.aws_network_acl_rule.elasticache_outbound",
            "module.vpc.module.vpc.aws_network_acl_rule.intra_inbound",
            "module.vpc.module.vpc.aws_network_acl_rule.intra_outbound",
            "module.vpc.module.vpc.aws_network_acl_rule.private_inbound",
            "module.vpc.module.vpc.aws_network_acl_rule.private_outbound",
            "module.vpc.module.vpc.aws_network_acl_rule.public_inbound",
            "module.vpc.module.vpc.aws_network_acl_rule.public_outbound",
            "module.vpc.module.vpc.aws_network_acl_rule.redshift_inbound",
            "module.vpc.module.vpc.aws_network_acl_rule.redshift_outbound",
            "module.vpc.module.vpc.aws_redshift_subnet_group.redshift",
            "module.vpc.module.vpc.aws_route.database_internet_gateway",
            "module.vpc.module.vpc.aws_route.database_ipv6_egress",
            "module.vpc.module.vpc.aws_route.database_nat_gateway",
            "module.vpc.module.vpc.aws_route.private_ipv6_egress",
            "module.vpc.module.vpc.aws_route.private_nat_gateway",
            "module.vpc.module.vpc.aws_route.public_internet_gateway",
            "module.vpc.module.vpc.aws_route.public_internet_gateway_ipv6",
            "module.vpc.module.vpc.aws_route_table.database",
            "module.vpc.module.vpc.aws_route_table.elasticache",
            "module.vpc.module.vpc.aws_route_table.intra",
            "module.vpc.module.vpc.aws_route_table.private",
            "module.vpc.module.vpc.aws_route_table.public",
            "module.vpc.module.vpc.aws_route_table.redshift",
            "module.vpc.module.vpc.aws_route_table_association.database",
            "module.vpc.module.vpc.aws_route_table_association.elasticache",
            "module.vpc.module.vpc.aws_route_table_association.intra",
            "module.vpc.module.vpc.aws_route_table_association.private",
            "module.vpc.module.vpc.aws_route_table_association.public",
            "module.vpc.module.vpc.aws_route_table_association.redshift",
            "module.vpc.module.vpc.aws_route_table_association.redshift_public",
            "module.vpc.module.vpc.aws_subnet.database",
            "module.vpc.module.vpc.aws_subnet.elasticache",
            "module.vpc.module.vpc.aws_subnet.intra",
            "module.vpc.module.vpc.aws_subnet.private",
            "module.vpc.module.vpc.aws_subnet.public",
            "module.vpc.module.vpc.aws_subnet.redshift",
            "module.vpc.module.vpc.aws_vpc.this",
            "module.vpc.module.vpc.aws_vpc_dhcp_options.this",
            "module.vpc.module.vpc.aws_vpc_dhcp_options_association.this",
            "module.vpc.module.vpc.aws_vpc_endpoint.access_analyzer",
            "module.vpc.module.vpc.aws_vpc_endpoint.acm_pca",
            "module.vpc.module.vpc.aws_vpc_endpoint.apigw",
            "module.vpc.module.vpc.aws_vpc_endpoint.appmesh_envoy_management",
            "module.vpc.module.vpc.aws_vpc_endpoint.appstream_api",
            "module.vpc.module.vpc.aws_vpc_endpoint.appstream_streaming",
            "module.vpc.module.vpc.aws_vpc_endpoint.athena",
            "module.vpc.module.vpc.aws_vpc_endpoint.auto_scaling_plans",
            "module.vpc.module.vpc.aws_vpc_endpoint.cloud_directory",
            "module.vpc.module.vpc.aws_vpc_endpoint.cloudformation",
            "module.vpc.module.vpc.aws_vpc_endpoint.cloudtrail",
            "module.vpc.module.vpc.aws_vpc_endpoint.codeartifact_api",
            "module.vpc.module.vpc.aws_vpc_endpoint.codeartifact_repositories",
            "module.vpc.module.vpc.aws_vpc_endpoint.codebuild",
            "module.vpc.module.vpc.aws_vpc_endpoint.codecommit",
            "module.vpc.module.vpc.aws_vpc_endpoint.codedeploy",
            "module.vpc.module.vpc.aws_vpc_endpoint.codedeploy_commands_secure",
            "module.vpc.module.vpc.aws_vpc_endpoint.codepipeline",
            "module.vpc.module.vpc.aws_vpc_endpoint.config",
            "module.vpc.module.vpc.aws_vpc_endpoint.datasync",
            "module.vpc.module.vpc.aws_vpc_endpoint.dynamodb",
            "module.vpc.module.vpc.aws_vpc_endpoint.ebs",
            "module.vpc.module.vpc.aws_vpc_endpoint.ec2",
            "module.vpc.module.vpc.aws_vpc_endpoint.ec2_autoscaling",
            "module.vpc.module.vpc.aws_vpc_endpoint.ec2messages",
            "module.vpc.module.vpc.aws_vpc_endpoint.ecr_api",
            "module.vpc.module.vpc.aws_vpc_endpoint.ecr_dkr",
            "module.vpc.module.vpc.aws_vpc_endpoint.ecs",
            "module.vpc.module.vpc.aws_vpc_endpoint.ecs_agent",
            "module.vpc.module.vpc.aws_vpc_endpoint.ecs_telemetry",
            "module.vpc.module.vpc.aws_vpc_endpoint.efs",
            "module.vpc.module.vpc.aws_vpc_endpoint.elastic_inference_runtime",
            "module.vpc.module.vpc.aws_vpc_endpoint.elasticbeanstalk",
            "module.vpc.module.vpc.aws_vpc_endpoint.elasticbeanstalk_health",
            "module.vpc.module.vpc.aws_vpc_endpoint.elasticloadbalancing",
            "module.vpc.module.vpc.aws_vpc_endpoint.emr",
            "module.vpc.module.vpc.aws_vpc_endpoint.events",
            "module.vpc.module.vpc.aws_vpc_endpoint.git_codecommit",
            "module.vpc.module.vpc.aws_vpc_endpoint.glue",
            "module.vpc.module.vpc.aws_vpc_endpoint.kinesis_firehose",
            "module.vpc.module.vpc.aws_vpc_endpoint.kinesis_streams",
            "module.vpc.module.vpc.aws_vpc_endpoint.kms",
            "module.vpc.module.vpc.aws_vpc_endpoint.lambda",
            "module.vpc.module.vpc.aws_vpc_endpoint.logs",
            "module.vpc.module.vpc.aws_vpc_endpoint.monitoring",
            "module.vpc.module.vpc.aws_vpc_endpoint.qldb_session",
            "module.vpc.module.vpc.aws_vpc_endpoint.rds",
            "module.vpc.module.vpc.aws_vpc_endpoint.rekognition",
            "module.vpc.module.vpc.aws_vpc_endpoint.s3",
            "module.vpc.module.vpc.aws_vpc_endpoint.sagemaker_api",
            "module.vpc.module.vpc.aws_vpc_endpoint.sagemaker_notebook",
            "module.vpc.module.vpc.aws_vpc_endpoint.sagemaker_runtime",
            "module.vpc.module.vpc.aws_vpc_endpoint.secretsmanager",
            "module.vpc.module.vpc.aws_vpc_endpoint.servicecatalog",
            "module.vpc.module.vpc.aws_vpc_endpoint.ses",
            "module.vpc.module.vpc.aws_vpc_endpoint.sms",
            "module.vpc.module.vpc.aws_vpc_endpoint.sns",
            "module.vpc.module.vpc.aws_vpc_endpoint.sqs",
            "module.vpc.module.vpc.aws_vpc_endpoint.ssm",
            "module.vpc.module.vpc.aws_vpc_endpoint.ssmmessages",
            "module.vpc.module.vpc.aws_vpc_endpoint.states",
            "module.vpc.module.vpc.aws_vpc_endpoint.storagegateway",
            "module.vpc.module.vpc.aws_vpc_endpoint.sts",
            "module.vpc.module.vpc.aws_vpc_endpoint.textract",
            "module.vpc.module.vpc.aws_vpc_endpoint.transfer",
            "module.vpc.module.vpc.aws_vpc_endpoint.transferserver",
            "module.vpc.module.vpc.aws_vpc_endpoint.workspaces",
            "module.vpc.module.vpc.aws_vpc_endpoint_route_table_association.intra_dynamodb",
            "module.vpc.module.vpc.aws_vpc_endpoint_route_table_association.intra_s3",
            "module.vpc.module.vpc.aws_vpc_endpoint_route_table_association.private_dynamodb",
            "module.vpc.module.vpc.aws_vpc_endpoint_route_table_association.private_s3",
            "module.vpc.module.vpc.aws_vpc_endpoint_route_table_association.public_dynamodb",
            "module.vpc.module.vpc.aws_vpc_endpoint_route_table_association.public_s3",
            "module.vpc.module.vpc.aws_vpc_ipv4_cidr_block_association.this",
            "module.vpc.module.vpc.aws_vpn_gateway.this",
            "module.vpc.module.vpc.aws_vpn_gateway_attachment.this",
            "module.vpc.module.vpc.aws_vpn_gateway_route_propagation.intra",
            "module.vpc.module.vpc.aws_vpn_gateway_route_propagation.private",
            "module.vpc.module.vpc.aws_vpn_gateway_route_propagation.public",
            "module.vpc.module.vpc.data.aws_iam_policy_document.flow_log_cloudwatch_assume_role",
            "module.vpc.module.vpc.data.aws_iam_policy_document.vpc_flow_log_cloudwatch",
            "module.vpc.module.vpc.data.aws_vpc_endpoint_service.access_analyzer",
            "module.vpc.module.vpc.data.aws_vpc_endpoint_service.acm_pca",
            "module.vpc.module.vpc.data.aws_vpc_endpoint_service.apigw",
            "module.vpc.module.vpc.data.aws_vpc_endpoint_service.appmesh_envoy_management",
            "module.vpc.module.vpc.data.aws_vpc_endpoint_service.appstream_api",
            "module.vpc.module.vpc.data.aws_vpc_endpoint_service.appstream_streaming",
            "module.vpc.module.vpc.data.aws_vpc_endpoint_service.athena",
            "module.vpc.module.vpc.data.aws_vpc_endpoint_service.auto_scaling_plans",
            "module.vpc.module.vpc.data.aws_vpc_endpoint_service.cloud_directory",
            "module.vpc.module.vpc.data.aws_vpc_endpoint_service.cloudformation",
            "module.vpc.module.vpc.data.aws_vpc_endpoint_service.cloudtrail",
            "module.vpc.module.vpc.data.aws_vpc_endpoint_service.codeartifact_api",
            "module.vpc.module.vpc.data.aws_vpc_endpoint_service.codeartifact_repositories",
            "module.vpc.module.vpc.data.aws_vpc_endpoint_service.codebuild",
            "module.vpc.module.vpc.data.aws_vpc_endpoint_service.codecommit",
            "module.vpc.module.vpc.data.aws_vpc_endpoint_service.codedeploy",
            "module.vpc.module.vpc.data.aws_vpc_endpoint_service.codedeploy_commands_secure",
            "module.vpc.module.vpc.data.aws_vpc_endpoint_service.codepipeline",
            "module.vpc.module.vpc.data.aws_vpc_endpoint_service.config",
            "module.vpc.module.vpc.data.aws_vpc_endpoint_service.datasync",
            "module.vpc.module.vpc.data.aws_vpc_endpoint_service.dynamodb",
            "module.vpc.module.vpc.data.aws_vpc_endpoint_service.ebs",
            "module.vpc.module.vpc.data.aws_vpc_endpoint_service.ec2",
            "module.vpc.module.vpc.data.aws_vpc_endpoint_service.ec2_autoscaling",
            "module.vpc.module.vpc.data.aws_vpc_endpoint_service.ec2messages",
            "module.vpc.module.vpc.data.aws_vpc_endpoint_service.ecr_api",
            "module.vpc.module.vpc.data.aws_vpc_endpoint_service.ecr_dkr",
            "module.vpc.module.vpc.data.aws_vpc_endpoint_service.ecs",
            "module.vpc.module.vpc.data.aws_vpc_endpoint_service.ecs_agent",
            "module.vpc.module.vpc.data.aws_vpc_endpoint_service.ecs_telemetry",
            "module.vpc.module.vpc.data.aws_vpc_endpoint_service.efs",
            "module.vpc.module.vpc.data.aws_vpc_endpoint_service.elastic_inference_runtime",
            "module.vpc.module.vpc.data.aws_vpc_endpoint_service.elasticbeanstalk",
            "module.vpc.module.vpc.data.aws_vpc_endpoint_service.elasticbeanstalk_health",
            "module.vpc.module.vpc.data.aws_vpc_endpoint_service.elasticloadbalancing",
            "module.vpc.module.vpc.data.aws_vpc_endpoint_service.emr",
            "module.vpc.module.vpc.data.aws_vpc_endpoint_service.events",
            "module.vpc.module.vpc.data.aws_vpc_endpoint_service.git_codecommit",
            "module.vpc.module.vpc.data.aws_vpc_endpoint_service.glue",
            "module.vpc.module.vpc.data.aws_vpc_endpoint_service.kinesis_firehose",
            "module.vpc.module.vpc.data.aws_vpc_endpoint_service.kinesis_streams",
            "module.vpc.module.vpc.data.aws_vpc_endpoint_service.kms",
            "module.vpc.module.vpc.data.aws_vpc_endpoint_service.lambda",
            "module.vpc.module.vpc.data.aws_vpc_endpoint_service.logs",
            "module.vpc.module.vpc.data.aws_vpc_endpoint_service.monitoring",
            "module.vpc.module.vpc.data.aws_vpc_endpoint_service.qldb_session",
            "module.vpc.module.vpc.data.aws_vpc_endpoint_service.rds",
            "module.vpc.module.vpc.data.aws_vpc_endpoint_service.rekognition",
            "module.vpc.module.vpc.data.aws_vpc_endpoint_service.s3",
            "module.vpc.module.vpc.data.aws_vpc_endpoint_service.sagemaker_api",
            "module.vpc.module.vpc.data.aws_vpc_endpoint_service.sagemaker_notebook",
            "module.vpc.module.vpc.data.aws_vpc_endpoint_service.sagemaker_runtime",
            "module.vpc.module.vpc.data.aws_vpc_endpoint_service.secretsmanager",
            "module.vpc.module.vpc.data.aws_vpc_endpoint_service.servicecatalog",
            "module.vpc.module.vpc.data.aws_vpc_endpoint_service.ses",
            "module.vpc.module.vpc.data.aws_vpc_endpoint_service.sms",
            "module.vpc.module.vpc.data.aws_vpc_endpoint_service.sns",
            "module.vpc.module.vpc.data.aws_vpc_endpoint_service.sqs",
            "module.vpc.module.vpc.data.aws_vpc_endpoint_service.ssm",
            "module.vpc.module.vpc.data.aws_vpc_endpoint_service.ssmmessages",
            "module.vpc.module.vpc.data.aws_vpc_endpoint_service.states",
            "module.vpc.module.vpc.data.aws_vpc_endpoint_service.storagegateway",
            "module.vpc.module.vpc.data.aws_vpc_endpoint_service.sts",
            "module.vpc.module.vpc.data.aws_vpc_endpoint_service.textract",
            "module.vpc.module.vpc.data.aws_vpc_endpoint_service.transfer",
            "module.vpc.module.vpc.data.aws_vpc_endpoint_service.transferserver",
            "module.vpc.module.vpc.data.aws_vpc_endpoint_service.workspaces"
          ]
        }
      ]
    },
    {
      "module": "module.alb",
      "mode": "managed",
      "type": "aws_lb_listener_rule",
      "name": "green",
      "provider": "module.alb.provider[\"registry.terraform.io/hashicorp/aws\"]",
      "instances": [
        {
          "schema_version": 0,
          "attributes": {
            "action": [
              {
                "authenticate_cognito": [],
                "authenticate_oidc": [],
                "fixed_response": [],
                "forward": [],
                "order": 1,
                "redirect": [],
                "target_group_arn": "arn:aws:elasticloadbalancing:us-east-1:210780328849:targetgroup/gdemo-20201119210652694500000003/cef0c9bf778c9f91",
                "type": "forward"
              }
            ],
            "arn": "arn:aws:elasticloadbalancing:us-east-1:210780328849:listener-rule/app/justin-demo-alb/af389b7de0f82727/1569464a1e7e9ed0/9c31db4ae795657c",
            "condition": [
              {
                "host_header": [],
                "http_header": [],
                "http_request_method": [],
                "path_pattern": [
                  {
                    "values": [
                      "/green*"
                    ]
                  }
                ],
                "query_string": [],
                "source_ip": []
              }
            ],
            "id": "arn:aws:elasticloadbalancing:us-east-1:210780328849:listener-rule/app/justin-demo-alb/af389b7de0f82727/1569464a1e7e9ed0/9c31db4ae795657c",
            "listener_arn": "arn:aws:elasticloadbalancing:us-east-1:210780328849:listener/app/justin-demo-alb/af389b7de0f82727/1569464a1e7e9ed0",
            "priority": 1
          },
          "private": "bnVsbA==",
          "dependencies": [
            "module.alb.module.alb.aws_lb.this",
            "module.alb.module.alb.aws_lb_listener.frontend_http_tcp",
            "module.alb.module.alb.aws_lb_target_group.main",
            "module.sgs.aws_security_group.allow_http_all",
            "module.vpc.module.vpc.aws_cloudwatch_log_group.flow_log",
            "module.vpc.module.vpc.aws_customer_gateway.this",
            "module.vpc.module.vpc.aws_db_subnet_group.database",
            "module.vpc.module.vpc.aws_default_network_acl.this",
            "module.vpc.module.vpc.aws_default_security_group.this",
            "module.vpc.module.vpc.aws_default_vpc.this",
            "module.vpc.module.vpc.aws_egress_only_internet_gateway.this",
            "module.vpc.module.vpc.aws_eip.nat",
            "module.vpc.module.vpc.aws_elasticache_subnet_group.elasticache",
            "module.vpc.module.vpc.aws_flow_log.this",
            "module.vpc.module.vpc.aws_iam_policy.vpc_flow_log_cloudwatch",
            "module.vpc.module.vpc.aws_iam_role.vpc_flow_log_cloudwatch",
            "module.vpc.module.vpc.aws_iam_role_policy_attachment.vpc_flow_log_cloudwatch",
            "module.vpc.module.vpc.aws_internet_gateway.this",
            "module.vpc.module.vpc.aws_nat_gateway.this",
            "module.vpc.module.vpc.aws_network_acl.database",
            "module.vpc.module.vpc.aws_network_acl.elasticache",
            "module.vpc.module.vpc.aws_network_acl.intra",
            "module.vpc.module.vpc.aws_network_acl.private",
            "module.vpc.module.vpc.aws_network_acl.public",
            "module.vpc.module.vpc.aws_network_acl.redshift",
            "module.vpc.module.vpc.aws_network_acl_rule.database_inbound",
            "module.vpc.module.vpc.aws_network_acl_rule.database_outbound",
            "module.vpc.module.vpc.aws_network_acl_rule.elasticache_inbound",
            "module.vpc.module.vpc.aws_network_acl_rule.elasticache_outbound",
            "module.vpc.module.vpc.aws_network_acl_rule.intra_inbound",
            "module.vpc.module.vpc.aws_network_acl_rule.intra_outbound",
            "module.vpc.module.vpc.aws_network_acl_rule.private_inbound",
            "module.vpc.module.vpc.aws_network_acl_rule.private_outbound",
            "module.vpc.module.vpc.aws_network_acl_rule.public_inbound",
            "module.vpc.module.vpc.aws_network_acl_rule.public_outbound",
            "module.vpc.module.vpc.aws_network_acl_rule.redshift_inbound",
            "module.vpc.module.vpc.aws_network_acl_rule.redshift_outbound",
            "module.vpc.module.vpc.aws_redshift_subnet_group.redshift",
            "module.vpc.module.vpc.aws_route.database_internet_gateway",
            "module.vpc.module.vpc.aws_route.database_ipv6_egress",
            "module.vpc.module.vpc.aws_route.database_nat_gateway",
            "module.vpc.module.vpc.aws_route.private_ipv6_egress",
            "module.vpc.module.vpc.aws_route.private_nat_gateway",
            "module.vpc.module.vpc.aws_route.public_internet_gateway",
            "module.vpc.module.vpc.aws_route.public_internet_gateway_ipv6",
            "module.vpc.module.vpc.aws_route_table.database",
            "module.vpc.module.vpc.aws_route_table.elasticache",
            "module.vpc.module.vpc.aws_route_table.intra",
            "module.vpc.module.vpc.aws_route_table.private",
            "module.vpc.module.vpc.aws_route_table.public",
            "module.vpc.module.vpc.aws_route_table.redshift",
            "module.vpc.module.vpc.aws_route_table_association.database",
            "module.vpc.module.vpc.aws_route_table_association.elasticache",
            "module.vpc.module.vpc.aws_route_table_association.intra",
            "module.vpc.module.vpc.aws_route_table_association.private",
            "module.vpc.module.vpc.aws_route_table_association.public",
            "module.vpc.module.vpc.aws_route_table_association.redshift",
            "module.vpc.module.vpc.aws_route_table_association.redshift_public",
            "module.vpc.module.vpc.aws_subnet.database",
            "module.vpc.module.vpc.aws_subnet.elasticache",
            "module.vpc.module.vpc.aws_subnet.intra",
            "module.vpc.module.vpc.aws_subnet.private",
            "module.vpc.module.vpc.aws_subnet.public",
            "module.vpc.module.vpc.aws_subnet.redshift",
            "module.vpc.module.vpc.aws_vpc.this",
            "module.vpc.module.vpc.aws_vpc_dhcp_options.this",
            "module.vpc.module.vpc.aws_vpc_dhcp_options_association.this",
            "module.vpc.module.vpc.aws_vpc_endpoint.access_analyzer",
            "module.vpc.module.vpc.aws_vpc_endpoint.acm_pca",
            "module.vpc.module.vpc.aws_vpc_endpoint.apigw",
            "module.vpc.module.vpc.aws_vpc_endpoint.appmesh_envoy_management",
            "module.vpc.module.vpc.aws_vpc_endpoint.appstream_api",
            "module.vpc.module.vpc.aws_vpc_endpoint.appstream_streaming",
            "module.vpc.module.vpc.aws_vpc_endpoint.athena",
            "module.vpc.module.vpc.aws_vpc_endpoint.auto_scaling_plans",
            "module.vpc.module.vpc.aws_vpc_endpoint.cloud_directory",
            "module.vpc.module.vpc.aws_vpc_endpoint.cloudformation",
            "module.vpc.module.vpc.aws_vpc_endpoint.cloudtrail",
            "module.vpc.module.vpc.aws_vpc_endpoint.codeartifact_api",
            "module.vpc.module.vpc.aws_vpc_endpoint.codeartifact_repositories",
            "module.vpc.module.vpc.aws_vpc_endpoint.codebuild",
            "module.vpc.module.vpc.aws_vpc_endpoint.codecommit",
            "module.vpc.module.vpc.aws_vpc_endpoint.codedeploy",
            "module.vpc.module.vpc.aws_vpc_endpoint.codedeploy_commands_secure",
            "module.vpc.module.vpc.aws_vpc_endpoint.codepipeline",
            "module.vpc.module.vpc.aws_vpc_endpoint.config",
            "module.vpc.module.vpc.aws_vpc_endpoint.datasync",
            "module.vpc.module.vpc.aws_vpc_endpoint.dynamodb",
            "module.vpc.module.vpc.aws_vpc_endpoint.ebs",
            "module.vpc.module.vpc.aws_vpc_endpoint.ec2",
            "module.vpc.module.vpc.aws_vpc_endpoint.ec2_autoscaling",
            "module.vpc.module.vpc.aws_vpc_endpoint.ec2messages",
            "module.vpc.module.vpc.aws_vpc_endpoint.ecr_api",
            "module.vpc.module.vpc.aws_vpc_endpoint.ecr_dkr",
            "module.vpc.module.vpc.aws_vpc_endpoint.ecs",
            "module.vpc.module.vpc.aws_vpc_endpoint.ecs_agent",
            "module.vpc.module.vpc.aws_vpc_endpoint.ecs_telemetry",
            "module.vpc.module.vpc.aws_vpc_endpoint.efs",
            "module.vpc.module.vpc.aws_vpc_endpoint.elastic_inference_runtime",
            "module.vpc.module.vpc.aws_vpc_endpoint.elasticbeanstalk",
            "module.vpc.module.vpc.aws_vpc_endpoint.elasticbeanstalk_health",
            "module.vpc.module.vpc.aws_vpc_endpoint.elasticloadbalancing",
            "module.vpc.module.vpc.aws_vpc_endpoint.emr",
            "module.vpc.module.vpc.aws_vpc_endpoint.events",
            "module.vpc.module.vpc.aws_vpc_endpoint.git_codecommit",
            "module.vpc.module.vpc.aws_vpc_endpoint.glue",
            "module.vpc.module.vpc.aws_vpc_endpoint.kinesis_firehose",
            "module.vpc.module.vpc.aws_vpc_endpoint.kinesis_streams",
            "module.vpc.module.vpc.aws_vpc_endpoint.kms",
            "module.vpc.module.vpc.aws_vpc_endpoint.lambda",
            "module.vpc.module.vpc.aws_vpc_endpoint.logs",
            "module.vpc.module.vpc.aws_vpc_endpoint.monitoring",
            "module.vpc.module.vpc.aws_vpc_endpoint.qldb_session",
            "module.vpc.module.vpc.aws_vpc_endpoint.rds",
            "module.vpc.module.vpc.aws_vpc_endpoint.rekognition",
            "module.vpc.module.vpc.aws_vpc_endpoint.s3",
            "module.vpc.module.vpc.aws_vpc_endpoint.sagemaker_api",
            "module.vpc.module.vpc.aws_vpc_endpoint.sagemaker_notebook",
            "module.vpc.module.vpc.aws_vpc_endpoint.sagemaker_runtime",
            "module.vpc.module.vpc.aws_vpc_endpoint.secretsmanager",
            "module.vpc.module.vpc.aws_vpc_endpoint.servicecatalog",
            "module.vpc.module.vpc.aws_vpc_endpoint.ses",
            "module.vpc.module.vpc.aws_vpc_endpoint.sms",
            "module.vpc.module.vpc.aws_vpc_endpoint.sns",
            "module.vpc.module.vpc.aws_vpc_endpoint.sqs",
            "module.vpc.module.vpc.aws_vpc_endpoint.ssm",
            "module.vpc.module.vpc.aws_vpc_endpoint.ssmmessages",
            "module.vpc.module.vpc.aws_vpc_endpoint.states",
            "module.vpc.module.vpc.aws_vpc_endpoint.storagegateway",
            "module.vpc.module.vpc.aws_vpc_endpoint.sts",
            "module.vpc.module.vpc.aws_vpc_endpoint.textract",
            "module.vpc.module.vpc.aws_vpc_endpoint.transfer",
            "module.vpc.module.vpc.aws_vpc_endpoint.transferserver",
            "module.vpc.module.vpc.aws_vpc_endpoint.workspaces",
            "module.vpc.module.vpc.aws_vpc_endpoint_route_table_association.intra_dynamodb",
            "module.vpc.module.vpc.aws_vpc_endpoint_route_table_association.intra_s3",
            "module.vpc.module.vpc.aws_vpc_endpoint_route_table_association.private_dynamodb",
            "module.vpc.module.vpc.aws_vpc_endpoint_route_table_association.private_s3",
            "module.vpc.module.vpc.aws_vpc_endpoint_route_table_association.public_dynamodb",
            "module.vpc.module.vpc.aws_vpc_endpoint_route_table_association.public_s3",
            "module.vpc.module.vpc.aws_vpc_ipv4_cidr_block_association.this",
            "module.vpc.module.vpc.aws_vpn_gateway.this",
            "module.vpc.module.vpc.aws_vpn_gateway_attachment.this",
            "module.vpc.module.vpc.aws_vpn_gateway_route_propagation.intra",
            "module.vpc.module.vpc.aws_vpn_gateway_route_propagation.private",
            "module.vpc.module.vpc.aws_vpn_gateway_route_propagation.public",
            "module.vpc.module.vpc.data.aws_iam_policy_document.flow_log_cloudwatch_assume_role",
            "module.vpc.module.vpc.data.aws_iam_policy_document.vpc_flow_log_cloudwatch",
            "module.vpc.module.vpc.data.aws_vpc_endpoint_service.access_analyzer",
            "module.vpc.module.vpc.data.aws_vpc_endpoint_service.acm_pca",
            "module.vpc.module.vpc.data.aws_vpc_endpoint_service.apigw",
            "module.vpc.module.vpc.data.aws_vpc_endpoint_service.appmesh_envoy_management",
            "module.vpc.module.vpc.data.aws_vpc_endpoint_service.appstream_api",
            "module.vpc.module.vpc.data.aws_vpc_endpoint_service.appstream_streaming",
            "module.vpc.module.vpc.data.aws_vpc_endpoint_service.athena",
            "module.vpc.module.vpc.data.aws_vpc_endpoint_service.auto_scaling_plans",
            "module.vpc.module.vpc.data.aws_vpc_endpoint_service.cloud_directory",
            "module.vpc.module.vpc.data.aws_vpc_endpoint_service.cloudformation",
            "module.vpc.module.vpc.data.aws_vpc_endpoint_service.cloudtrail",
            "module.vpc.module.vpc.data.aws_vpc_endpoint_service.codeartifact_api",
            "module.vpc.module.vpc.data.aws_vpc_endpoint_service.codeartifact_repositories",
            "module.vpc.module.vpc.data.aws_vpc_endpoint_service.codebuild",
            "module.vpc.module.vpc.data.aws_vpc_endpoint_service.codecommit",
            "module.vpc.module.vpc.data.aws_vpc_endpoint_service.codedeploy",
            "module.vpc.module.vpc.data.aws_vpc_endpoint_service.codedeploy_commands_secure",
            "module.vpc.module.vpc.data.aws_vpc_endpoint_service.codepipeline",
            "module.vpc.module.vpc.data.aws_vpc_endpoint_service.config",
            "module.vpc.module.vpc.data.aws_vpc_endpoint_service.datasync",
            "module.vpc.module.vpc.data.aws_vpc_endpoint_service.dynamodb",
            "module.vpc.module.vpc.data.aws_vpc_endpoint_service.ebs",
            "module.vpc.module.vpc.data.aws_vpc_endpoint_service.ec2",
            "module.vpc.module.vpc.data.aws_vpc_endpoint_service.ec2_autoscaling",
            "module.vpc.module.vpc.data.aws_vpc_endpoint_service.ec2messages",
            "module.vpc.module.vpc.data.aws_vpc_endpoint_service.ecr_api",
            "module.vpc.module.vpc.data.aws_vpc_endpoint_service.ecr_dkr",
            "module.vpc.module.vpc.data.aws_vpc_endpoint_service.ecs",
            "module.vpc.module.vpc.data.aws_vpc_endpoint_service.ecs_agent",
            "module.vpc.module.vpc.data.aws_vpc_endpoint_service.ecs_telemetry",
            "module.vpc.module.vpc.data.aws_vpc_endpoint_service.efs",
            "module.vpc.module.vpc.data.aws_vpc_endpoint_service.elastic_inference_runtime",
            "module.vpc.module.vpc.data.aws_vpc_endpoint_service.elasticbeanstalk",
            "module.vpc.module.vpc.data.aws_vpc_endpoint_service.elasticbeanstalk_health",
            "module.vpc.module.vpc.data.aws_vpc_endpoint_service.elasticloadbalancing",
            "module.vpc.module.vpc.data.aws_vpc_endpoint_service.emr",
            "module.vpc.module.vpc.data.aws_vpc_endpoint_service.events",
            "module.vpc.module.vpc.data.aws_vpc_endpoint_service.git_codecommit",
            "module.vpc.module.vpc.data.aws_vpc_endpoint_service.glue",
            "module.vpc.module.vpc.data.aws_vpc_endpoint_service.kinesis_firehose",
            "module.vpc.module.vpc.data.aws_vpc_endpoint_service.kinesis_streams",
            "module.vpc.module.vpc.data.aws_vpc_endpoint_service.kms",
            "module.vpc.module.vpc.data.aws_vpc_endpoint_service.lambda",
            "module.vpc.module.vpc.data.aws_vpc_endpoint_service.logs",
            "module.vpc.module.vpc.data.aws_vpc_endpoint_service.monitoring",
            "module.vpc.module.vpc.data.aws_vpc_endpoint_service.qldb_session",
            "module.vpc.module.vpc.data.aws_vpc_endpoint_service.rds",
            "module.vpc.module.vpc.data.aws_vpc_endpoint_service.rekognition",
            "module.vpc.module.vpc.data.aws_vpc_endpoint_service.s3",
            "module.vpc.module.vpc.data.aws_vpc_endpoint_service.sagemaker_api",
            "module.vpc.module.vpc.data.aws_vpc_endpoint_service.sagemaker_notebook",
            "module.vpc.module.vpc.data.aws_vpc_endpoint_service.sagemaker_runtime",
            "module.vpc.module.vpc.data.aws_vpc_endpoint_service.secretsmanager",
            "module.vpc.module.vpc.data.aws_vpc_endpoint_service.servicecatalog",
            "module.vpc.module.vpc.data.aws_vpc_endpoint_service.ses",
            "module.vpc.module.vpc.data.aws_vpc_endpoint_service.sms",
            "module.vpc.module.vpc.data.aws_vpc_endpoint_service.sns",
            "module.vpc.module.vpc.data.aws_vpc_endpoint_service.sqs",
            "module.vpc.module.vpc.data.aws_vpc_endpoint_service.ssm",
            "module.vpc.module.vpc.data.aws_vpc_endpoint_service.ssmmessages",
            "module.vpc.module.vpc.data.aws_vpc_endpoint_service.states",
            "module.vpc.module.vpc.data.aws_vpc_endpoint_service.storagegateway",
            "module.vpc.module.vpc.data.aws_vpc_endpoint_service.sts",
            "module.vpc.module.vpc.data.aws_vpc_endpoint_service.textract",
            "module.vpc.module.vpc.data.aws_vpc_endpoint_service.transfer",
            "module.vpc.module.vpc.data.aws_vpc_endpoint_service.transferserver",
            "module.vpc.module.vpc.data.aws_vpc_endpoint_service.workspaces"
          ]
        }
      ]
    },
    {
      "module": "module.alb.module.alb",
      "mode": "managed",
      "type": "aws_lb",
      "name": "this",
      "provider": "module.alb.provider[\"registry.terraform.io/hashicorp/aws\"]",
      "instances": [
        {
          "index_key": 0,
          "schema_version": 0,
          "attributes": {
            "access_logs": [
              {
                "bucket": "",
                "enabled": false,
                "prefix": ""
              }
            ],
            "arn": "arn:aws:elasticloadbalancing:us-east-1:210780328849:loadbalancer/app/justin-demo-alb/af389b7de0f82727",
            "arn_suffix": "app/justin-demo-alb/af389b7de0f82727",
            "customer_owned_ipv4_pool": "",
            "dns_name": "justin-demo-alb-1999164981.us-east-1.elb.amazonaws.com",
            "drop_invalid_header_fields": false,
            "enable_cross_zone_load_balancing": null,
            "enable_deletion_protection": false,
            "enable_http2": true,
            "id": "arn:aws:elasticloadbalancing:us-east-1:210780328849:loadbalancer/app/justin-demo-alb/af389b7de0f82727",
            "idle_timeout": 60,
            "internal": false,
            "ip_address_type": "ipv4",
            "load_balancer_type": "application",
            "name": "justin-demo-alb",
            "name_prefix": null,
            "security_groups": [
              "sg-0f68191c211ec5469"
            ],
            "subnet_mapping": [
              {
                "allocation_id": "",
                "outpost_id": "",
                "private_ipv4_address": "",
                "subnet_id": "subnet-00f46bbc5a7b203af"
              },
              {
                "allocation_id": "",
                "outpost_id": "",
                "private_ipv4_address": "",
                "subnet_id": "subnet-0eb297f9f090092da"
              },
              {
                "allocation_id": "",
                "outpost_id": "",
                "private_ipv4_address": "",
                "subnet_id": "subnet-0f7749f9f5dba3d2b"
              }
            ],
            "subnets": [
              "subnet-00f46bbc5a7b203af",
              "subnet-0eb297f9f090092da",
              "subnet-0f7749f9f5dba3d2b"
            ],
            "tags": {
              "Environment": "Test",
              "Name": "justin-demo-alb"
            },
            "timeouts": {
              "create": "10m",
              "delete": "10m",
              "update": "10m"
            },
            "vpc_id": "vpc-0c53ae7fc7394e80b",
            "zone_id": "Z35SXDOTRQ7X7K"
          },
          "private": "eyJlMmJmYjczMC1lY2FhLTExZTYtOGY4OC0zNDM2M2JjN2M0YzAiOnsiY3JlYXRlIjo2MDAwMDAwMDAwMDAsImRlbGV0ZSI6NjAwMDAwMDAwMDAwLCJ1cGRhdGUiOjYwMDAwMDAwMDAwMH19",
          "dependencies": [
            "module.sgs.aws_security_group.allow_http_all",
            "module.vpc.module.vpc.aws_cloudwatch_log_group.flow_log",
            "module.vpc.module.vpc.aws_customer_gateway.this",
            "module.vpc.module.vpc.aws_db_subnet_group.database",
            "module.vpc.module.vpc.aws_default_network_acl.this",
            "module.vpc.module.vpc.aws_default_security_group.this",
            "module.vpc.module.vpc.aws_default_vpc.this",
            "module.vpc.module.vpc.aws_egress_only_internet_gateway.this",
            "module.vpc.module.vpc.aws_eip.nat",
            "module.vpc.module.vpc.aws_elasticache_subnet_group.elasticache",
            "module.vpc.module.vpc.aws_flow_log.this",
            "module.vpc.module.vpc.aws_iam_policy.vpc_flow_log_cloudwatch",
            "module.vpc.module.vpc.aws_iam_role.vpc_flow_log_cloudwatch",
            "module.vpc.module.vpc.aws_iam_role_policy_attachment.vpc_flow_log_cloudwatch",
            "module.vpc.module.vpc.aws_internet_gateway.this",
            "module.vpc.module.vpc.aws_nat_gateway.this",
            "module.vpc.module.vpc.aws_network_acl.database",
            "module.vpc.module.vpc.aws_network_acl.elasticache",
            "module.vpc.module.vpc.aws_network_acl.intra",
            "module.vpc.module.vpc.aws_network_acl.private",
            "module.vpc.module.vpc.aws_network_acl.public",
            "module.vpc.module.vpc.aws_network_acl.redshift",
            "module.vpc.module.vpc.aws_network_acl_rule.database_inbound",
            "module.vpc.module.vpc.aws_network_acl_rule.database_outbound",
            "module.vpc.module.vpc.aws_network_acl_rule.elasticache_inbound",
            "module.vpc.module.vpc.aws_network_acl_rule.elasticache_outbound",
            "module.vpc.module.vpc.aws_network_acl_rule.intra_inbound",
            "module.vpc.module.vpc.aws_network_acl_rule.intra_outbound",
            "module.vpc.module.vpc.aws_network_acl_rule.private_inbound",
            "module.vpc.module.vpc.aws_network_acl_rule.private_outbound",
            "module.vpc.module.vpc.aws_network_acl_rule.public_inbound",
            "module.vpc.module.vpc.aws_network_acl_rule.public_outbound",
            "module.vpc.module.vpc.aws_network_acl_rule.redshift_inbound",
            "module.vpc.module.vpc.aws_network_acl_rule.redshift_outbound",
            "module.vpc.module.vpc.aws_redshift_subnet_group.redshift",
            "module.vpc.module.vpc.aws_route.database_internet_gateway",
            "module.vpc.module.vpc.aws_route.database_ipv6_egress",
            "module.vpc.module.vpc.aws_route.database_nat_gateway",
            "module.vpc.module.vpc.aws_route.private_ipv6_egress",
            "module.vpc.module.vpc.aws_route.private_nat_gateway",
            "module.vpc.module.vpc.aws_route.public_internet_gateway",
            "module.vpc.module.vpc.aws_route.public_internet_gateway_ipv6",
            "module.vpc.module.vpc.aws_route_table.database",
            "module.vpc.module.vpc.aws_route_table.elasticache",
            "module.vpc.module.vpc.aws_route_table.intra",
            "module.vpc.module.vpc.aws_route_table.private",
            "module.vpc.module.vpc.aws_route_table.public",
            "module.vpc.module.vpc.aws_route_table.redshift",
            "module.vpc.module.vpc.aws_route_table_association.database",
            "module.vpc.module.vpc.aws_route_table_association.elasticache",
            "module.vpc.module.vpc.aws_route_table_association.intra",
            "module.vpc.module.vpc.aws_route_table_association.private",
            "module.vpc.module.vpc.aws_route_table_association.public",
            "module.vpc.module.vpc.aws_route_table_association.redshift",
            "module.vpc.module.vpc.aws_route_table_association.redshift_public",
            "module.vpc.module.vpc.aws_subnet.database",
            "module.vpc.module.vpc.aws_subnet.elasticache",
            "module.vpc.module.vpc.aws_subnet.intra",
            "module.vpc.module.vpc.aws_subnet.private",
            "module.vpc.module.vpc.aws_subnet.public",
            "module.vpc.module.vpc.aws_subnet.redshift",
            "module.vpc.module.vpc.aws_vpc.this",
            "module.vpc.module.vpc.aws_vpc_dhcp_options.this",
            "module.vpc.module.vpc.aws_vpc_dhcp_options_association.this",
            "module.vpc.module.vpc.aws_vpc_endpoint.access_analyzer",
            "module.vpc.module.vpc.aws_vpc_endpoint.acm_pca",
            "module.vpc.module.vpc.aws_vpc_endpoint.apigw",
            "module.vpc.module.vpc.aws_vpc_endpoint.appmesh_envoy_management",
            "module.vpc.module.vpc.aws_vpc_endpoint.appstream_api",
            "module.vpc.module.vpc.aws_vpc_endpoint.appstream_streaming",
            "module.vpc.module.vpc.aws_vpc_endpoint.athena",
            "module.vpc.module.vpc.aws_vpc_endpoint.auto_scaling_plans",
            "module.vpc.module.vpc.aws_vpc_endpoint.cloud_directory",
            "module.vpc.module.vpc.aws_vpc_endpoint.cloudformation",
            "module.vpc.module.vpc.aws_vpc_endpoint.cloudtrail",
            "module.vpc.module.vpc.aws_vpc_endpoint.codeartifact_api",
            "module.vpc.module.vpc.aws_vpc_endpoint.codeartifact_repositories",
            "module.vpc.module.vpc.aws_vpc_endpoint.codebuild",
            "module.vpc.module.vpc.aws_vpc_endpoint.codecommit",
            "module.vpc.module.vpc.aws_vpc_endpoint.codedeploy",
            "module.vpc.module.vpc.aws_vpc_endpoint.codedeploy_commands_secure",
            "module.vpc.module.vpc.aws_vpc_endpoint.codepipeline",
            "module.vpc.module.vpc.aws_vpc_endpoint.config",
            "module.vpc.module.vpc.aws_vpc_endpoint.datasync",
            "module.vpc.module.vpc.aws_vpc_endpoint.dynamodb",
            "module.vpc.module.vpc.aws_vpc_endpoint.ebs",
            "module.vpc.module.vpc.aws_vpc_endpoint.ec2",
            "module.vpc.module.vpc.aws_vpc_endpoint.ec2_autoscaling",
            "module.vpc.module.vpc.aws_vpc_endpoint.ec2messages",
            "module.vpc.module.vpc.aws_vpc_endpoint.ecr_api",
            "module.vpc.module.vpc.aws_vpc_endpoint.ecr_dkr",
            "module.vpc.module.vpc.aws_vpc_endpoint.ecs",
            "module.vpc.module.vpc.aws_vpc_endpoint.ecs_agent",
            "module.vpc.module.vpc.aws_vpc_endpoint.ecs_telemetry",
            "module.vpc.module.vpc.aws_vpc_endpoint.efs",
            "module.vpc.module.vpc.aws_vpc_endpoint.elastic_inference_runtime",
            "module.vpc.module.vpc.aws_vpc_endpoint.elasticbeanstalk",
            "module.vpc.module.vpc.aws_vpc_endpoint.elasticbeanstalk_health",
            "module.vpc.module.vpc.aws_vpc_endpoint.elasticloadbalancing",
            "module.vpc.module.vpc.aws_vpc_endpoint.emr",
            "module.vpc.module.vpc.aws_vpc_endpoint.events",
            "module.vpc.module.vpc.aws_vpc_endpoint.git_codecommit",
            "module.vpc.module.vpc.aws_vpc_endpoint.glue",
            "module.vpc.module.vpc.aws_vpc_endpoint.kinesis_firehose",
            "module.vpc.module.vpc.aws_vpc_endpoint.kinesis_streams",
            "module.vpc.module.vpc.aws_vpc_endpoint.kms",
            "module.vpc.module.vpc.aws_vpc_endpoint.lambda",
            "module.vpc.module.vpc.aws_vpc_endpoint.logs",
            "module.vpc.module.vpc.aws_vpc_endpoint.monitoring",
            "module.vpc.module.vpc.aws_vpc_endpoint.qldb_session",
            "module.vpc.module.vpc.aws_vpc_endpoint.rds",
            "module.vpc.module.vpc.aws_vpc_endpoint.rekognition",
            "module.vpc.module.vpc.aws_vpc_endpoint.s3",
            "module.vpc.module.vpc.aws_vpc_endpoint.sagemaker_api",
            "module.vpc.module.vpc.aws_vpc_endpoint.sagemaker_notebook",
            "module.vpc.module.vpc.aws_vpc_endpoint.sagemaker_runtime",
            "module.vpc.module.vpc.aws_vpc_endpoint.secretsmanager",
            "module.vpc.module.vpc.aws_vpc_endpoint.servicecatalog",
            "module.vpc.module.vpc.aws_vpc_endpoint.ses",
            "module.vpc.module.vpc.aws_vpc_endpoint.sms",
            "module.vpc.module.vpc.aws_vpc_endpoint.sns",
            "module.vpc.module.vpc.aws_vpc_endpoint.sqs",
            "module.vpc.module.vpc.aws_vpc_endpoint.ssm",
            "module.vpc.module.vpc.aws_vpc_endpoint.ssmmessages",
            "module.vpc.module.vpc.aws_vpc_endpoint.states",
            "module.vpc.module.vpc.aws_vpc_endpoint.storagegateway",
            "module.vpc.module.vpc.aws_vpc_endpoint.sts",
            "module.vpc.module.vpc.aws_vpc_endpoint.textract",
            "module.vpc.module.vpc.aws_vpc_endpoint.transfer",
            "module.vpc.module.vpc.aws_vpc_endpoint.transferserver",
            "module.vpc.module.vpc.aws_vpc_endpoint.workspaces",
            "module.vpc.module.vpc.aws_vpc_endpoint_route_table_association.intra_dynamodb",
            "module.vpc.module.vpc.aws_vpc_endpoint_route_table_association.intra_s3",
            "module.vpc.module.vpc.aws_vpc_endpoint_route_table_association.private_dynamodb",
            "module.vpc.module.vpc.aws_vpc_endpoint_route_table_association.private_s3",
            "module.vpc.module.vpc.aws_vpc_endpoint_route_table_association.public_dynamodb",
            "module.vpc.module.vpc.aws_vpc_endpoint_route_table_association.public_s3",
            "module.vpc.module.vpc.aws_vpc_ipv4_cidr_block_association.this",
            "module.vpc.module.vpc.aws_vpn_gateway.this",
            "module.vpc.module.vpc.aws_vpn_gateway_attachment.this",
            "module.vpc.module.vpc.aws_vpn_gateway_route_propagation.intra",
            "module.vpc.module.vpc.aws_vpn_gateway_route_propagation.private",
            "module.vpc.module.vpc.aws_vpn_gateway_route_propagation.public",
            "module.vpc.module.vpc.data.aws_iam_policy_document.flow_log_cloudwatch_assume_role",
            "module.vpc.module.vpc.data.aws_iam_policy_document.vpc_flow_log_cloudwatch",
            "module.vpc.module.vpc.data.aws_vpc_endpoint_service.access_analyzer",
            "module.vpc.module.vpc.data.aws_vpc_endpoint_service.acm_pca",
            "module.vpc.module.vpc.data.aws_vpc_endpoint_service.apigw",
            "module.vpc.module.vpc.data.aws_vpc_endpoint_service.appmesh_envoy_management",
            "module.vpc.module.vpc.data.aws_vpc_endpoint_service.appstream_api",
            "module.vpc.module.vpc.data.aws_vpc_endpoint_service.appstream_streaming",
            "module.vpc.module.vpc.data.aws_vpc_endpoint_service.athena",
            "module.vpc.module.vpc.data.aws_vpc_endpoint_service.auto_scaling_plans",
            "module.vpc.module.vpc.data.aws_vpc_endpoint_service.cloud_directory",
            "module.vpc.module.vpc.data.aws_vpc_endpoint_service.cloudformation",
            "module.vpc.module.vpc.data.aws_vpc_endpoint_service.cloudtrail",
            "module.vpc.module.vpc.data.aws_vpc_endpoint_service.codeartifact_api",
            "module.vpc.module.vpc.data.aws_vpc_endpoint_service.codeartifact_repositories",
            "module.vpc.module.vpc.data.aws_vpc_endpoint_service.codebuild",
            "module.vpc.module.vpc.data.aws_vpc_endpoint_service.codecommit",
            "module.vpc.module.vpc.data.aws_vpc_endpoint_service.codedeploy",
            "module.vpc.module.vpc.data.aws_vpc_endpoint_service.codedeploy_commands_secure",
            "module.vpc.module.vpc.data.aws_vpc_endpoint_service.codepipeline",
            "module.vpc.module.vpc.data.aws_vpc_endpoint_service.config",
            "module.vpc.module.vpc.data.aws_vpc_endpoint_service.datasync",
            "module.vpc.module.vpc.data.aws_vpc_endpoint_service.dynamodb",
            "module.vpc.module.vpc.data.aws_vpc_endpoint_service.ebs",
            "module.vpc.module.vpc.data.aws_vpc_endpoint_service.ec2",
            "module.vpc.module.vpc.data.aws_vpc_endpoint_service.ec2_autoscaling",
            "module.vpc.module.vpc.data.aws_vpc_endpoint_service.ec2messages",
            "module.vpc.module.vpc.data.aws_vpc_endpoint_service.ecr_api",
            "module.vpc.module.vpc.data.aws_vpc_endpoint_service.ecr_dkr",
            "module.vpc.module.vpc.data.aws_vpc_endpoint_service.ecs",
            "module.vpc.module.vpc.data.aws_vpc_endpoint_service.ecs_agent",
            "module.vpc.module.vpc.data.aws_vpc_endpoint_service.ecs_telemetry",
            "module.vpc.module.vpc.data.aws_vpc_endpoint_service.efs",
            "module.vpc.module.vpc.data.aws_vpc_endpoint_service.elastic_inference_runtime",
            "module.vpc.module.vpc.data.aws_vpc_endpoint_service.elasticbeanstalk",
            "module.vpc.module.vpc.data.aws_vpc_endpoint_service.elasticbeanstalk_health",
            "module.vpc.module.vpc.data.aws_vpc_endpoint_service.elasticloadbalancing",
            "module.vpc.module.vpc.data.aws_vpc_endpoint_service.emr",
            "module.vpc.module.vpc.data.aws_vpc_endpoint_service.events",
            "module.vpc.module.vpc.data.aws_vpc_endpoint_service.git_codecommit",
            "module.vpc.module.vpc.data.aws_vpc_endpoint_service.glue",
            "module.vpc.module.vpc.data.aws_vpc_endpoint_service.kinesis_firehose",
            "module.vpc.module.vpc.data.aws_vpc_endpoint_service.kinesis_streams",
            "module.vpc.module.vpc.data.aws_vpc_endpoint_service.kms",
            "module.vpc.module.vpc.data.aws_vpc_endpoint_service.lambda",
            "module.vpc.module.vpc.data.aws_vpc_endpoint_service.logs",
            "module.vpc.module.vpc.data.aws_vpc_endpoint_service.monitoring",
            "module.vpc.module.vpc.data.aws_vpc_endpoint_service.qldb_session",
            "module.vpc.module.vpc.data.aws_vpc_endpoint_service.rds",
            "module.vpc.module.vpc.data.aws_vpc_endpoint_service.rekognition",
            "module.vpc.module.vpc.data.aws_vpc_endpoint_service.s3",
            "module.vpc.module.vpc.data.aws_vpc_endpoint_service.sagemaker_api",
            "module.vpc.module.vpc.data.aws_vpc_endpoint_service.sagemaker_notebook",
            "module.vpc.module.vpc.data.aws_vpc_endpoint_service.sagemaker_runtime",
            "module.vpc.module.vpc.data.aws_vpc_endpoint_service.secretsmanager",
            "module.vpc.module.vpc.data.aws_vpc_endpoint_service.servicecatalog",
            "module.vpc.module.vpc.data.aws_vpc_endpoint_service.ses",
            "module.vpc.module.vpc.data.aws_vpc_endpoint_service.sms",
            "module.vpc.module.vpc.data.aws_vpc_endpoint_service.sns",
            "module.vpc.module.vpc.data.aws_vpc_endpoint_service.sqs",
            "module.vpc.module.vpc.data.aws_vpc_endpoint_service.ssm",
            "module.vpc.module.vpc.data.aws_vpc_endpoint_service.ssmmessages",
            "module.vpc.module.vpc.data.aws_vpc_endpoint_service.states",
            "module.vpc.module.vpc.data.aws_vpc_endpoint_service.storagegateway",
            "module.vpc.module.vpc.data.aws_vpc_endpoint_service.sts",
            "module.vpc.module.vpc.data.aws_vpc_endpoint_service.textract",
            "module.vpc.module.vpc.data.aws_vpc_endpoint_service.transfer",
            "module.vpc.module.vpc.data.aws_vpc_endpoint_service.transferserver",
            "module.vpc.module.vpc.data.aws_vpc_endpoint_service.workspaces"
          ]
        }
      ]
    },
    {
      "module": "module.alb.module.alb",
      "mode": "managed",
      "type": "aws_lb_listener",
      "name": "frontend_http_tcp",
      "provider": "module.alb.provider[\"registry.terraform.io/hashicorp/aws\"]",
      "instances": [
        {
          "index_key": 0,
          "schema_version": 0,
          "attributes": {
            "arn": "arn:aws:elasticloadbalancing:us-east-1:210780328849:listener/app/justin-demo-alb/af389b7de0f82727/1569464a1e7e9ed0",
            "certificate_arn": null,
            "default_action": [
              {
                "authenticate_cognito": [],
                "authenticate_oidc": [],
                "fixed_response": [],
                "forward": [],
                "order": 1,
                "redirect": [],
                "target_group_arn": "arn:aws:elasticloadbalancing:us-east-1:210780328849:targetgroup/jdemo-20201119210652694400000002/ae7e67eea47fd0d1",
                "type": "forward"
              }
            ],
            "id": "arn:aws:elasticloadbalancing:us-east-1:210780328849:listener/app/justin-demo-alb/af389b7de0f82727/1569464a1e7e9ed0",
            "load_balancer_arn": "arn:aws:elasticloadbalancing:us-east-1:210780328849:loadbalancer/app/justin-demo-alb/af389b7de0f82727",
            "port": 80,
            "protocol": "HTTP",
            "ssl_policy": "",
            "timeouts": null
          },
          "private": "eyJlMmJmYjczMC1lY2FhLTExZTYtOGY4OC0zNDM2M2JjN2M0YzAiOnsicmVhZCI6NjAwMDAwMDAwMDAwfX0=",
          "dependencies": [
            "module.alb.module.alb.aws_lb.this",
            "module.alb.module.alb.aws_lb_target_group.main",
            "module.sgs.aws_security_group.allow_http_all",
            "module.vpc.module.vpc.aws_cloudwatch_log_group.flow_log",
            "module.vpc.module.vpc.aws_customer_gateway.this",
            "module.vpc.module.vpc.aws_db_subnet_group.database",
            "module.vpc.module.vpc.aws_default_network_acl.this",
            "module.vpc.module.vpc.aws_default_security_group.this",
            "module.vpc.module.vpc.aws_default_vpc.this",
            "module.vpc.module.vpc.aws_egress_only_internet_gateway.this",
            "module.vpc.module.vpc.aws_eip.nat",
            "module.vpc.module.vpc.aws_elasticache_subnet_group.elasticache",
            "module.vpc.module.vpc.aws_flow_log.this",
            "module.vpc.module.vpc.aws_iam_policy.vpc_flow_log_cloudwatch",
            "module.vpc.module.vpc.aws_iam_role.vpc_flow_log_cloudwatch",
            "module.vpc.module.vpc.aws_iam_role_policy_attachment.vpc_flow_log_cloudwatch",
            "module.vpc.module.vpc.aws_internet_gateway.this",
            "module.vpc.module.vpc.aws_nat_gateway.this",
            "module.vpc.module.vpc.aws_network_acl.database",
            "module.vpc.module.vpc.aws_network_acl.elasticache",
            "module.vpc.module.vpc.aws_network_acl.intra",
            "module.vpc.module.vpc.aws_network_acl.private",
            "module.vpc.module.vpc.aws_network_acl.public",
            "module.vpc.module.vpc.aws_network_acl.redshift",
            "module.vpc.module.vpc.aws_network_acl_rule.database_inbound",
            "module.vpc.module.vpc.aws_network_acl_rule.database_outbound",
            "module.vpc.module.vpc.aws_network_acl_rule.elasticache_inbound",
            "module.vpc.module.vpc.aws_network_acl_rule.elasticache_outbound",
            "module.vpc.module.vpc.aws_network_acl_rule.intra_inbound",
            "module.vpc.module.vpc.aws_network_acl_rule.intra_outbound",
            "module.vpc.module.vpc.aws_network_acl_rule.private_inbound",
            "module.vpc.module.vpc.aws_network_acl_rule.private_outbound",
            "module.vpc.module.vpc.aws_network_acl_rule.public_inbound",
            "module.vpc.module.vpc.aws_network_acl_rule.public_outbound",
            "module.vpc.module.vpc.aws_network_acl_rule.redshift_inbound",
            "module.vpc.module.vpc.aws_network_acl_rule.redshift_outbound",
            "module.vpc.module.vpc.aws_redshift_subnet_group.redshift",
            "module.vpc.module.vpc.aws_route.database_internet_gateway",
            "module.vpc.module.vpc.aws_route.database_ipv6_egress",
            "module.vpc.module.vpc.aws_route.database_nat_gateway",
            "module.vpc.module.vpc.aws_route.private_ipv6_egress",
            "module.vpc.module.vpc.aws_route.private_nat_gateway",
            "module.vpc.module.vpc.aws_route.public_internet_gateway",
            "module.vpc.module.vpc.aws_route.public_internet_gateway_ipv6",
            "module.vpc.module.vpc.aws_route_table.database",
            "module.vpc.module.vpc.aws_route_table.elasticache",
            "module.vpc.module.vpc.aws_route_table.intra",
            "module.vpc.module.vpc.aws_route_table.private",
            "module.vpc.module.vpc.aws_route_table.public",
            "module.vpc.module.vpc.aws_route_table.redshift",
            "module.vpc.module.vpc.aws_route_table_association.database",
            "module.vpc.module.vpc.aws_route_table_association.elasticache",
            "module.vpc.module.vpc.aws_route_table_association.intra",
            "module.vpc.module.vpc.aws_route_table_association.private",
            "module.vpc.module.vpc.aws_route_table_association.public",
            "module.vpc.module.vpc.aws_route_table_association.redshift",
            "module.vpc.module.vpc.aws_route_table_association.redshift_public",
            "module.vpc.module.vpc.aws_subnet.database",
            "module.vpc.module.vpc.aws_subnet.elasticache",
            "module.vpc.module.vpc.aws_subnet.intra",
            "module.vpc.module.vpc.aws_subnet.private",
            "module.vpc.module.vpc.aws_subnet.public",
            "module.vpc.module.vpc.aws_subnet.redshift",
            "module.vpc.module.vpc.aws_vpc.this",
            "module.vpc.module.vpc.aws_vpc_dhcp_options.this",
            "module.vpc.module.vpc.aws_vpc_dhcp_options_association.this",
            "module.vpc.module.vpc.aws_vpc_endpoint.access_analyzer",
            "module.vpc.module.vpc.aws_vpc_endpoint.acm_pca",
            "module.vpc.module.vpc.aws_vpc_endpoint.apigw",
            "module.vpc.module.vpc.aws_vpc_endpoint.appmesh_envoy_management",
            "module.vpc.module.vpc.aws_vpc_endpoint.appstream_api",
            "module.vpc.module.vpc.aws_vpc_endpoint.appstream_streaming",
            "module.vpc.module.vpc.aws_vpc_endpoint.athena",
            "module.vpc.module.vpc.aws_vpc_endpoint.auto_scaling_plans",
            "module.vpc.module.vpc.aws_vpc_endpoint.cloud_directory",
            "module.vpc.module.vpc.aws_vpc_endpoint.cloudformation",
            "module.vpc.module.vpc.aws_vpc_endpoint.cloudtrail",
            "module.vpc.module.vpc.aws_vpc_endpoint.codeartifact_api",
            "module.vpc.module.vpc.aws_vpc_endpoint.codeartifact_repositories",
            "module.vpc.module.vpc.aws_vpc_endpoint.codebuild",
            "module.vpc.module.vpc.aws_vpc_endpoint.codecommit",
            "module.vpc.module.vpc.aws_vpc_endpoint.codedeploy",
            "module.vpc.module.vpc.aws_vpc_endpoint.codedeploy_commands_secure",
            "module.vpc.module.vpc.aws_vpc_endpoint.codepipeline",
            "module.vpc.module.vpc.aws_vpc_endpoint.config",
            "module.vpc.module.vpc.aws_vpc_endpoint.datasync",
            "module.vpc.module.vpc.aws_vpc_endpoint.dynamodb",
            "module.vpc.module.vpc.aws_vpc_endpoint.ebs",
            "module.vpc.module.vpc.aws_vpc_endpoint.ec2",
            "module.vpc.module.vpc.aws_vpc_endpoint.ec2_autoscaling",
            "module.vpc.module.vpc.aws_vpc_endpoint.ec2messages",
            "module.vpc.module.vpc.aws_vpc_endpoint.ecr_api",
            "module.vpc.module.vpc.aws_vpc_endpoint.ecr_dkr",
            "module.vpc.module.vpc.aws_vpc_endpoint.ecs",
            "module.vpc.module.vpc.aws_vpc_endpoint.ecs_agent",
            "module.vpc.module.vpc.aws_vpc_endpoint.ecs_telemetry",
            "module.vpc.module.vpc.aws_vpc_endpoint.efs",
            "module.vpc.module.vpc.aws_vpc_endpoint.elastic_inference_runtime",
            "module.vpc.module.vpc.aws_vpc_endpoint.elasticbeanstalk",
            "module.vpc.module.vpc.aws_vpc_endpoint.elasticbeanstalk_health",
            "module.vpc.module.vpc.aws_vpc_endpoint.elasticloadbalancing",
            "module.vpc.module.vpc.aws_vpc_endpoint.emr",
            "module.vpc.module.vpc.aws_vpc_endpoint.events",
            "module.vpc.module.vpc.aws_vpc_endpoint.git_codecommit",
            "module.vpc.module.vpc.aws_vpc_endpoint.glue",
            "module.vpc.module.vpc.aws_vpc_endpoint.kinesis_firehose",
            "module.vpc.module.vpc.aws_vpc_endpoint.kinesis_streams",
            "module.vpc.module.vpc.aws_vpc_endpoint.kms",
            "module.vpc.module.vpc.aws_vpc_endpoint.lambda",
            "module.vpc.module.vpc.aws_vpc_endpoint.logs",
            "module.vpc.module.vpc.aws_vpc_endpoint.monitoring",
            "module.vpc.module.vpc.aws_vpc_endpoint.qldb_session",
            "module.vpc.module.vpc.aws_vpc_endpoint.rds",
            "module.vpc.module.vpc.aws_vpc_endpoint.rekognition",
            "module.vpc.module.vpc.aws_vpc_endpoint.s3",
            "module.vpc.module.vpc.aws_vpc_endpoint.sagemaker_api",
            "module.vpc.module.vpc.aws_vpc_endpoint.sagemaker_notebook",
            "module.vpc.module.vpc.aws_vpc_endpoint.sagemaker_runtime",
            "module.vpc.module.vpc.aws_vpc_endpoint.secretsmanager",
            "module.vpc.module.vpc.aws_vpc_endpoint.servicecatalog",
            "module.vpc.module.vpc.aws_vpc_endpoint.ses",
            "module.vpc.module.vpc.aws_vpc_endpoint.sms",
            "module.vpc.module.vpc.aws_vpc_endpoint.sns",
            "module.vpc.module.vpc.aws_vpc_endpoint.sqs",
            "module.vpc.module.vpc.aws_vpc_endpoint.ssm",
            "module.vpc.module.vpc.aws_vpc_endpoint.ssmmessages",
            "module.vpc.module.vpc.aws_vpc_endpoint.states",
            "module.vpc.module.vpc.aws_vpc_endpoint.storagegateway",
            "module.vpc.module.vpc.aws_vpc_endpoint.sts",
            "module.vpc.module.vpc.aws_vpc_endpoint.textract",
            "module.vpc.module.vpc.aws_vpc_endpoint.transfer",
            "module.vpc.module.vpc.aws_vpc_endpoint.transferserver",
            "module.vpc.module.vpc.aws_vpc_endpoint.workspaces",
            "module.vpc.module.vpc.aws_vpc_endpoint_route_table_association.intra_dynamodb",
            "module.vpc.module.vpc.aws_vpc_endpoint_route_table_association.intra_s3",
            "module.vpc.module.vpc.aws_vpc_endpoint_route_table_association.private_dynamodb",
            "module.vpc.module.vpc.aws_vpc_endpoint_route_table_association.private_s3",
            "module.vpc.module.vpc.aws_vpc_endpoint_route_table_association.public_dynamodb",
            "module.vpc.module.vpc.aws_vpc_endpoint_route_table_association.public_s3",
            "module.vpc.module.vpc.aws_vpc_ipv4_cidr_block_association.this",
            "module.vpc.module.vpc.aws_vpn_gateway.this",
            "module.vpc.module.vpc.aws_vpn_gateway_attachment.this",
            "module.vpc.module.vpc.aws_vpn_gateway_route_propagation.intra",
            "module.vpc.module.vpc.aws_vpn_gateway_route_propagation.private",
            "module.vpc.module.vpc.aws_vpn_gateway_route_propagation.public",
            "module.vpc.module.vpc.data.aws_iam_policy_document.flow_log_cloudwatch_assume_role",
            "module.vpc.module.vpc.data.aws_iam_policy_document.vpc_flow_log_cloudwatch",
            "module.vpc.module.vpc.data.aws_vpc_endpoint_service.access_analyzer",
            "module.vpc.module.vpc.data.aws_vpc_endpoint_service.acm_pca",
            "module.vpc.module.vpc.data.aws_vpc_endpoint_service.apigw",
            "module.vpc.module.vpc.data.aws_vpc_endpoint_service.appmesh_envoy_management",
            "module.vpc.module.vpc.data.aws_vpc_endpoint_service.appstream_api",
            "module.vpc.module.vpc.data.aws_vpc_endpoint_service.appstream_streaming",
            "module.vpc.module.vpc.data.aws_vpc_endpoint_service.athena",
            "module.vpc.module.vpc.data.aws_vpc_endpoint_service.auto_scaling_plans",
            "module.vpc.module.vpc.data.aws_vpc_endpoint_service.cloud_directory",
            "module.vpc.module.vpc.data.aws_vpc_endpoint_service.cloudformation",
            "module.vpc.module.vpc.data.aws_vpc_endpoint_service.cloudtrail",
            "module.vpc.module.vpc.data.aws_vpc_endpoint_service.codeartifact_api",
            "module.vpc.module.vpc.data.aws_vpc_endpoint_service.codeartifact_repositories",
            "module.vpc.module.vpc.data.aws_vpc_endpoint_service.codebuild",
            "module.vpc.module.vpc.data.aws_vpc_endpoint_service.codecommit",
            "module.vpc.module.vpc.data.aws_vpc_endpoint_service.codedeploy",
            "module.vpc.module.vpc.data.aws_vpc_endpoint_service.codedeploy_commands_secure",
            "module.vpc.module.vpc.data.aws_vpc_endpoint_service.codepipeline",
            "module.vpc.module.vpc.data.aws_vpc_endpoint_service.config",
            "module.vpc.module.vpc.data.aws_vpc_endpoint_service.datasync",
            "module.vpc.module.vpc.data.aws_vpc_endpoint_service.dynamodb",
            "module.vpc.module.vpc.data.aws_vpc_endpoint_service.ebs",
            "module.vpc.module.vpc.data.aws_vpc_endpoint_service.ec2",
            "module.vpc.module.vpc.data.aws_vpc_endpoint_service.ec2_autoscaling",
            "module.vpc.module.vpc.data.aws_vpc_endpoint_service.ec2messages",
            "module.vpc.module.vpc.data.aws_vpc_endpoint_service.ecr_api",
            "module.vpc.module.vpc.data.aws_vpc_endpoint_service.ecr_dkr",
            "module.vpc.module.vpc.data.aws_vpc_endpoint_service.ecs",
            "module.vpc.module.vpc.data.aws_vpc_endpoint_service.ecs_agent",
            "module.vpc.module.vpc.data.aws_vpc_endpoint_service.ecs_telemetry",
            "module.vpc.module.vpc.data.aws_vpc_endpoint_service.efs",
            "module.vpc.module.vpc.data.aws_vpc_endpoint_service.elastic_inference_runtime",
            "module.vpc.module.vpc.data.aws_vpc_endpoint_service.elasticbeanstalk",
            "module.vpc.module.vpc.data.aws_vpc_endpoint_service.elasticbeanstalk_health",
            "module.vpc.module.vpc.data.aws_vpc_endpoint_service.elasticloadbalancing",
            "module.vpc.module.vpc.data.aws_vpc_endpoint_service.emr",
            "module.vpc.module.vpc.data.aws_vpc_endpoint_service.events",
            "module.vpc.module.vpc.data.aws_vpc_endpoint_service.git_codecommit",
            "module.vpc.module.vpc.data.aws_vpc_endpoint_service.glue",
            "module.vpc.module.vpc.data.aws_vpc_endpoint_service.kinesis_firehose",
            "module.vpc.module.vpc.data.aws_vpc_endpoint_service.kinesis_streams",
            "module.vpc.module.vpc.data.aws_vpc_endpoint_service.kms",
            "module.vpc.module.vpc.data.aws_vpc_endpoint_service.lambda",
            "module.vpc.module.vpc.data.aws_vpc_endpoint_service.logs",
            "module.vpc.module.vpc.data.aws_vpc_endpoint_service.monitoring",
            "module.vpc.module.vpc.data.aws_vpc_endpoint_service.qldb_session",
            "module.vpc.module.vpc.data.aws_vpc_endpoint_service.rds",
            "module.vpc.module.vpc.data.aws_vpc_endpoint_service.rekognition",
            "module.vpc.module.vpc.data.aws_vpc_endpoint_service.s3",
            "module.vpc.module.vpc.data.aws_vpc_endpoint_service.sagemaker_api",
            "module.vpc.module.vpc.data.aws_vpc_endpoint_service.sagemaker_notebook",
            "module.vpc.module.vpc.data.aws_vpc_endpoint_service.sagemaker_runtime",
            "module.vpc.module.vpc.data.aws_vpc_endpoint_service.secretsmanager",
            "module.vpc.module.vpc.data.aws_vpc_endpoint_service.servicecatalog",
            "module.vpc.module.vpc.data.aws_vpc_endpoint_service.ses",
            "module.vpc.module.vpc.data.aws_vpc_endpoint_service.sms",
            "module.vpc.module.vpc.data.aws_vpc_endpoint_service.sns",
            "module.vpc.module.vpc.data.aws_vpc_endpoint_service.sqs",
            "module.vpc.module.vpc.data.aws_vpc_endpoint_service.ssm",
            "module.vpc.module.vpc.data.aws_vpc_endpoint_service.ssmmessages",
            "module.vpc.module.vpc.data.aws_vpc_endpoint_service.states",
            "module.vpc.module.vpc.data.aws_vpc_endpoint_service.storagegateway",
            "module.vpc.module.vpc.data.aws_vpc_endpoint_service.sts",
            "module.vpc.module.vpc.data.aws_vpc_endpoint_service.textract",
            "module.vpc.module.vpc.data.aws_vpc_endpoint_service.transfer",
            "module.vpc.module.vpc.data.aws_vpc_endpoint_service.transferserver",
            "module.vpc.module.vpc.data.aws_vpc_endpoint_service.workspaces"
          ]
        }
      ]
    },
    {
      "module": "module.alb.module.alb",
      "mode": "managed",
      "type": "aws_lb_target_group",
      "name": "main",
      "provider": "module.alb.provider[\"registry.terraform.io/hashicorp/aws\"]",
      "instances": [
        {
          "index_key": 0,
          "schema_version": 0,
          "attributes": {
            "arn": "arn:aws:elasticloadbalancing:us-east-1:210780328849:targetgroup/jdemo-20201119210652694400000002/ae7e67eea47fd0d1",
            "arn_suffix": "targetgroup/jdemo-20201119210652694400000002/ae7e67eea47fd0d1",
            "deregistration_delay": 300,
            "health_check": [
              {
                "enabled": true,
                "healthy_threshold": 5,
                "interval": 30,
                "matcher": "200",
                "path": "/",
                "port": "traffic-port",
                "protocol": "HTTP",
                "timeout": 5,
                "unhealthy_threshold": 2
              }
            ],
            "id": "arn:aws:elasticloadbalancing:us-east-1:210780328849:targetgroup/jdemo-20201119210652694400000002/ae7e67eea47fd0d1",
            "lambda_multi_value_headers_enabled": false,
            "load_balancing_algorithm_type": "round_robin",
            "name": "jdemo-20201119210652694400000002",
            "name_prefix": "jdemo-",
            "port": 80,
            "protocol": "HTTP",
            "proxy_protocol_v2": false,
            "slow_start": 0,
            "stickiness": [
              {
                "cookie_duration": 86400,
                "enabled": false,
                "type": "lb_cookie"
              }
            ],
            "tags": {
              "Environment": "Test",
              "Name": "jdemo-"
            },
            "target_type": "instance",
            "vpc_id": "vpc-0c53ae7fc7394e80b"
          },
          "private": "bnVsbA==",
          "dependencies": [
            "module.alb.module.alb.aws_lb.this",
            "module.sgs.aws_security_group.allow_http_all",
            "module.vpc.module.vpc.aws_cloudwatch_log_group.flow_log",
            "module.vpc.module.vpc.aws_customer_gateway.this",
            "module.vpc.module.vpc.aws_db_subnet_group.database",
            "module.vpc.module.vpc.aws_default_network_acl.this",
            "module.vpc.module.vpc.aws_default_security_group.this",
            "module.vpc.module.vpc.aws_default_vpc.this",
            "module.vpc.module.vpc.aws_egress_only_internet_gateway.this",
            "module.vpc.module.vpc.aws_eip.nat",
            "module.vpc.module.vpc.aws_elasticache_subnet_group.elasticache",
            "module.vpc.module.vpc.aws_flow_log.this",
            "module.vpc.module.vpc.aws_iam_policy.vpc_flow_log_cloudwatch",
            "module.vpc.module.vpc.aws_iam_role.vpc_flow_log_cloudwatch",
            "module.vpc.module.vpc.aws_iam_role_policy_attachment.vpc_flow_log_cloudwatch",
            "module.vpc.module.vpc.aws_internet_gateway.this",
            "module.vpc.module.vpc.aws_nat_gateway.this",
            "module.vpc.module.vpc.aws_network_acl.database",
            "module.vpc.module.vpc.aws_network_acl.elasticache",
            "module.vpc.module.vpc.aws_network_acl.intra",
            "module.vpc.module.vpc.aws_network_acl.private",
            "module.vpc.module.vpc.aws_network_acl.public",
            "module.vpc.module.vpc.aws_network_acl.redshift",
            "module.vpc.module.vpc.aws_network_acl_rule.database_inbound",
            "module.vpc.module.vpc.aws_network_acl_rule.database_outbound",
            "module.vpc.module.vpc.aws_network_acl_rule.elasticache_inbound",
            "module.vpc.module.vpc.aws_network_acl_rule.elasticache_outbound",
            "module.vpc.module.vpc.aws_network_acl_rule.intra_inbound",
            "module.vpc.module.vpc.aws_network_acl_rule.intra_outbound",
            "module.vpc.module.vpc.aws_network_acl_rule.private_inbound",
            "module.vpc.module.vpc.aws_network_acl_rule.private_outbound",
            "module.vpc.module.vpc.aws_network_acl_rule.public_inbound",
            "module.vpc.module.vpc.aws_network_acl_rule.public_outbound",
            "module.vpc.module.vpc.aws_network_acl_rule.redshift_inbound",
            "module.vpc.module.vpc.aws_network_acl_rule.redshift_outbound",
            "module.vpc.module.vpc.aws_redshift_subnet_group.redshift",
            "module.vpc.module.vpc.aws_route.database_internet_gateway",
            "module.vpc.module.vpc.aws_route.database_ipv6_egress",
            "module.vpc.module.vpc.aws_route.database_nat_gateway",
            "module.vpc.module.vpc.aws_route.private_ipv6_egress",
            "module.vpc.module.vpc.aws_route.private_nat_gateway",
            "module.vpc.module.vpc.aws_route.public_internet_gateway",
            "module.vpc.module.vpc.aws_route.public_internet_gateway_ipv6",
            "module.vpc.module.vpc.aws_route_table.database",
            "module.vpc.module.vpc.aws_route_table.elasticache",
            "module.vpc.module.vpc.aws_route_table.intra",
            "module.vpc.module.vpc.aws_route_table.private",
            "module.vpc.module.vpc.aws_route_table.public",
            "module.vpc.module.vpc.aws_route_table.redshift",
            "module.vpc.module.vpc.aws_route_table_association.database",
            "module.vpc.module.vpc.aws_route_table_association.elasticache",
            "module.vpc.module.vpc.aws_route_table_association.intra",
            "module.vpc.module.vpc.aws_route_table_association.private",
            "module.vpc.module.vpc.aws_route_table_association.public",
            "module.vpc.module.vpc.aws_route_table_association.redshift",
            "module.vpc.module.vpc.aws_route_table_association.redshift_public",
            "module.vpc.module.vpc.aws_subnet.database",
            "module.vpc.module.vpc.aws_subnet.elasticache",
            "module.vpc.module.vpc.aws_subnet.intra",
            "module.vpc.module.vpc.aws_subnet.private",
            "module.vpc.module.vpc.aws_subnet.public",
            "module.vpc.module.vpc.aws_subnet.redshift",
            "module.vpc.module.vpc.aws_vpc.this",
            "module.vpc.module.vpc.aws_vpc_dhcp_options.this",
            "module.vpc.module.vpc.aws_vpc_dhcp_options_association.this",
            "module.vpc.module.vpc.aws_vpc_endpoint.access_analyzer",
            "module.vpc.module.vpc.aws_vpc_endpoint.acm_pca",
            "module.vpc.module.vpc.aws_vpc_endpoint.apigw",
            "module.vpc.module.vpc.aws_vpc_endpoint.appmesh_envoy_management",
            "module.vpc.module.vpc.aws_vpc_endpoint.appstream_api",
            "module.vpc.module.vpc.aws_vpc_endpoint.appstream_streaming",
            "module.vpc.module.vpc.aws_vpc_endpoint.athena",
            "module.vpc.module.vpc.aws_vpc_endpoint.auto_scaling_plans",
            "module.vpc.module.vpc.aws_vpc_endpoint.cloud_directory",
            "module.vpc.module.vpc.aws_vpc_endpoint.cloudformation",
            "module.vpc.module.vpc.aws_vpc_endpoint.cloudtrail",
            "module.vpc.module.vpc.aws_vpc_endpoint.codeartifact_api",
            "module.vpc.module.vpc.aws_vpc_endpoint.codeartifact_repositories",
            "module.vpc.module.vpc.aws_vpc_endpoint.codebuild",
            "module.vpc.module.vpc.aws_vpc_endpoint.codecommit",
            "module.vpc.module.vpc.aws_vpc_endpoint.codedeploy",
            "module.vpc.module.vpc.aws_vpc_endpoint.codedeploy_commands_secure",
            "module.vpc.module.vpc.aws_vpc_endpoint.codepipeline",
            "module.vpc.module.vpc.aws_vpc_endpoint.config",
            "module.vpc.module.vpc.aws_vpc_endpoint.datasync",
            "module.vpc.module.vpc.aws_vpc_endpoint.dynamodb",
            "module.vpc.module.vpc.aws_vpc_endpoint.ebs",
            "module.vpc.module.vpc.aws_vpc_endpoint.ec2",
            "module.vpc.module.vpc.aws_vpc_endpoint.ec2_autoscaling",
            "module.vpc.module.vpc.aws_vpc_endpoint.ec2messages",
            "module.vpc.module.vpc.aws_vpc_endpoint.ecr_api",
            "module.vpc.module.vpc.aws_vpc_endpoint.ecr_dkr",
            "module.vpc.module.vpc.aws_vpc_endpoint.ecs",
            "module.vpc.module.vpc.aws_vpc_endpoint.ecs_agent",
            "module.vpc.module.vpc.aws_vpc_endpoint.ecs_telemetry",
            "module.vpc.module.vpc.aws_vpc_endpoint.efs",
            "module.vpc.module.vpc.aws_vpc_endpoint.elastic_inference_runtime",
            "module.vpc.module.vpc.aws_vpc_endpoint.elasticbeanstalk",
            "module.vpc.module.vpc.aws_vpc_endpoint.elasticbeanstalk_health",
            "module.vpc.module.vpc.aws_vpc_endpoint.elasticloadbalancing",
            "module.vpc.module.vpc.aws_vpc_endpoint.emr",
            "module.vpc.module.vpc.aws_vpc_endpoint.events",
            "module.vpc.module.vpc.aws_vpc_endpoint.git_codecommit",
            "module.vpc.module.vpc.aws_vpc_endpoint.glue",
            "module.vpc.module.vpc.aws_vpc_endpoint.kinesis_firehose",
            "module.vpc.module.vpc.aws_vpc_endpoint.kinesis_streams",
            "module.vpc.module.vpc.aws_vpc_endpoint.kms",
            "module.vpc.module.vpc.aws_vpc_endpoint.lambda",
            "module.vpc.module.vpc.aws_vpc_endpoint.logs",
            "module.vpc.module.vpc.aws_vpc_endpoint.monitoring",
            "module.vpc.module.vpc.aws_vpc_endpoint.qldb_session",
            "module.vpc.module.vpc.aws_vpc_endpoint.rds",
            "module.vpc.module.vpc.aws_vpc_endpoint.rekognition",
            "module.vpc.module.vpc.aws_vpc_endpoint.s3",
            "module.vpc.module.vpc.aws_vpc_endpoint.sagemaker_api",
            "module.vpc.module.vpc.aws_vpc_endpoint.sagemaker_notebook",
            "module.vpc.module.vpc.aws_vpc_endpoint.sagemaker_runtime",
            "module.vpc.module.vpc.aws_vpc_endpoint.secretsmanager",
            "module.vpc.module.vpc.aws_vpc_endpoint.servicecatalog",
            "module.vpc.module.vpc.aws_vpc_endpoint.ses",
            "module.vpc.module.vpc.aws_vpc_endpoint.sms",
            "module.vpc.module.vpc.aws_vpc_endpoint.sns",
            "module.vpc.module.vpc.aws_vpc_endpoint.sqs",
            "module.vpc.module.vpc.aws_vpc_endpoint.ssm",
            "module.vpc.module.vpc.aws_vpc_endpoint.ssmmessages",
            "module.vpc.module.vpc.aws_vpc_endpoint.states",
            "module.vpc.module.vpc.aws_vpc_endpoint.storagegateway",
            "module.vpc.module.vpc.aws_vpc_endpoint.sts",
            "module.vpc.module.vpc.aws_vpc_endpoint.textract",
            "module.vpc.module.vpc.aws_vpc_endpoint.transfer",
            "module.vpc.module.vpc.aws_vpc_endpoint.transferserver",
            "module.vpc.module.vpc.aws_vpc_endpoint.workspaces",
            "module.vpc.module.vpc.aws_vpc_endpoint_route_table_association.intra_dynamodb",
            "module.vpc.module.vpc.aws_vpc_endpoint_route_table_association.intra_s3",
            "module.vpc.module.vpc.aws_vpc_endpoint_route_table_association.private_dynamodb",
            "module.vpc.module.vpc.aws_vpc_endpoint_route_table_association.private_s3",
            "module.vpc.module.vpc.aws_vpc_endpoint_route_table_association.public_dynamodb",
            "module.vpc.module.vpc.aws_vpc_endpoint_route_table_association.public_s3",
            "module.vpc.module.vpc.aws_vpc_ipv4_cidr_block_association.this",
            "module.vpc.module.vpc.aws_vpn_gateway.this",
            "module.vpc.module.vpc.aws_vpn_gateway_attachment.this",
            "module.vpc.module.vpc.aws_vpn_gateway_route_propagation.intra",
            "module.vpc.module.vpc.aws_vpn_gateway_route_propagation.private",
            "module.vpc.module.vpc.aws_vpn_gateway_route_propagation.public",
            "module.vpc.module.vpc.data.aws_iam_policy_document.flow_log_cloudwatch_assume_role",
            "module.vpc.module.vpc.data.aws_iam_policy_document.vpc_flow_log_cloudwatch",
            "module.vpc.module.vpc.data.aws_vpc_endpoint_service.access_analyzer",
            "module.vpc.module.vpc.data.aws_vpc_endpoint_service.acm_pca",
            "module.vpc.module.vpc.data.aws_vpc_endpoint_service.apigw",
            "module.vpc.module.vpc.data.aws_vpc_endpoint_service.appmesh_envoy_management",
            "module.vpc.module.vpc.data.aws_vpc_endpoint_service.appstream_api",
            "module.vpc.module.vpc.data.aws_vpc_endpoint_service.appstream_streaming",
            "module.vpc.module.vpc.data.aws_vpc_endpoint_service.athena",
            "module.vpc.module.vpc.data.aws_vpc_endpoint_service.auto_scaling_plans",
            "module.vpc.module.vpc.data.aws_vpc_endpoint_service.cloud_directory",
            "module.vpc.module.vpc.data.aws_vpc_endpoint_service.cloudformation",
            "module.vpc.module.vpc.data.aws_vpc_endpoint_service.cloudtrail",
            "module.vpc.module.vpc.data.aws_vpc_endpoint_service.codeartifact_api",
            "module.vpc.module.vpc.data.aws_vpc_endpoint_service.codeartifact_repositories",
            "module.vpc.module.vpc.data.aws_vpc_endpoint_service.codebuild",
            "module.vpc.module.vpc.data.aws_vpc_endpoint_service.codecommit",
            "module.vpc.module.vpc.data.aws_vpc_endpoint_service.codedeploy",
            "module.vpc.module.vpc.data.aws_vpc_endpoint_service.codedeploy_commands_secure",
            "module.vpc.module.vpc.data.aws_vpc_endpoint_service.codepipeline",
            "module.vpc.module.vpc.data.aws_vpc_endpoint_service.config",
            "module.vpc.module.vpc.data.aws_vpc_endpoint_service.datasync",
            "module.vpc.module.vpc.data.aws_vpc_endpoint_service.dynamodb",
            "module.vpc.module.vpc.data.aws_vpc_endpoint_service.ebs",
            "module.vpc.module.vpc.data.aws_vpc_endpoint_service.ec2",
            "module.vpc.module.vpc.data.aws_vpc_endpoint_service.ec2_autoscaling",
            "module.vpc.module.vpc.data.aws_vpc_endpoint_service.ec2messages",
            "module.vpc.module.vpc.data.aws_vpc_endpoint_service.ecr_api",
            "module.vpc.module.vpc.data.aws_vpc_endpoint_service.ecr_dkr",
            "module.vpc.module.vpc.data.aws_vpc_endpoint_service.ecs",
            "module.vpc.module.vpc.data.aws_vpc_endpoint_service.ecs_agent",
            "module.vpc.module.vpc.data.aws_vpc_endpoint_service.ecs_telemetry",
            "module.vpc.module.vpc.data.aws_vpc_endpoint_service.efs",
            "module.vpc.module.vpc.data.aws_vpc_endpoint_service.elastic_inference_runtime",
            "module.vpc.module.vpc.data.aws_vpc_endpoint_service.elasticbeanstalk",
            "module.vpc.module.vpc.data.aws_vpc_endpoint_service.elasticbeanstalk_health",
            "module.vpc.module.vpc.data.aws_vpc_endpoint_service.elasticloadbalancing",
            "module.vpc.module.vpc.data.aws_vpc_endpoint_service.emr",
            "module.vpc.module.vpc.data.aws_vpc_endpoint_service.events",
            "module.vpc.module.vpc.data.aws_vpc_endpoint_service.git_codecommit",
            "module.vpc.module.vpc.data.aws_vpc_endpoint_service.glue",
            "module.vpc.module.vpc.data.aws_vpc_endpoint_service.kinesis_firehose",
            "module.vpc.module.vpc.data.aws_vpc_endpoint_service.kinesis_streams",
            "module.vpc.module.vpc.data.aws_vpc_endpoint_service.kms",
            "module.vpc.module.vpc.data.aws_vpc_endpoint_service.lambda",
            "module.vpc.module.vpc.data.aws_vpc_endpoint_service.logs",
            "module.vpc.module.vpc.data.aws_vpc_endpoint_service.monitoring",
            "module.vpc.module.vpc.data.aws_vpc_endpoint_service.qldb_session",
            "module.vpc.module.vpc.data.aws_vpc_endpoint_service.rds",
            "module.vpc.module.vpc.data.aws_vpc_endpoint_service.rekognition",
            "module.vpc.module.vpc.data.aws_vpc_endpoint_service.s3",
            "module.vpc.module.vpc.data.aws_vpc_endpoint_service.sagemaker_api",
            "module.vpc.module.vpc.data.aws_vpc_endpoint_service.sagemaker_notebook",
            "module.vpc.module.vpc.data.aws_vpc_endpoint_service.sagemaker_runtime",
            "module.vpc.module.vpc.data.aws_vpc_endpoint_service.secretsmanager",
            "module.vpc.module.vpc.data.aws_vpc_endpoint_service.servicecatalog",
            "module.vpc.module.vpc.data.aws_vpc_endpoint_service.ses",
            "module.vpc.module.vpc.data.aws_vpc_endpoint_service.sms",
            "module.vpc.module.vpc.data.aws_vpc_endpoint_service.sns",
            "module.vpc.module.vpc.data.aws_vpc_endpoint_service.sqs",
            "module.vpc.module.vpc.data.aws_vpc_endpoint_service.ssm",
            "module.vpc.module.vpc.data.aws_vpc_endpoint_service.ssmmessages",
            "module.vpc.module.vpc.data.aws_vpc_endpoint_service.states",
            "module.vpc.module.vpc.data.aws_vpc_endpoint_service.storagegateway",
            "module.vpc.module.vpc.data.aws_vpc_endpoint_service.sts",
            "module.vpc.module.vpc.data.aws_vpc_endpoint_service.textract",
            "module.vpc.module.vpc.data.aws_vpc_endpoint_service.transfer",
            "module.vpc.module.vpc.data.aws_vpc_endpoint_service.transferserver",
            "module.vpc.module.vpc.data.aws_vpc_endpoint_service.workspaces"
          ],
          "create_before_destroy": true
        },
        {
          "index_key": 1,
          "schema_version": 0,
          "attributes": {
            "arn": "arn:aws:elasticloadbalancing:us-east-1:210780328849:targetgroup/gdemo-20201119210652694500000003/cef0c9bf778c9f91",
            "arn_suffix": "targetgroup/gdemo-20201119210652694500000003/cef0c9bf778c9f91",
            "deregistration_delay": 300,
            "health_check": [
              {
                "enabled": true,
                "healthy_threshold": 5,
                "interval": 30,
                "matcher": "200",
                "path": "/",
                "port": "traffic-port",
                "protocol": "HTTP",
                "timeout": 5,
                "unhealthy_threshold": 2
              }
            ],
            "id": "arn:aws:elasticloadbalancing:us-east-1:210780328849:targetgroup/gdemo-20201119210652694500000003/cef0c9bf778c9f91",
            "lambda_multi_value_headers_enabled": false,
            "load_balancing_algorithm_type": "round_robin",
            "name": "gdemo-20201119210652694500000003",
            "name_prefix": "gdemo-",
            "port": 80,
            "protocol": "HTTP",
            "proxy_protocol_v2": false,
            "slow_start": 0,
            "stickiness": [
              {
                "cookie_duration": 86400,
                "enabled": false,
                "type": "lb_cookie"
              }
            ],
            "tags": {
              "Environment": "Test",
              "Name": "gdemo-"
            },
            "target_type": "instance",
            "vpc_id": "vpc-0c53ae7fc7394e80b"
          },
          "private": "bnVsbA==",
          "dependencies": [
            "module.alb.module.alb.aws_lb.this",
            "module.sgs.aws_security_group.allow_http_all",
            "module.vpc.module.vpc.aws_cloudwatch_log_group.flow_log",
            "module.vpc.module.vpc.aws_customer_gateway.this",
            "module.vpc.module.vpc.aws_db_subnet_group.database",
            "module.vpc.module.vpc.aws_default_network_acl.this",
            "module.vpc.module.vpc.aws_default_security_group.this",
            "module.vpc.module.vpc.aws_default_vpc.this",
            "module.vpc.module.vpc.aws_egress_only_internet_gateway.this",
            "module.vpc.module.vpc.aws_eip.nat",
            "module.vpc.module.vpc.aws_elasticache_subnet_group.elasticache",
            "module.vpc.module.vpc.aws_flow_log.this",
            "module.vpc.module.vpc.aws_iam_policy.vpc_flow_log_cloudwatch",
            "module.vpc.module.vpc.aws_iam_role.vpc_flow_log_cloudwatch",
            "module.vpc.module.vpc.aws_iam_role_policy_attachment.vpc_flow_log_cloudwatch",
            "module.vpc.module.vpc.aws_internet_gateway.this",
            "module.vpc.module.vpc.aws_nat_gateway.this",
            "module.vpc.module.vpc.aws_network_acl.database",
            "module.vpc.module.vpc.aws_network_acl.elasticache",
            "module.vpc.module.vpc.aws_network_acl.intra",
            "module.vpc.module.vpc.aws_network_acl.private",
            "module.vpc.module.vpc.aws_network_acl.public",
            "module.vpc.module.vpc.aws_network_acl.redshift",
            "module.vpc.module.vpc.aws_network_acl_rule.database_inbound",
            "module.vpc.module.vpc.aws_network_acl_rule.database_outbound",
            "module.vpc.module.vpc.aws_network_acl_rule.elasticache_inbound",
            "module.vpc.module.vpc.aws_network_acl_rule.elasticache_outbound",
            "module.vpc.module.vpc.aws_network_acl_rule.intra_inbound",
            "module.vpc.module.vpc.aws_network_acl_rule.intra_outbound",
            "module.vpc.module.vpc.aws_network_acl_rule.private_inbound",
            "module.vpc.module.vpc.aws_network_acl_rule.private_outbound",
            "module.vpc.module.vpc.aws_network_acl_rule.public_inbound",
            "module.vpc.module.vpc.aws_network_acl_rule.public_outbound",
            "module.vpc.module.vpc.aws_network_acl_rule.redshift_inbound",
            "module.vpc.module.vpc.aws_network_acl_rule.redshift_outbound",
            "module.vpc.module.vpc.aws_redshift_subnet_group.redshift",
            "module.vpc.module.vpc.aws_route.database_internet_gateway",
            "module.vpc.module.vpc.aws_route.database_ipv6_egress",
            "module.vpc.module.vpc.aws_route.database_nat_gateway",
            "module.vpc.module.vpc.aws_route.private_ipv6_egress",
            "module.vpc.module.vpc.aws_route.private_nat_gateway",
            "module.vpc.module.vpc.aws_route.public_internet_gateway",
            "module.vpc.module.vpc.aws_route.public_internet_gateway_ipv6",
            "module.vpc.module.vpc.aws_route_table.database",
            "module.vpc.module.vpc.aws_route_table.elasticache",
            "module.vpc.module.vpc.aws_route_table.intra",
            "module.vpc.module.vpc.aws_route_table.private",
            "module.vpc.module.vpc.aws_route_table.public",
            "module.vpc.module.vpc.aws_route_table.redshift",
            "module.vpc.module.vpc.aws_route_table_association.database",
            "module.vpc.module.vpc.aws_route_table_association.elasticache",
            "module.vpc.module.vpc.aws_route_table_association.intra",
            "module.vpc.module.vpc.aws_route_table_association.private",
            "module.vpc.module.vpc.aws_route_table_association.public",
            "module.vpc.module.vpc.aws_route_table_association.redshift",
            "module.vpc.module.vpc.aws_route_table_association.redshift_public",
            "module.vpc.module.vpc.aws_subnet.database",
            "module.vpc.module.vpc.aws_subnet.elasticache",
            "module.vpc.module.vpc.aws_subnet.intra",
            "module.vpc.module.vpc.aws_subnet.private",
            "module.vpc.module.vpc.aws_subnet.public",
            "module.vpc.module.vpc.aws_subnet.redshift",
            "module.vpc.module.vpc.aws_vpc.this",
            "module.vpc.module.vpc.aws_vpc_dhcp_options.this",
            "module.vpc.module.vpc.aws_vpc_dhcp_options_association.this",
            "module.vpc.module.vpc.aws_vpc_endpoint.access_analyzer",
            "module.vpc.module.vpc.aws_vpc_endpoint.acm_pca",
            "module.vpc.module.vpc.aws_vpc_endpoint.apigw",
            "module.vpc.module.vpc.aws_vpc_endpoint.appmesh_envoy_management",
            "module.vpc.module.vpc.aws_vpc_endpoint.appstream_api",
            "module.vpc.module.vpc.aws_vpc_endpoint.appstream_streaming",
            "module.vpc.module.vpc.aws_vpc_endpoint.athena",
            "module.vpc.module.vpc.aws_vpc_endpoint.auto_scaling_plans",
            "module.vpc.module.vpc.aws_vpc_endpoint.cloud_directory",
            "module.vpc.module.vpc.aws_vpc_endpoint.cloudformation",
            "module.vpc.module.vpc.aws_vpc_endpoint.cloudtrail",
            "module.vpc.module.vpc.aws_vpc_endpoint.codeartifact_api",
            "module.vpc.module.vpc.aws_vpc_endpoint.codeartifact_repositories",
            "module.vpc.module.vpc.aws_vpc_endpoint.codebuild",
            "module.vpc.module.vpc.aws_vpc_endpoint.codecommit",
            "module.vpc.module.vpc.aws_vpc_endpoint.codedeploy",
            "module.vpc.module.vpc.aws_vpc_endpoint.codedeploy_commands_secure",
            "module.vpc.module.vpc.aws_vpc_endpoint.codepipeline",
            "module.vpc.module.vpc.aws_vpc_endpoint.config",
            "module.vpc.module.vpc.aws_vpc_endpoint.datasync",
            "module.vpc.module.vpc.aws_vpc_endpoint.dynamodb",
            "module.vpc.module.vpc.aws_vpc_endpoint.ebs",
            "module.vpc.module.vpc.aws_vpc_endpoint.ec2",
            "module.vpc.module.vpc.aws_vpc_endpoint.ec2_autoscaling",
            "module.vpc.module.vpc.aws_vpc_endpoint.ec2messages",
            "module.vpc.module.vpc.aws_vpc_endpoint.ecr_api",
            "module.vpc.module.vpc.aws_vpc_endpoint.ecr_dkr",
            "module.vpc.module.vpc.aws_vpc_endpoint.ecs",
            "module.vpc.module.vpc.aws_vpc_endpoint.ecs_agent",
            "module.vpc.module.vpc.aws_vpc_endpoint.ecs_telemetry",
            "module.vpc.module.vpc.aws_vpc_endpoint.efs",
            "module.vpc.module.vpc.aws_vpc_endpoint.elastic_inference_runtime",
            "module.vpc.module.vpc.aws_vpc_endpoint.elasticbeanstalk",
            "module.vpc.module.vpc.aws_vpc_endpoint.elasticbeanstalk_health",
            "module.vpc.module.vpc.aws_vpc_endpoint.elasticloadbalancing",
            "module.vpc.module.vpc.aws_vpc_endpoint.emr",
            "module.vpc.module.vpc.aws_vpc_endpoint.events",
            "module.vpc.module.vpc.aws_vpc_endpoint.git_codecommit",
            "module.vpc.module.vpc.aws_vpc_endpoint.glue",
            "module.vpc.module.vpc.aws_vpc_endpoint.kinesis_firehose",
            "module.vpc.module.vpc.aws_vpc_endpoint.kinesis_streams",
            "module.vpc.module.vpc.aws_vpc_endpoint.kms",
            "module.vpc.module.vpc.aws_vpc_endpoint.lambda",
            "module.vpc.module.vpc.aws_vpc_endpoint.logs",
            "module.vpc.module.vpc.aws_vpc_endpoint.monitoring",
            "module.vpc.module.vpc.aws_vpc_endpoint.qldb_session",
            "module.vpc.module.vpc.aws_vpc_endpoint.rds",
            "module.vpc.module.vpc.aws_vpc_endpoint.rekognition",
            "module.vpc.module.vpc.aws_vpc_endpoint.s3",
            "module.vpc.module.vpc.aws_vpc_endpoint.sagemaker_api",
            "module.vpc.module.vpc.aws_vpc_endpoint.sagemaker_notebook",
            "module.vpc.module.vpc.aws_vpc_endpoint.sagemaker_runtime",
            "module.vpc.module.vpc.aws_vpc_endpoint.secretsmanager",
            "module.vpc.module.vpc.aws_vpc_endpoint.servicecatalog",
            "module.vpc.module.vpc.aws_vpc_endpoint.ses",
            "module.vpc.module.vpc.aws_vpc_endpoint.sms",
            "module.vpc.module.vpc.aws_vpc_endpoint.sns",
            "module.vpc.module.vpc.aws_vpc_endpoint.sqs",
            "module.vpc.module.vpc.aws_vpc_endpoint.ssm",
            "module.vpc.module.vpc.aws_vpc_endpoint.ssmmessages",
            "module.vpc.module.vpc.aws_vpc_endpoint.states",
            "module.vpc.module.vpc.aws_vpc_endpoint.storagegateway",
            "module.vpc.module.vpc.aws_vpc_endpoint.sts",
            "module.vpc.module.vpc.aws_vpc_endpoint.textract",
            "module.vpc.module.vpc.aws_vpc_endpoint.transfer",
            "module.vpc.module.vpc.aws_vpc_endpoint.transferserver",
            "module.vpc.module.vpc.aws_vpc_endpoint.workspaces",
            "module.vpc.module.vpc.aws_vpc_endpoint_route_table_association.intra_dynamodb",
            "module.vpc.module.vpc.aws_vpc_endpoint_route_table_association.intra_s3",
            "module.vpc.module.vpc.aws_vpc_endpoint_route_table_association.private_dynamodb",
            "module.vpc.module.vpc.aws_vpc_endpoint_route_table_association.private_s3",
            "module.vpc.module.vpc.aws_vpc_endpoint_route_table_association.public_dynamodb",
            "module.vpc.module.vpc.aws_vpc_endpoint_route_table_association.public_s3",
            "module.vpc.module.vpc.aws_vpc_ipv4_cidr_block_association.this",
            "module.vpc.module.vpc.aws_vpn_gateway.this",
            "module.vpc.module.vpc.aws_vpn_gateway_attachment.this",
            "module.vpc.module.vpc.aws_vpn_gateway_route_propagation.intra",
            "module.vpc.module.vpc.aws_vpn_gateway_route_propagation.private",
            "module.vpc.module.vpc.aws_vpn_gateway_route_propagation.public",
            "module.vpc.module.vpc.data.aws_iam_policy_document.flow_log_cloudwatch_assume_role",
            "module.vpc.module.vpc.data.aws_iam_policy_document.vpc_flow_log_cloudwatch",
            "module.vpc.module.vpc.data.aws_vpc_endpoint_service.access_analyzer",
            "module.vpc.module.vpc.data.aws_vpc_endpoint_service.acm_pca",
            "module.vpc.module.vpc.data.aws_vpc_endpoint_service.apigw",
            "module.vpc.module.vpc.data.aws_vpc_endpoint_service.appmesh_envoy_management",
            "module.vpc.module.vpc.data.aws_vpc_endpoint_service.appstream_api",
            "module.vpc.module.vpc.data.aws_vpc_endpoint_service.appstream_streaming",
            "module.vpc.module.vpc.data.aws_vpc_endpoint_service.athena",
            "module.vpc.module.vpc.data.aws_vpc_endpoint_service.auto_scaling_plans",
            "module.vpc.module.vpc.data.aws_vpc_endpoint_service.cloud_directory",
            "module.vpc.module.vpc.data.aws_vpc_endpoint_service.cloudformation",
            "module.vpc.module.vpc.data.aws_vpc_endpoint_service.cloudtrail",
            "module.vpc.module.vpc.data.aws_vpc_endpoint_service.codeartifact_api",
            "module.vpc.module.vpc.data.aws_vpc_endpoint_service.codeartifact_repositories",
            "module.vpc.module.vpc.data.aws_vpc_endpoint_service.codebuild",
            "module.vpc.module.vpc.data.aws_vpc_endpoint_service.codecommit",
            "module.vpc.module.vpc.data.aws_vpc_endpoint_service.codedeploy",
            "module.vpc.module.vpc.data.aws_vpc_endpoint_service.codedeploy_commands_secure",
            "module.vpc.module.vpc.data.aws_vpc_endpoint_service.codepipeline",
            "module.vpc.module.vpc.data.aws_vpc_endpoint_service.config",
            "module.vpc.module.vpc.data.aws_vpc_endpoint_service.datasync",
            "module.vpc.module.vpc.data.aws_vpc_endpoint_service.dynamodb",
            "module.vpc.module.vpc.data.aws_vpc_endpoint_service.ebs",
            "module.vpc.module.vpc.data.aws_vpc_endpoint_service.ec2",
            "module.vpc.module.vpc.data.aws_vpc_endpoint_service.ec2_autoscaling",
            "module.vpc.module.vpc.data.aws_vpc_endpoint_service.ec2messages",
            "module.vpc.module.vpc.data.aws_vpc_endpoint_service.ecr_api",
            "module.vpc.module.vpc.data.aws_vpc_endpoint_service.ecr_dkr",
            "module.vpc.module.vpc.data.aws_vpc_endpoint_service.ecs",
            "module.vpc.module.vpc.data.aws_vpc_endpoint_service.ecs_agent",
            "module.vpc.module.vpc.data.aws_vpc_endpoint_service.ecs_telemetry",
            "module.vpc.module.vpc.data.aws_vpc_endpoint_service.efs",
            "module.vpc.module.vpc.data.aws_vpc_endpoint_service.elastic_inference_runtime",
            "module.vpc.module.vpc.data.aws_vpc_endpoint_service.elasticbeanstalk",
            "module.vpc.module.vpc.data.aws_vpc_endpoint_service.elasticbeanstalk_health",
            "module.vpc.module.vpc.data.aws_vpc_endpoint_service.elasticloadbalancing",
            "module.vpc.module.vpc.data.aws_vpc_endpoint_service.emr",
            "module.vpc.module.vpc.data.aws_vpc_endpoint_service.events",
            "module.vpc.module.vpc.data.aws_vpc_endpoint_service.git_codecommit",
            "module.vpc.module.vpc.data.aws_vpc_endpoint_service.glue",
            "module.vpc.module.vpc.data.aws_vpc_endpoint_service.kinesis_firehose",
            "module.vpc.module.vpc.data.aws_vpc_endpoint_service.kinesis_streams",
            "module.vpc.module.vpc.data.aws_vpc_endpoint_service.kms",
            "module.vpc.module.vpc.data.aws_vpc_endpoint_service.lambda",
            "module.vpc.module.vpc.data.aws_vpc_endpoint_service.logs",
            "module.vpc.module.vpc.data.aws_vpc_endpoint_service.monitoring",
            "module.vpc.module.vpc.data.aws_vpc_endpoint_service.qldb_session",
            "module.vpc.module.vpc.data.aws_vpc_endpoint_service.rds",
            "module.vpc.module.vpc.data.aws_vpc_endpoint_service.rekognition",
            "module.vpc.module.vpc.data.aws_vpc_endpoint_service.s3",
            "module.vpc.module.vpc.data.aws_vpc_endpoint_service.sagemaker_api",
            "module.vpc.module.vpc.data.aws_vpc_endpoint_service.sagemaker_notebook",
            "module.vpc.module.vpc.data.aws_vpc_endpoint_service.sagemaker_runtime",
            "module.vpc.module.vpc.data.aws_vpc_endpoint_service.secretsmanager",
            "module.vpc.module.vpc.data.aws_vpc_endpoint_service.servicecatalog",
            "module.vpc.module.vpc.data.aws_vpc_endpoint_service.ses",
            "module.vpc.module.vpc.data.aws_vpc_endpoint_service.sms",
            "module.vpc.module.vpc.data.aws_vpc_endpoint_service.sns",
            "module.vpc.module.vpc.data.aws_vpc_endpoint_service.sqs",
            "module.vpc.module.vpc.data.aws_vpc_endpoint_service.ssm",
            "module.vpc.module.vpc.data.aws_vpc_endpoint_service.ssmmessages",
            "module.vpc.module.vpc.data.aws_vpc_endpoint_service.states",
            "module.vpc.module.vpc.data.aws_vpc_endpoint_service.storagegateway",
            "module.vpc.module.vpc.data.aws_vpc_endpoint_service.sts",
            "module.vpc.module.vpc.data.aws_vpc_endpoint_service.textract",
            "module.vpc.module.vpc.data.aws_vpc_endpoint_service.transfer",
            "module.vpc.module.vpc.data.aws_vpc_endpoint_service.transferserver",
            "module.vpc.module.vpc.data.aws_vpc_endpoint_service.workspaces"
          ],
          "create_before_destroy": true
        },
        {
          "index_key": 2,
          "schema_version": 0,
          "attributes": {
            "arn": "arn:aws:elasticloadbalancing:us-east-1:210780328849:targetgroup/bdemo-20201119210652694400000001/1537cc94578b21be",
            "arn_suffix": "targetgroup/bdemo-20201119210652694400000001/1537cc94578b21be",
            "deregistration_delay": 300,
            "health_check": [
              {
                "enabled": true,
                "healthy_threshold": 5,
                "interval": 30,
                "matcher": "200",
                "path": "/",
                "port": "traffic-port",
                "protocol": "HTTP",
                "timeout": 5,
                "unhealthy_threshold": 2
              }
            ],
            "id": "arn:aws:elasticloadbalancing:us-east-1:210780328849:targetgroup/bdemo-20201119210652694400000001/1537cc94578b21be",
            "lambda_multi_value_headers_enabled": false,
            "load_balancing_algorithm_type": "round_robin",
            "name": "bdemo-20201119210652694400000001",
            "name_prefix": "bdemo-",
            "port": 80,
            "protocol": "HTTP",
            "proxy_protocol_v2": false,
            "slow_start": 0,
            "stickiness": [
              {
                "cookie_duration": 86400,
                "enabled": false,
                "type": "lb_cookie"
              }
            ],
            "tags": {
              "Environment": "Test",
              "Name": "bdemo-"
            },
            "target_type": "instance",
            "vpc_id": "vpc-0c53ae7fc7394e80b"
          },
          "private": "bnVsbA==",
          "dependencies": [
            "module.alb.module.alb.aws_lb.this",
            "module.sgs.aws_security_group.allow_http_all",
            "module.vpc.module.vpc.aws_cloudwatch_log_group.flow_log",
            "module.vpc.module.vpc.aws_customer_gateway.this",
            "module.vpc.module.vpc.aws_db_subnet_group.database",
            "module.vpc.module.vpc.aws_default_network_acl.this",
            "module.vpc.module.vpc.aws_default_security_group.this",
            "module.vpc.module.vpc.aws_default_vpc.this",
            "module.vpc.module.vpc.aws_egress_only_internet_gateway.this",
            "module.vpc.module.vpc.aws_eip.nat",
            "module.vpc.module.vpc.aws_elasticache_subnet_group.elasticache",
            "module.vpc.module.vpc.aws_flow_log.this",
            "module.vpc.module.vpc.aws_iam_policy.vpc_flow_log_cloudwatch",
            "module.vpc.module.vpc.aws_iam_role.vpc_flow_log_cloudwatch",
            "module.vpc.module.vpc.aws_iam_role_policy_attachment.vpc_flow_log_cloudwatch",
            "module.vpc.module.vpc.aws_internet_gateway.this",
            "module.vpc.module.vpc.aws_nat_gateway.this",
            "module.vpc.module.vpc.aws_network_acl.database",
            "module.vpc.module.vpc.aws_network_acl.elasticache",
            "module.vpc.module.vpc.aws_network_acl.intra",
            "module.vpc.module.vpc.aws_network_acl.private",
            "module.vpc.module.vpc.aws_network_acl.public",
            "module.vpc.module.vpc.aws_network_acl.redshift",
            "module.vpc.module.vpc.aws_network_acl_rule.database_inbound",
            "module.vpc.module.vpc.aws_network_acl_rule.database_outbound",
            "module.vpc.module.vpc.aws_network_acl_rule.elasticache_inbound",
            "module.vpc.module.vpc.aws_network_acl_rule.elasticache_outbound",
            "module.vpc.module.vpc.aws_network_acl_rule.intra_inbound",
            "module.vpc.module.vpc.aws_network_acl_rule.intra_outbound",
            "module.vpc.module.vpc.aws_network_acl_rule.private_inbound",
            "module.vpc.module.vpc.aws_network_acl_rule.private_outbound",
            "module.vpc.module.vpc.aws_network_acl_rule.public_inbound",
            "module.vpc.module.vpc.aws_network_acl_rule.public_outbound",
            "module.vpc.module.vpc.aws_network_acl_rule.redshift_inbound",
            "module.vpc.module.vpc.aws_network_acl_rule.redshift_outbound",
            "module.vpc.module.vpc.aws_redshift_subnet_group.redshift",
            "module.vpc.module.vpc.aws_route.database_internet_gateway",
            "module.vpc.module.vpc.aws_route.database_ipv6_egress",
            "module.vpc.module.vpc.aws_route.database_nat_gateway",
            "module.vpc.module.vpc.aws_route.private_ipv6_egress",
            "module.vpc.module.vpc.aws_route.private_nat_gateway",
            "module.vpc.module.vpc.aws_route.public_internet_gateway",
            "module.vpc.module.vpc.aws_route.public_internet_gateway_ipv6",
            "module.vpc.module.vpc.aws_route_table.database",
            "module.vpc.module.vpc.aws_route_table.elasticache",
            "module.vpc.module.vpc.aws_route_table.intra",
            "module.vpc.module.vpc.aws_route_table.private",
            "module.vpc.module.vpc.aws_route_table.public",
            "module.vpc.module.vpc.aws_route_table.redshift",
            "module.vpc.module.vpc.aws_route_table_association.database",
            "module.vpc.module.vpc.aws_route_table_association.elasticache",
            "module.vpc.module.vpc.aws_route_table_association.intra",
            "module.vpc.module.vpc.aws_route_table_association.private",
            "module.vpc.module.vpc.aws_route_table_association.public",
            "module.vpc.module.vpc.aws_route_table_association.redshift",
            "module.vpc.module.vpc.aws_route_table_association.redshift_public",
            "module.vpc.module.vpc.aws_subnet.database",
            "module.vpc.module.vpc.aws_subnet.elasticache",
            "module.vpc.module.vpc.aws_subnet.intra",
            "module.vpc.module.vpc.aws_subnet.private",
            "module.vpc.module.vpc.aws_subnet.public",
            "module.vpc.module.vpc.aws_subnet.redshift",
            "module.vpc.module.vpc.aws_vpc.this",
            "module.vpc.module.vpc.aws_vpc_dhcp_options.this",
            "module.vpc.module.vpc.aws_vpc_dhcp_options_association.this",
            "module.vpc.module.vpc.aws_vpc_endpoint.access_analyzer",
            "module.vpc.module.vpc.aws_vpc_endpoint.acm_pca",
            "module.vpc.module.vpc.aws_vpc_endpoint.apigw",
            "module.vpc.module.vpc.aws_vpc_endpoint.appmesh_envoy_management",
            "module.vpc.module.vpc.aws_vpc_endpoint.appstream_api",
            "module.vpc.module.vpc.aws_vpc_endpoint.appstream_streaming",
            "module.vpc.module.vpc.aws_vpc_endpoint.athena",
            "module.vpc.module.vpc.aws_vpc_endpoint.auto_scaling_plans",
            "module.vpc.module.vpc.aws_vpc_endpoint.cloud_directory",
            "module.vpc.module.vpc.aws_vpc_endpoint.cloudformation",
            "module.vpc.module.vpc.aws_vpc_endpoint.cloudtrail",
            "module.vpc.module.vpc.aws_vpc_endpoint.codeartifact_api",
            "module.vpc.module.vpc.aws_vpc_endpoint.codeartifact_repositories",
            "module.vpc.module.vpc.aws_vpc_endpoint.codebuild",
            "module.vpc.module.vpc.aws_vpc_endpoint.codecommit",
            "module.vpc.module.vpc.aws_vpc_endpoint.codedeploy",
            "module.vpc.module.vpc.aws_vpc_endpoint.codedeploy_commands_secure",
            "module.vpc.module.vpc.aws_vpc_endpoint.codepipeline",
            "module.vpc.module.vpc.aws_vpc_endpoint.config",
            "module.vpc.module.vpc.aws_vpc_endpoint.datasync",
            "module.vpc.module.vpc.aws_vpc_endpoint.dynamodb",
            "module.vpc.module.vpc.aws_vpc_endpoint.ebs",
            "module.vpc.module.vpc.aws_vpc_endpoint.ec2",
            "module.vpc.module.vpc.aws_vpc_endpoint.ec2_autoscaling",
            "module.vpc.module.vpc.aws_vpc_endpoint.ec2messages",
            "module.vpc.module.vpc.aws_vpc_endpoint.ecr_api",
            "module.vpc.module.vpc.aws_vpc_endpoint.ecr_dkr",
            "module.vpc.module.vpc.aws_vpc_endpoint.ecs",
            "module.vpc.module.vpc.aws_vpc_endpoint.ecs_agent",
            "module.vpc.module.vpc.aws_vpc_endpoint.ecs_telemetry",
            "module.vpc.module.vpc.aws_vpc_endpoint.efs",
            "module.vpc.module.vpc.aws_vpc_endpoint.elastic_inference_runtime",
            "module.vpc.module.vpc.aws_vpc_endpoint.elasticbeanstalk",
            "module.vpc.module.vpc.aws_vpc_endpoint.elasticbeanstalk_health",
            "module.vpc.module.vpc.aws_vpc_endpoint.elasticloadbalancing",
            "module.vpc.module.vpc.aws_vpc_endpoint.emr",
            "module.vpc.module.vpc.aws_vpc_endpoint.events",
            "module.vpc.module.vpc.aws_vpc_endpoint.git_codecommit",
            "module.vpc.module.vpc.aws_vpc_endpoint.glue",
            "module.vpc.module.vpc.aws_vpc_endpoint.kinesis_firehose",
            "module.vpc.module.vpc.aws_vpc_endpoint.kinesis_streams",
            "module.vpc.module.vpc.aws_vpc_endpoint.kms",
            "module.vpc.module.vpc.aws_vpc_endpoint.lambda",
            "module.vpc.module.vpc.aws_vpc_endpoint.logs",
            "module.vpc.module.vpc.aws_vpc_endpoint.monitoring",
            "module.vpc.module.vpc.aws_vpc_endpoint.qldb_session",
            "module.vpc.module.vpc.aws_vpc_endpoint.rds",
            "module.vpc.module.vpc.aws_vpc_endpoint.rekognition",
            "module.vpc.module.vpc.aws_vpc_endpoint.s3",
            "module.vpc.module.vpc.aws_vpc_endpoint.sagemaker_api",
            "module.vpc.module.vpc.aws_vpc_endpoint.sagemaker_notebook",
            "module.vpc.module.vpc.aws_vpc_endpoint.sagemaker_runtime",
            "module.vpc.module.vpc.aws_vpc_endpoint.secretsmanager",
            "module.vpc.module.vpc.aws_vpc_endpoint.servicecatalog",
            "module.vpc.module.vpc.aws_vpc_endpoint.ses",
            "module.vpc.module.vpc.aws_vpc_endpoint.sms",
            "module.vpc.module.vpc.aws_vpc_endpoint.sns",
            "module.vpc.module.vpc.aws_vpc_endpoint.sqs",
            "module.vpc.module.vpc.aws_vpc_endpoint.ssm",
            "module.vpc.module.vpc.aws_vpc_endpoint.ssmmessages",
            "module.vpc.module.vpc.aws_vpc_endpoint.states",
            "module.vpc.module.vpc.aws_vpc_endpoint.storagegateway",
            "module.vpc.module.vpc.aws_vpc_endpoint.sts",
            "module.vpc.module.vpc.aws_vpc_endpoint.textract",
            "module.vpc.module.vpc.aws_vpc_endpoint.transfer",
            "module.vpc.module.vpc.aws_vpc_endpoint.transferserver",
            "module.vpc.module.vpc.aws_vpc_endpoint.workspaces",
            "module.vpc.module.vpc.aws_vpc_endpoint_route_table_association.intra_dynamodb",
            "module.vpc.module.vpc.aws_vpc_endpoint_route_table_association.intra_s3",
            "module.vpc.module.vpc.aws_vpc_endpoint_route_table_association.private_dynamodb",
            "module.vpc.module.vpc.aws_vpc_endpoint_route_table_association.private_s3",
            "module.vpc.module.vpc.aws_vpc_endpoint_route_table_association.public_dynamodb",
            "module.vpc.module.vpc.aws_vpc_endpoint_route_table_association.public_s3",
            "module.vpc.module.vpc.aws_vpc_ipv4_cidr_block_association.this",
            "module.vpc.module.vpc.aws_vpn_gateway.this",
            "module.vpc.module.vpc.aws_vpn_gateway_attachment.this",
            "module.vpc.module.vpc.aws_vpn_gateway_route_propagation.intra",
            "module.vpc.module.vpc.aws_vpn_gateway_route_propagation.private",
            "module.vpc.module.vpc.aws_vpn_gateway_route_propagation.public",
            "module.vpc.module.vpc.data.aws_iam_policy_document.flow_log_cloudwatch_assume_role",
            "module.vpc.module.vpc.data.aws_iam_policy_document.vpc_flow_log_cloudwatch",
            "module.vpc.module.vpc.data.aws_vpc_endpoint_service.access_analyzer",
            "module.vpc.module.vpc.data.aws_vpc_endpoint_service.acm_pca",
            "module.vpc.module.vpc.data.aws_vpc_endpoint_service.apigw",
            "module.vpc.module.vpc.data.aws_vpc_endpoint_service.appmesh_envoy_management",
            "module.vpc.module.vpc.data.aws_vpc_endpoint_service.appstream_api",
            "module.vpc.module.vpc.data.aws_vpc_endpoint_service.appstream_streaming",
            "module.vpc.module.vpc.data.aws_vpc_endpoint_service.athena",
            "module.vpc.module.vpc.data.aws_vpc_endpoint_service.auto_scaling_plans",
            "module.vpc.module.vpc.data.aws_vpc_endpoint_service.cloud_directory",
            "module.vpc.module.vpc.data.aws_vpc_endpoint_service.cloudformation",
            "module.vpc.module.vpc.data.aws_vpc_endpoint_service.cloudtrail",
            "module.vpc.module.vpc.data.aws_vpc_endpoint_service.codeartifact_api",
            "module.vpc.module.vpc.data.aws_vpc_endpoint_service.codeartifact_repositories",
            "module.vpc.module.vpc.data.aws_vpc_endpoint_service.codebuild",
            "module.vpc.module.vpc.data.aws_vpc_endpoint_service.codecommit",
            "module.vpc.module.vpc.data.aws_vpc_endpoint_service.codedeploy",
            "module.vpc.module.vpc.data.aws_vpc_endpoint_service.codedeploy_commands_secure",
            "module.vpc.module.vpc.data.aws_vpc_endpoint_service.codepipeline",
            "module.vpc.module.vpc.data.aws_vpc_endpoint_service.config",
            "module.vpc.module.vpc.data.aws_vpc_endpoint_service.datasync",
            "module.vpc.module.vpc.data.aws_vpc_endpoint_service.dynamodb",
            "module.vpc.module.vpc.data.aws_vpc_endpoint_service.ebs",
            "module.vpc.module.vpc.data.aws_vpc_endpoint_service.ec2",
            "module.vpc.module.vpc.data.aws_vpc_endpoint_service.ec2_autoscaling",
            "module.vpc.module.vpc.data.aws_vpc_endpoint_service.ec2messages",
            "module.vpc.module.vpc.data.aws_vpc_endpoint_service.ecr_api",
            "module.vpc.module.vpc.data.aws_vpc_endpoint_service.ecr_dkr",
            "module.vpc.module.vpc.data.aws_vpc_endpoint_service.ecs",
            "module.vpc.module.vpc.data.aws_vpc_endpoint_service.ecs_agent",
            "module.vpc.module.vpc.data.aws_vpc_endpoint_service.ecs_telemetry",
            "module.vpc.module.vpc.data.aws_vpc_endpoint_service.efs",
            "module.vpc.module.vpc.data.aws_vpc_endpoint_service.elastic_inference_runtime",
            "module.vpc.module.vpc.data.aws_vpc_endpoint_service.elasticbeanstalk",
            "module.vpc.module.vpc.data.aws_vpc_endpoint_service.elasticbeanstalk_health",
            "module.vpc.module.vpc.data.aws_vpc_endpoint_service.elasticloadbalancing",
            "module.vpc.module.vpc.data.aws_vpc_endpoint_service.emr",
            "module.vpc.module.vpc.data.aws_vpc_endpoint_service.events",
            "module.vpc.module.vpc.data.aws_vpc_endpoint_service.git_codecommit",
            "module.vpc.module.vpc.data.aws_vpc_endpoint_service.glue",
            "module.vpc.module.vpc.data.aws_vpc_endpoint_service.kinesis_firehose",
            "module.vpc.module.vpc.data.aws_vpc_endpoint_service.kinesis_streams",
            "module.vpc.module.vpc.data.aws_vpc_endpoint_service.kms",
            "module.vpc.module.vpc.data.aws_vpc_endpoint_service.lambda",
            "module.vpc.module.vpc.data.aws_vpc_endpoint_service.logs",
            "module.vpc.module.vpc.data.aws_vpc_endpoint_service.monitoring",
            "module.vpc.module.vpc.data.aws_vpc_endpoint_service.qldb_session",
            "module.vpc.module.vpc.data.aws_vpc_endpoint_service.rds",
            "module.vpc.module.vpc.data.aws_vpc_endpoint_service.rekognition",
            "module.vpc.module.vpc.data.aws_vpc_endpoint_service.s3",
            "module.vpc.module.vpc.data.aws_vpc_endpoint_service.sagemaker_api",
            "module.vpc.module.vpc.data.aws_vpc_endpoint_service.sagemaker_notebook",
            "module.vpc.module.vpc.data.aws_vpc_endpoint_service.sagemaker_runtime",
            "module.vpc.module.vpc.data.aws_vpc_endpoint_service.secretsmanager",
            "module.vpc.module.vpc.data.aws_vpc_endpoint_service.servicecatalog",
            "module.vpc.module.vpc.data.aws_vpc_endpoint_service.ses",
            "module.vpc.module.vpc.data.aws_vpc_endpoint_service.sms",
            "module.vpc.module.vpc.data.aws_vpc_endpoint_service.sns",
            "module.vpc.module.vpc.data.aws_vpc_endpoint_service.sqs",
            "module.vpc.module.vpc.data.aws_vpc_endpoint_service.ssm",
            "module.vpc.module.vpc.data.aws_vpc_endpoint_service.ssmmessages",
            "module.vpc.module.vpc.data.aws_vpc_endpoint_service.states",
            "module.vpc.module.vpc.data.aws_vpc_endpoint_service.storagegateway",
            "module.vpc.module.vpc.data.aws_vpc_endpoint_service.sts",
            "module.vpc.module.vpc.data.aws_vpc_endpoint_service.textract",
            "module.vpc.module.vpc.data.aws_vpc_endpoint_service.transfer",
            "module.vpc.module.vpc.data.aws_vpc_endpoint_service.transferserver",
            "module.vpc.module.vpc.data.aws_vpc_endpoint_service.workspaces"
          ],
          "create_before_destroy": true
        }
      ]
    },
    {
      "module": "module.asg-blue",
      "mode": "managed",
      "type": "aws_autoscaling_group",
      "name": "justin-demo-web-asg",
      "provider": "module.asg-blue.provider[\"registry.terraform.io/hashicorp/aws\"]",
      "instances": [
        {
          "schema_version": 0,
          "attributes": {
            "arn": "arn:aws:autoscaling:us-east-1:210780328849:autoScalingGroup:921c2ed3-7496-4b00-b173-b49db56aa126:autoScalingGroupName/jtest-asg-blue",
            "availability_zones": [
              "us-east-1a",
              "us-east-1b",
              "us-east-1c"
            ],
            "default_cooldown": 300,
            "desired_capacity": 1,
            "enabled_metrics": [],
            "force_delete": true,
            "health_check_grace_period": 60,
            "health_check_type": "EC2",
            "id": "jtest-asg-blue",
            "initial_lifecycle_hook": [],
            "launch_configuration": "",
            "launch_template": [
              {
                "id": "lt-087cb805241fa9c0e",
                "name": "justin-demo-lt-blue20201119210448805800000001",
                "version": "$Latest"
              }
            ],
            "load_balancers": [],
            "max_instance_lifetime": 0,
            "max_size": 10,
            "metrics_granularity": "1Minute",
            "min_elb_capacity": null,
            "min_size": 1,
            "mixed_instances_policy": [],
            "name": "jtest-asg-blue",
            "name_prefix": null,
            "placement_group": "",
            "protect_from_scale_in": false,
            "service_linked_role_arn": "arn:aws:iam::210780328849:role/aws-service-role/autoscaling.amazonaws.com/AWSServiceRoleForAutoScaling",
            "suspended_processes": [],
            "tag": [
              {
                "key": "env",
                "propagate_at_launch": true,
                "value": "blue"
              }
            ],
            "tags": null,
            "target_group_arns": [
              "arn:aws:elasticloadbalancing:us-east-1:210780328849:targetgroup/bdemo-20201119210652694400000001/1537cc94578b21be",
              "arn:aws:elasticloadbalancing:us-east-1:210780328849:targetgroup/jdemo-20201119210652694400000002/ae7e67eea47fd0d1"
            ],
            "termination_policies": [
              "OldestLaunchTemplate"
            ],
            "timeouts": {
              "delete": "15m"
            },
            "vpc_zone_identifier": [
              "subnet-00f46bbc5a7b203af",
              "subnet-0eb297f9f090092da",
              "subnet-0f7749f9f5dba3d2b"
            ],
            "wait_for_capacity_timeout": "10m",
            "wait_for_elb_capacity": null
          },
          "private": "eyJlMmJmYjczMC1lY2FhLTExZTYtOGY4OC0zNDM2M2JjN2M0YzAiOnsiZGVsZXRlIjo5MDAwMDAwMDAwMDB9fQ==",
          "dependencies": [
            "module.alb.module.alb.aws_lb.this",
            "module.alb.module.alb.aws_lb_listener.frontend_http_tcp",
            "module.alb.module.alb.aws_lb_listener.frontend_https",
            "module.alb.module.alb.aws_lb_listener_certificate.https_listener",
            "module.alb.module.alb.aws_lb_listener_rule.https_listener_rule",
            "module.alb.module.alb.aws_lb_target_group.main",
            "module.asg-blue.aws_launch_template.justin-demo-lt",
            "module.sgs.aws_security_group.allow_http_all",
            "module.vpc.module.vpc.aws_cloudwatch_log_group.flow_log",
            "module.vpc.module.vpc.aws_customer_gateway.this",
            "module.vpc.module.vpc.aws_db_subnet_group.database",
            "module.vpc.module.vpc.aws_default_network_acl.this",
            "module.vpc.module.vpc.aws_default_security_group.this",
            "module.vpc.module.vpc.aws_default_vpc.this",
            "module.vpc.module.vpc.aws_egress_only_internet_gateway.this",
            "module.vpc.module.vpc.aws_eip.nat",
            "module.vpc.module.vpc.aws_elasticache_subnet_group.elasticache",
            "module.vpc.module.vpc.aws_flow_log.this",
            "module.vpc.module.vpc.aws_iam_policy.vpc_flow_log_cloudwatch",
            "module.vpc.module.vpc.aws_iam_role.vpc_flow_log_cloudwatch",
            "module.vpc.module.vpc.aws_iam_role_policy_attachment.vpc_flow_log_cloudwatch",
            "module.vpc.module.vpc.aws_internet_gateway.this",
            "module.vpc.module.vpc.aws_nat_gateway.this",
            "module.vpc.module.vpc.aws_network_acl.database",
            "module.vpc.module.vpc.aws_network_acl.elasticache",
            "module.vpc.module.vpc.aws_network_acl.intra",
            "module.vpc.module.vpc.aws_network_acl.private",
            "module.vpc.module.vpc.aws_network_acl.public",
            "module.vpc.module.vpc.aws_network_acl.redshift",
            "module.vpc.module.vpc.aws_network_acl_rule.database_inbound",
            "module.vpc.module.vpc.aws_network_acl_rule.database_outbound",
            "module.vpc.module.vpc.aws_network_acl_rule.elasticache_inbound",
            "module.vpc.module.vpc.aws_network_acl_rule.elasticache_outbound",
            "module.vpc.module.vpc.aws_network_acl_rule.intra_inbound",
            "module.vpc.module.vpc.aws_network_acl_rule.intra_outbound",
            "module.vpc.module.vpc.aws_network_acl_rule.private_inbound",
            "module.vpc.module.vpc.aws_network_acl_rule.private_outbound",
            "module.vpc.module.vpc.aws_network_acl_rule.public_inbound",
            "module.vpc.module.vpc.aws_network_acl_rule.public_outbound",
            "module.vpc.module.vpc.aws_network_acl_rule.redshift_inbound",
            "module.vpc.module.vpc.aws_network_acl_rule.redshift_outbound",
            "module.vpc.module.vpc.aws_redshift_subnet_group.redshift",
            "module.vpc.module.vpc.aws_route.database_internet_gateway",
            "module.vpc.module.vpc.aws_route.database_ipv6_egress",
            "module.vpc.module.vpc.aws_route.database_nat_gateway",
            "module.vpc.module.vpc.aws_route.private_ipv6_egress",
            "module.vpc.module.vpc.aws_route.private_nat_gateway",
            "module.vpc.module.vpc.aws_route.public_internet_gateway",
            "module.vpc.module.vpc.aws_route.public_internet_gateway_ipv6",
            "module.vpc.module.vpc.aws_route_table.database",
            "module.vpc.module.vpc.aws_route_table.elasticache",
            "module.vpc.module.vpc.aws_route_table.intra",
            "module.vpc.module.vpc.aws_route_table.private",
            "module.vpc.module.vpc.aws_route_table.public",
            "module.vpc.module.vpc.aws_route_table.redshift",
            "module.vpc.module.vpc.aws_route_table_association.database",
            "module.vpc.module.vpc.aws_route_table_association.elasticache",
            "module.vpc.module.vpc.aws_route_table_association.intra",
            "module.vpc.module.vpc.aws_route_table_association.private",
            "module.vpc.module.vpc.aws_route_table_association.public",
            "module.vpc.module.vpc.aws_route_table_association.redshift",
            "module.vpc.module.vpc.aws_route_table_association.redshift_public",
            "module.vpc.module.vpc.aws_subnet.database",
            "module.vpc.module.vpc.aws_subnet.elasticache",
            "module.vpc.module.vpc.aws_subnet.intra",
            "module.vpc.module.vpc.aws_subnet.private",
            "module.vpc.module.vpc.aws_subnet.public",
            "module.vpc.module.vpc.aws_subnet.redshift",
            "module.vpc.module.vpc.aws_vpc.this",
            "module.vpc.module.vpc.aws_vpc_dhcp_options.this",
            "module.vpc.module.vpc.aws_vpc_dhcp_options_association.this",
            "module.vpc.module.vpc.aws_vpc_endpoint.access_analyzer",
            "module.vpc.module.vpc.aws_vpc_endpoint.acm_pca",
            "module.vpc.module.vpc.aws_vpc_endpoint.apigw",
            "module.vpc.module.vpc.aws_vpc_endpoint.appmesh_envoy_management",
            "module.vpc.module.vpc.aws_vpc_endpoint.appstream_api",
            "module.vpc.module.vpc.aws_vpc_endpoint.appstream_streaming",
            "module.vpc.module.vpc.aws_vpc_endpoint.athena",
            "module.vpc.module.vpc.aws_vpc_endpoint.auto_scaling_plans",
            "module.vpc.module.vpc.aws_vpc_endpoint.cloud_directory",
            "module.vpc.module.vpc.aws_vpc_endpoint.cloudformation",
            "module.vpc.module.vpc.aws_vpc_endpoint.cloudtrail",
            "module.vpc.module.vpc.aws_vpc_endpoint.codeartifact_api",
            "module.vpc.module.vpc.aws_vpc_endpoint.codeartifact_repositories",
            "module.vpc.module.vpc.aws_vpc_endpoint.codebuild",
            "module.vpc.module.vpc.aws_vpc_endpoint.codecommit",
            "module.vpc.module.vpc.aws_vpc_endpoint.codedeploy",
            "module.vpc.module.vpc.aws_vpc_endpoint.codedeploy_commands_secure",
            "module.vpc.module.vpc.aws_vpc_endpoint.codepipeline",
            "module.vpc.module.vpc.aws_vpc_endpoint.config",
            "module.vpc.module.vpc.aws_vpc_endpoint.datasync",
            "module.vpc.module.vpc.aws_vpc_endpoint.dynamodb",
            "module.vpc.module.vpc.aws_vpc_endpoint.ebs",
            "module.vpc.module.vpc.aws_vpc_endpoint.ec2",
            "module.vpc.module.vpc.aws_vpc_endpoint.ec2_autoscaling",
            "module.vpc.module.vpc.aws_vpc_endpoint.ec2messages",
            "module.vpc.module.vpc.aws_vpc_endpoint.ecr_api",
            "module.vpc.module.vpc.aws_vpc_endpoint.ecr_dkr",
            "module.vpc.module.vpc.aws_vpc_endpoint.ecs",
            "module.vpc.module.vpc.aws_vpc_endpoint.ecs_agent",
            "module.vpc.module.vpc.aws_vpc_endpoint.ecs_telemetry",
            "module.vpc.module.vpc.aws_vpc_endpoint.efs",
            "module.vpc.module.vpc.aws_vpc_endpoint.elastic_inference_runtime",
            "module.vpc.module.vpc.aws_vpc_endpoint.elasticbeanstalk",
            "module.vpc.module.vpc.aws_vpc_endpoint.elasticbeanstalk_health",
            "module.vpc.module.vpc.aws_vpc_endpoint.elasticloadbalancing",
            "module.vpc.module.vpc.aws_vpc_endpoint.emr",
            "module.vpc.module.vpc.aws_vpc_endpoint.events",
            "module.vpc.module.vpc.aws_vpc_endpoint.git_codecommit",
            "module.vpc.module.vpc.aws_vpc_endpoint.glue",
            "module.vpc.module.vpc.aws_vpc_endpoint.kinesis_firehose",
            "module.vpc.module.vpc.aws_vpc_endpoint.kinesis_streams",
            "module.vpc.module.vpc.aws_vpc_endpoint.kms",
            "module.vpc.module.vpc.aws_vpc_endpoint.lambda",
            "module.vpc.module.vpc.aws_vpc_endpoint.logs",
            "module.vpc.module.vpc.aws_vpc_endpoint.monitoring",
            "module.vpc.module.vpc.aws_vpc_endpoint.qldb_session",
            "module.vpc.module.vpc.aws_vpc_endpoint.rds",
            "module.vpc.module.vpc.aws_vpc_endpoint.rekognition",
            "module.vpc.module.vpc.aws_vpc_endpoint.s3",
            "module.vpc.module.vpc.aws_vpc_endpoint.sagemaker_api",
            "module.vpc.module.vpc.aws_vpc_endpoint.sagemaker_notebook",
            "module.vpc.module.vpc.aws_vpc_endpoint.sagemaker_runtime",
            "module.vpc.module.vpc.aws_vpc_endpoint.secretsmanager",
            "module.vpc.module.vpc.aws_vpc_endpoint.servicecatalog",
            "module.vpc.module.vpc.aws_vpc_endpoint.ses",
            "module.vpc.module.vpc.aws_vpc_endpoint.sms",
            "module.vpc.module.vpc.aws_vpc_endpoint.sns",
            "module.vpc.module.vpc.aws_vpc_endpoint.sqs",
            "module.vpc.module.vpc.aws_vpc_endpoint.ssm",
            "module.vpc.module.vpc.aws_vpc_endpoint.ssmmessages",
            "module.vpc.module.vpc.aws_vpc_endpoint.states",
            "module.vpc.module.vpc.aws_vpc_endpoint.storagegateway",
            "module.vpc.module.vpc.aws_vpc_endpoint.sts",
            "module.vpc.module.vpc.aws_vpc_endpoint.textract",
            "module.vpc.module.vpc.aws_vpc_endpoint.transfer",
            "module.vpc.module.vpc.aws_vpc_endpoint.transferserver",
            "module.vpc.module.vpc.aws_vpc_endpoint.workspaces",
            "module.vpc.module.vpc.aws_vpc_endpoint_route_table_association.intra_dynamodb",
            "module.vpc.module.vpc.aws_vpc_endpoint_route_table_association.intra_s3",
            "module.vpc.module.vpc.aws_vpc_endpoint_route_table_association.private_dynamodb",
            "module.vpc.module.vpc.aws_vpc_endpoint_route_table_association.private_s3",
            "module.vpc.module.vpc.aws_vpc_endpoint_route_table_association.public_dynamodb",
            "module.vpc.module.vpc.aws_vpc_endpoint_route_table_association.public_s3",
            "module.vpc.module.vpc.aws_vpc_ipv4_cidr_block_association.this",
            "module.vpc.module.vpc.aws_vpn_gateway.this",
            "module.vpc.module.vpc.aws_vpn_gateway_attachment.this",
            "module.vpc.module.vpc.aws_vpn_gateway_route_propagation.intra",
            "module.vpc.module.vpc.aws_vpn_gateway_route_propagation.private",
            "module.vpc.module.vpc.aws_vpn_gateway_route_propagation.public",
            "module.vpc.module.vpc.data.aws_iam_policy_document.flow_log_cloudwatch_assume_role",
            "module.vpc.module.vpc.data.aws_iam_policy_document.vpc_flow_log_cloudwatch",
            "module.vpc.module.vpc.data.aws_vpc_endpoint_service.access_analyzer",
            "module.vpc.module.vpc.data.aws_vpc_endpoint_service.acm_pca",
            "module.vpc.module.vpc.data.aws_vpc_endpoint_service.apigw",
            "module.vpc.module.vpc.data.aws_vpc_endpoint_service.appmesh_envoy_management",
            "module.vpc.module.vpc.data.aws_vpc_endpoint_service.appstream_api",
            "module.vpc.module.vpc.data.aws_vpc_endpoint_service.appstream_streaming",
            "module.vpc.module.vpc.data.aws_vpc_endpoint_service.athena",
            "module.vpc.module.vpc.data.aws_vpc_endpoint_service.auto_scaling_plans",
            "module.vpc.module.vpc.data.aws_vpc_endpoint_service.cloud_directory",
            "module.vpc.module.vpc.data.aws_vpc_endpoint_service.cloudformation",
            "module.vpc.module.vpc.data.aws_vpc_endpoint_service.cloudtrail",
            "module.vpc.module.vpc.data.aws_vpc_endpoint_service.codeartifact_api",
            "module.vpc.module.vpc.data.aws_vpc_endpoint_service.codeartifact_repositories",
            "module.vpc.module.vpc.data.aws_vpc_endpoint_service.codebuild",
            "module.vpc.module.vpc.data.aws_vpc_endpoint_service.codecommit",
            "module.vpc.module.vpc.data.aws_vpc_endpoint_service.codedeploy",
            "module.vpc.module.vpc.data.aws_vpc_endpoint_service.codedeploy_commands_secure",
            "module.vpc.module.vpc.data.aws_vpc_endpoint_service.codepipeline",
            "module.vpc.module.vpc.data.aws_vpc_endpoint_service.config",
            "module.vpc.module.vpc.data.aws_vpc_endpoint_service.datasync",
            "module.vpc.module.vpc.data.aws_vpc_endpoint_service.dynamodb",
            "module.vpc.module.vpc.data.aws_vpc_endpoint_service.ebs",
            "module.vpc.module.vpc.data.aws_vpc_endpoint_service.ec2",
            "module.vpc.module.vpc.data.aws_vpc_endpoint_service.ec2_autoscaling",
            "module.vpc.module.vpc.data.aws_vpc_endpoint_service.ec2messages",
            "module.vpc.module.vpc.data.aws_vpc_endpoint_service.ecr_api",
            "module.vpc.module.vpc.data.aws_vpc_endpoint_service.ecr_dkr",
            "module.vpc.module.vpc.data.aws_vpc_endpoint_service.ecs",
            "module.vpc.module.vpc.data.aws_vpc_endpoint_service.ecs_agent",
            "module.vpc.module.vpc.data.aws_vpc_endpoint_service.ecs_telemetry",
            "module.vpc.module.vpc.data.aws_vpc_endpoint_service.efs",
            "module.vpc.module.vpc.data.aws_vpc_endpoint_service.elastic_inference_runtime",
            "module.vpc.module.vpc.data.aws_vpc_endpoint_service.elasticbeanstalk",
            "module.vpc.module.vpc.data.aws_vpc_endpoint_service.elasticbeanstalk_health",
            "module.vpc.module.vpc.data.aws_vpc_endpoint_service.elasticloadbalancing",
            "module.vpc.module.vpc.data.aws_vpc_endpoint_service.emr",
            "module.vpc.module.vpc.data.aws_vpc_endpoint_service.events",
            "module.vpc.module.vpc.data.aws_vpc_endpoint_service.git_codecommit",
            "module.vpc.module.vpc.data.aws_vpc_endpoint_service.glue",
            "module.vpc.module.vpc.data.aws_vpc_endpoint_service.kinesis_firehose",
            "module.vpc.module.vpc.data.aws_vpc_endpoint_service.kinesis_streams",
            "module.vpc.module.vpc.data.aws_vpc_endpoint_service.kms",
            "module.vpc.module.vpc.data.aws_vpc_endpoint_service.lambda",
            "module.vpc.module.vpc.data.aws_vpc_endpoint_service.logs",
            "module.vpc.module.vpc.data.aws_vpc_endpoint_service.monitoring",
            "module.vpc.module.vpc.data.aws_vpc_endpoint_service.qldb_session",
            "module.vpc.module.vpc.data.aws_vpc_endpoint_service.rds",
            "module.vpc.module.vpc.data.aws_vpc_endpoint_service.rekognition",
            "module.vpc.module.vpc.data.aws_vpc_endpoint_service.s3",
            "module.vpc.module.vpc.data.aws_vpc_endpoint_service.sagemaker_api",
            "module.vpc.module.vpc.data.aws_vpc_endpoint_service.sagemaker_notebook",
            "module.vpc.module.vpc.data.aws_vpc_endpoint_service.sagemaker_runtime",
            "module.vpc.module.vpc.data.aws_vpc_endpoint_service.secretsmanager",
            "module.vpc.module.vpc.data.aws_vpc_endpoint_service.servicecatalog",
            "module.vpc.module.vpc.data.aws_vpc_endpoint_service.ses",
            "module.vpc.module.vpc.data.aws_vpc_endpoint_service.sms",
            "module.vpc.module.vpc.data.aws_vpc_endpoint_service.sns",
            "module.vpc.module.vpc.data.aws_vpc_endpoint_service.sqs",
            "module.vpc.module.vpc.data.aws_vpc_endpoint_service.ssm",
            "module.vpc.module.vpc.data.aws_vpc_endpoint_service.ssmmessages",
            "module.vpc.module.vpc.data.aws_vpc_endpoint_service.states",
            "module.vpc.module.vpc.data.aws_vpc_endpoint_service.storagegateway",
            "module.vpc.module.vpc.data.aws_vpc_endpoint_service.sts",
            "module.vpc.module.vpc.data.aws_vpc_endpoint_service.textract",
            "module.vpc.module.vpc.data.aws_vpc_endpoint_service.transfer",
            "module.vpc.module.vpc.data.aws_vpc_endpoint_service.transferserver",
            "module.vpc.module.vpc.data.aws_vpc_endpoint_service.workspaces"
          ]
        }
      ]
    },
    {
      "module": "module.asg-blue",
      "mode": "managed",
      "type": "aws_autoscaling_policy",
      "name": "justin-demo-scale-alb-req",
      "provider": "module.asg-blue.provider[\"registry.terraform.io/hashicorp/aws\"]",
      "instances": [
        {
          "index_key": 0,
          "schema_version": 0,
          "attributes": {
            "adjustment_type": "",
            "arn": "arn:aws:autoscaling:us-east-1:210780328849:scalingPolicy:acfc9611-faba-4de1-a027-b22b6e2ba736:autoScalingGroupName/jtest-asg-blue:policyName/alb-demand-scaling-blue",
            "autoscaling_group_name": "jtest-asg-blue",
            "cooldown": 0,
            "estimated_instance_warmup": 0,
            "id": "alb-demand-scaling-blue",
            "metric_aggregation_type": "",
            "min_adjustment_magnitude": null,
            "name": "alb-demand-scaling-blue",
            "policy_type": "TargetTrackingScaling",
            "scaling_adjustment": 0,
            "step_adjustment": [],
            "target_tracking_configuration": [
              {
                "customized_metric_specification": [],
                "disable_scale_in": false,
                "predefined_metric_specification": [
                  {
                    "predefined_metric_type": "ALBRequestCountPerTarget",
                    "resource_label": "app/justin-demo-alb/af389b7de0f82727/targetgroup/jdemo-20201119210652694400000002/ae7e67eea47fd0d1"
                  }
                ],
                "target_value": 100
              }
            ]
          },
          "private": "bnVsbA==",
          "dependencies": [
            "module.alb.module.alb.aws_lb.this",
            "module.alb.module.alb.aws_lb_listener.frontend_http_tcp",
            "module.alb.module.alb.aws_lb_listener.frontend_https",
            "module.alb.module.alb.aws_lb_listener_certificate.https_listener",
            "module.alb.module.alb.aws_lb_listener_rule.https_listener_rule",
            "module.alb.module.alb.aws_lb_target_group.main",
            "module.asg-blue.aws_autoscaling_group.justin-demo-web-asg",
            "module.asg-blue.aws_launch_template.justin-demo-lt",
            "module.sgs.aws_security_group.allow_http_all",
            "module.vpc.module.vpc.aws_cloudwatch_log_group.flow_log",
            "module.vpc.module.vpc.aws_customer_gateway.this",
            "module.vpc.module.vpc.aws_db_subnet_group.database",
            "module.vpc.module.vpc.aws_default_network_acl.this",
            "module.vpc.module.vpc.aws_default_security_group.this",
            "module.vpc.module.vpc.aws_default_vpc.this",
            "module.vpc.module.vpc.aws_egress_only_internet_gateway.this",
            "module.vpc.module.vpc.aws_eip.nat",
            "module.vpc.module.vpc.aws_elasticache_subnet_group.elasticache",
            "module.vpc.module.vpc.aws_flow_log.this",
            "module.vpc.module.vpc.aws_iam_policy.vpc_flow_log_cloudwatch",
            "module.vpc.module.vpc.aws_iam_role.vpc_flow_log_cloudwatch",
            "module.vpc.module.vpc.aws_iam_role_policy_attachment.vpc_flow_log_cloudwatch",
            "module.vpc.module.vpc.aws_internet_gateway.this",
            "module.vpc.module.vpc.aws_nat_gateway.this",
            "module.vpc.module.vpc.aws_network_acl.database",
            "module.vpc.module.vpc.aws_network_acl.elasticache",
            "module.vpc.module.vpc.aws_network_acl.intra",
            "module.vpc.module.vpc.aws_network_acl.private",
            "module.vpc.module.vpc.aws_network_acl.public",
            "module.vpc.module.vpc.aws_network_acl.redshift",
            "module.vpc.module.vpc.aws_network_acl_rule.database_inbound",
            "module.vpc.module.vpc.aws_network_acl_rule.database_outbound",
            "module.vpc.module.vpc.aws_network_acl_rule.elasticache_inbound",
            "module.vpc.module.vpc.aws_network_acl_rule.elasticache_outbound",
            "module.vpc.module.vpc.aws_network_acl_rule.intra_inbound",
            "module.vpc.module.vpc.aws_network_acl_rule.intra_outbound",
            "module.vpc.module.vpc.aws_network_acl_rule.private_inbound",
            "module.vpc.module.vpc.aws_network_acl_rule.private_outbound",
            "module.vpc.module.vpc.aws_network_acl_rule.public_inbound",
            "module.vpc.module.vpc.aws_network_acl_rule.public_outbound",
            "module.vpc.module.vpc.aws_network_acl_rule.redshift_inbound",
            "module.vpc.module.vpc.aws_network_acl_rule.redshift_outbound",
            "module.vpc.module.vpc.aws_redshift_subnet_group.redshift",
            "module.vpc.module.vpc.aws_route.database_internet_gateway",
            "module.vpc.module.vpc.aws_route.database_ipv6_egress",
            "module.vpc.module.vpc.aws_route.database_nat_gateway",
            "module.vpc.module.vpc.aws_route.private_ipv6_egress",
            "module.vpc.module.vpc.aws_route.private_nat_gateway",
            "module.vpc.module.vpc.aws_route.public_internet_gateway",
            "module.vpc.module.vpc.aws_route.public_internet_gateway_ipv6",
            "module.vpc.module.vpc.aws_route_table.database",
            "module.vpc.module.vpc.aws_route_table.elasticache",
            "module.vpc.module.vpc.aws_route_table.intra",
            "module.vpc.module.vpc.aws_route_table.private",
            "module.vpc.module.vpc.aws_route_table.public",
            "module.vpc.module.vpc.aws_route_table.redshift",
            "module.vpc.module.vpc.aws_route_table_association.database",
            "module.vpc.module.vpc.aws_route_table_association.elasticache",
            "module.vpc.module.vpc.aws_route_table_association.intra",
            "module.vpc.module.vpc.aws_route_table_association.private",
            "module.vpc.module.vpc.aws_route_table_association.public",
            "module.vpc.module.vpc.aws_route_table_association.redshift",
            "module.vpc.module.vpc.aws_route_table_association.redshift_public",
            "module.vpc.module.vpc.aws_subnet.database",
            "module.vpc.module.vpc.aws_subnet.elasticache",
            "module.vpc.module.vpc.aws_subnet.intra",
            "module.vpc.module.vpc.aws_subnet.private",
            "module.vpc.module.vpc.aws_subnet.public",
            "module.vpc.module.vpc.aws_subnet.redshift",
            "module.vpc.module.vpc.aws_vpc.this",
            "module.vpc.module.vpc.aws_vpc_dhcp_options.this",
            "module.vpc.module.vpc.aws_vpc_dhcp_options_association.this",
            "module.vpc.module.vpc.aws_vpc_endpoint.access_analyzer",
            "module.vpc.module.vpc.aws_vpc_endpoint.acm_pca",
            "module.vpc.module.vpc.aws_vpc_endpoint.apigw",
            "module.vpc.module.vpc.aws_vpc_endpoint.appmesh_envoy_management",
            "module.vpc.module.vpc.aws_vpc_endpoint.appstream_api",
            "module.vpc.module.vpc.aws_vpc_endpoint.appstream_streaming",
            "module.vpc.module.vpc.aws_vpc_endpoint.athena",
            "module.vpc.module.vpc.aws_vpc_endpoint.auto_scaling_plans",
            "module.vpc.module.vpc.aws_vpc_endpoint.cloud_directory",
            "module.vpc.module.vpc.aws_vpc_endpoint.cloudformation",
            "module.vpc.module.vpc.aws_vpc_endpoint.cloudtrail",
            "module.vpc.module.vpc.aws_vpc_endpoint.codeartifact_api",
            "module.vpc.module.vpc.aws_vpc_endpoint.codeartifact_repositories",
            "module.vpc.module.vpc.aws_vpc_endpoint.codebuild",
            "module.vpc.module.vpc.aws_vpc_endpoint.codecommit",
            "module.vpc.module.vpc.aws_vpc_endpoint.codedeploy",
            "module.vpc.module.vpc.aws_vpc_endpoint.codedeploy_commands_secure",
            "module.vpc.module.vpc.aws_vpc_endpoint.codepipeline",
            "module.vpc.module.vpc.aws_vpc_endpoint.config",
            "module.vpc.module.vpc.aws_vpc_endpoint.datasync",
            "module.vpc.module.vpc.aws_vpc_endpoint.dynamodb",
            "module.vpc.module.vpc.aws_vpc_endpoint.ebs",
            "module.vpc.module.vpc.aws_vpc_endpoint.ec2",
            "module.vpc.module.vpc.aws_vpc_endpoint.ec2_autoscaling",
            "module.vpc.module.vpc.aws_vpc_endpoint.ec2messages",
            "module.vpc.module.vpc.aws_vpc_endpoint.ecr_api",
            "module.vpc.module.vpc.aws_vpc_endpoint.ecr_dkr",
            "module.vpc.module.vpc.aws_vpc_endpoint.ecs",
            "module.vpc.module.vpc.aws_vpc_endpoint.ecs_agent",
            "module.vpc.module.vpc.aws_vpc_endpoint.ecs_telemetry",
            "module.vpc.module.vpc.aws_vpc_endpoint.efs",
            "module.vpc.module.vpc.aws_vpc_endpoint.elastic_inference_runtime",
            "module.vpc.module.vpc.aws_vpc_endpoint.elasticbeanstalk",
            "module.vpc.module.vpc.aws_vpc_endpoint.elasticbeanstalk_health",
            "module.vpc.module.vpc.aws_vpc_endpoint.elasticloadbalancing",
            "module.vpc.module.vpc.aws_vpc_endpoint.emr",
            "module.vpc.module.vpc.aws_vpc_endpoint.events",
            "module.vpc.module.vpc.aws_vpc_endpoint.git_codecommit",
            "module.vpc.module.vpc.aws_vpc_endpoint.glue",
            "module.vpc.module.vpc.aws_vpc_endpoint.kinesis_firehose",
            "module.vpc.module.vpc.aws_vpc_endpoint.kinesis_streams",
            "module.vpc.module.vpc.aws_vpc_endpoint.kms",
            "module.vpc.module.vpc.aws_vpc_endpoint.lambda",
            "module.vpc.module.vpc.aws_vpc_endpoint.logs",
            "module.vpc.module.vpc.aws_vpc_endpoint.monitoring",
            "module.vpc.module.vpc.aws_vpc_endpoint.qldb_session",
            "module.vpc.module.vpc.aws_vpc_endpoint.rds",
            "module.vpc.module.vpc.aws_vpc_endpoint.rekognition",
            "module.vpc.module.vpc.aws_vpc_endpoint.s3",
            "module.vpc.module.vpc.aws_vpc_endpoint.sagemaker_api",
            "module.vpc.module.vpc.aws_vpc_endpoint.sagemaker_notebook",
            "module.vpc.module.vpc.aws_vpc_endpoint.sagemaker_runtime",
            "module.vpc.module.vpc.aws_vpc_endpoint.secretsmanager",
            "module.vpc.module.vpc.aws_vpc_endpoint.servicecatalog",
            "module.vpc.module.vpc.aws_vpc_endpoint.ses",
            "module.vpc.module.vpc.aws_vpc_endpoint.sms",
            "module.vpc.module.vpc.aws_vpc_endpoint.sns",
            "module.vpc.module.vpc.aws_vpc_endpoint.sqs",
            "module.vpc.module.vpc.aws_vpc_endpoint.ssm",
            "module.vpc.module.vpc.aws_vpc_endpoint.ssmmessages",
            "module.vpc.module.vpc.aws_vpc_endpoint.states",
            "module.vpc.module.vpc.aws_vpc_endpoint.storagegateway",
            "module.vpc.module.vpc.aws_vpc_endpoint.sts",
            "module.vpc.module.vpc.aws_vpc_endpoint.textract",
            "module.vpc.module.vpc.aws_vpc_endpoint.transfer",
            "module.vpc.module.vpc.aws_vpc_endpoint.transferserver",
            "module.vpc.module.vpc.aws_vpc_endpoint.workspaces",
            "module.vpc.module.vpc.aws_vpc_endpoint_route_table_association.intra_dynamodb",
            "module.vpc.module.vpc.aws_vpc_endpoint_route_table_association.intra_s3",
            "module.vpc.module.vpc.aws_vpc_endpoint_route_table_association.private_dynamodb",
            "module.vpc.module.vpc.aws_vpc_endpoint_route_table_association.private_s3",
            "module.vpc.module.vpc.aws_vpc_endpoint_route_table_association.public_dynamodb",
            "module.vpc.module.vpc.aws_vpc_endpoint_route_table_association.public_s3",
            "module.vpc.module.vpc.aws_vpc_ipv4_cidr_block_association.this",
            "module.vpc.module.vpc.aws_vpn_gateway.this",
            "module.vpc.module.vpc.aws_vpn_gateway_attachment.this",
            "module.vpc.module.vpc.aws_vpn_gateway_route_propagation.intra",
            "module.vpc.module.vpc.aws_vpn_gateway_route_propagation.private",
            "module.vpc.module.vpc.aws_vpn_gateway_route_propagation.public",
            "module.vpc.module.vpc.data.aws_iam_policy_document.flow_log_cloudwatch_assume_role",
            "module.vpc.module.vpc.data.aws_iam_policy_document.vpc_flow_log_cloudwatch",
            "module.vpc.module.vpc.data.aws_vpc_endpoint_service.access_analyzer",
            "module.vpc.module.vpc.data.aws_vpc_endpoint_service.acm_pca",
            "module.vpc.module.vpc.data.aws_vpc_endpoint_service.apigw",
            "module.vpc.module.vpc.data.aws_vpc_endpoint_service.appmesh_envoy_management",
            "module.vpc.module.vpc.data.aws_vpc_endpoint_service.appstream_api",
            "module.vpc.module.vpc.data.aws_vpc_endpoint_service.appstream_streaming",
            "module.vpc.module.vpc.data.aws_vpc_endpoint_service.athena",
            "module.vpc.module.vpc.data.aws_vpc_endpoint_service.auto_scaling_plans",
            "module.vpc.module.vpc.data.aws_vpc_endpoint_service.cloud_directory",
            "module.vpc.module.vpc.data.aws_vpc_endpoint_service.cloudformation",
            "module.vpc.module.vpc.data.aws_vpc_endpoint_service.cloudtrail",
            "module.vpc.module.vpc.data.aws_vpc_endpoint_service.codeartifact_api",
            "module.vpc.module.vpc.data.aws_vpc_endpoint_service.codeartifact_repositories",
            "module.vpc.module.vpc.data.aws_vpc_endpoint_service.codebuild",
            "module.vpc.module.vpc.data.aws_vpc_endpoint_service.codecommit",
            "module.vpc.module.vpc.data.aws_vpc_endpoint_service.codedeploy",
            "module.vpc.module.vpc.data.aws_vpc_endpoint_service.codedeploy_commands_secure",
            "module.vpc.module.vpc.data.aws_vpc_endpoint_service.codepipeline",
            "module.vpc.module.vpc.data.aws_vpc_endpoint_service.config",
            "module.vpc.module.vpc.data.aws_vpc_endpoint_service.datasync",
            "module.vpc.module.vpc.data.aws_vpc_endpoint_service.dynamodb",
            "module.vpc.module.vpc.data.aws_vpc_endpoint_service.ebs",
            "module.vpc.module.vpc.data.aws_vpc_endpoint_service.ec2",
            "module.vpc.module.vpc.data.aws_vpc_endpoint_service.ec2_autoscaling",
            "module.vpc.module.vpc.data.aws_vpc_endpoint_service.ec2messages",
            "module.vpc.module.vpc.data.aws_vpc_endpoint_service.ecr_api",
            "module.vpc.module.vpc.data.aws_vpc_endpoint_service.ecr_dkr",
            "module.vpc.module.vpc.data.aws_vpc_endpoint_service.ecs",
            "module.vpc.module.vpc.data.aws_vpc_endpoint_service.ecs_agent",
            "module.vpc.module.vpc.data.aws_vpc_endpoint_service.ecs_telemetry",
            "module.vpc.module.vpc.data.aws_vpc_endpoint_service.efs",
            "module.vpc.module.vpc.data.aws_vpc_endpoint_service.elastic_inference_runtime",
            "module.vpc.module.vpc.data.aws_vpc_endpoint_service.elasticbeanstalk",
            "module.vpc.module.vpc.data.aws_vpc_endpoint_service.elasticbeanstalk_health",
            "module.vpc.module.vpc.data.aws_vpc_endpoint_service.elasticloadbalancing",
            "module.vpc.module.vpc.data.aws_vpc_endpoint_service.emr",
            "module.vpc.module.vpc.data.aws_vpc_endpoint_service.events",
            "module.vpc.module.vpc.data.aws_vpc_endpoint_service.git_codecommit",
            "module.vpc.module.vpc.data.aws_vpc_endpoint_service.glue",
            "module.vpc.module.vpc.data.aws_vpc_endpoint_service.kinesis_firehose",
            "module.vpc.module.vpc.data.aws_vpc_endpoint_service.kinesis_streams",
            "module.vpc.module.vpc.data.aws_vpc_endpoint_service.kms",
            "module.vpc.module.vpc.data.aws_vpc_endpoint_service.lambda",
            "module.vpc.module.vpc.data.aws_vpc_endpoint_service.logs",
            "module.vpc.module.vpc.data.aws_vpc_endpoint_service.monitoring",
            "module.vpc.module.vpc.data.aws_vpc_endpoint_service.qldb_session",
            "module.vpc.module.vpc.data.aws_vpc_endpoint_service.rds",
            "module.vpc.module.vpc.data.aws_vpc_endpoint_service.rekognition",
            "module.vpc.module.vpc.data.aws_vpc_endpoint_service.s3",
            "module.vpc.module.vpc.data.aws_vpc_endpoint_service.sagemaker_api",
            "module.vpc.module.vpc.data.aws_vpc_endpoint_service.sagemaker_notebook",
            "module.vpc.module.vpc.data.aws_vpc_endpoint_service.sagemaker_runtime",
            "module.vpc.module.vpc.data.aws_vpc_endpoint_service.secretsmanager",
            "module.vpc.module.vpc.data.aws_vpc_endpoint_service.servicecatalog",
            "module.vpc.module.vpc.data.aws_vpc_endpoint_service.ses",
            "module.vpc.module.vpc.data.aws_vpc_endpoint_service.sms",
            "module.vpc.module.vpc.data.aws_vpc_endpoint_service.sns",
            "module.vpc.module.vpc.data.aws_vpc_endpoint_service.sqs",
            "module.vpc.module.vpc.data.aws_vpc_endpoint_service.ssm",
            "module.vpc.module.vpc.data.aws_vpc_endpoint_service.ssmmessages",
            "module.vpc.module.vpc.data.aws_vpc_endpoint_service.states",
            "module.vpc.module.vpc.data.aws_vpc_endpoint_service.storagegateway",
            "module.vpc.module.vpc.data.aws_vpc_endpoint_service.sts",
            "module.vpc.module.vpc.data.aws_vpc_endpoint_service.textract",
            "module.vpc.module.vpc.data.aws_vpc_endpoint_service.transfer",
            "module.vpc.module.vpc.data.aws_vpc_endpoint_service.transferserver",
            "module.vpc.module.vpc.data.aws_vpc_endpoint_service.workspaces"
          ]
        }
      ]
    },
    {
      "module": "module.asg-blue",
      "mode": "managed",
      "type": "aws_launch_template",
      "name": "justin-demo-lt",
      "provider": "module.asg-blue.provider[\"registry.terraform.io/hashicorp/aws\"]",
      "instances": [
        {
          "schema_version": 0,
          "attributes": {
            "arn": "arn:aws:ec2:us-east-1:210780328849:launch-template/lt-087cb805241fa9c0e",
            "block_device_mappings": [],
            "capacity_reservation_specification": [],
            "cpu_options": [],
            "credit_specification": [],
            "default_version": 1,
            "description": "",
            "disable_api_termination": false,
            "ebs_optimized": "",
            "elastic_gpu_specifications": [],
            "elastic_inference_accelerator": [],
            "hibernation_options": [],
            "iam_instance_profile": [],
            "id": "lt-087cb805241fa9c0e",
            "image_id": "ami-09beaf225d2fbcb84",
            "instance_initiated_shutdown_behavior": "",
            "instance_market_options": [],
            "instance_type": "t2.micro",
            "kernel_id": "",
            "key_name": "",
            "latest_version": 1,
            "license_specification": [],
            "metadata_options": [],
            "monitoring": [],
            "name": "justin-demo-lt-blue20201119210448805800000001",
            "name_prefix": "justin-demo-lt-blue",
            "network_interfaces": [],
            "placement": [],
            "ram_disk_id": "",
            "security_group_names": [],
            "tag_specifications": [],
            "tags": {},
            "update_default_version": null,
            "user_data": "",
            "vpc_security_group_ids": [
              "sg-02d163ad1a604af0b",
              "sg-0481896670f1c55a6",
              "sg-08ddee6bf68415b2d"
            ]
          },
          "private": "bnVsbA==",
          "dependencies": [
            "data.aws_security_groups.default_sg",
            "module.sgs.aws_security_group.allow_alb_sg",
            "module.sgs.aws_security_group.allow_http_all",
            "module.sgs.aws_security_group.allow_ssh_all",
            "module.vpc.module.vpc.aws_cloudwatch_log_group.flow_log",
            "module.vpc.module.vpc.aws_customer_gateway.this",
            "module.vpc.module.vpc.aws_db_subnet_group.database",
            "module.vpc.module.vpc.aws_default_network_acl.this",
            "module.vpc.module.vpc.aws_default_security_group.this",
            "module.vpc.module.vpc.aws_default_vpc.this",
            "module.vpc.module.vpc.aws_egress_only_internet_gateway.this",
            "module.vpc.module.vpc.aws_eip.nat",
            "module.vpc.module.vpc.aws_elasticache_subnet_group.elasticache",
            "module.vpc.module.vpc.aws_flow_log.this",
            "module.vpc.module.vpc.aws_iam_policy.vpc_flow_log_cloudwatch",
            "module.vpc.module.vpc.aws_iam_role.vpc_flow_log_cloudwatch",
            "module.vpc.module.vpc.aws_iam_role_policy_attachment.vpc_flow_log_cloudwatch",
            "module.vpc.module.vpc.aws_internet_gateway.this",
            "module.vpc.module.vpc.aws_nat_gateway.this",
            "module.vpc.module.vpc.aws_network_acl.database",
            "module.vpc.module.vpc.aws_network_acl.elasticache",
            "module.vpc.module.vpc.aws_network_acl.intra",
            "module.vpc.module.vpc.aws_network_acl.private",
            "module.vpc.module.vpc.aws_network_acl.public",
            "module.vpc.module.vpc.aws_network_acl.redshift",
            "module.vpc.module.vpc.aws_network_acl_rule.database_inbound",
            "module.vpc.module.vpc.aws_network_acl_rule.database_outbound",
            "module.vpc.module.vpc.aws_network_acl_rule.elasticache_inbound",
            "module.vpc.module.vpc.aws_network_acl_rule.elasticache_outbound",
            "module.vpc.module.vpc.aws_network_acl_rule.intra_inbound",
            "module.vpc.module.vpc.aws_network_acl_rule.intra_outbound",
            "module.vpc.module.vpc.aws_network_acl_rule.private_inbound",
            "module.vpc.module.vpc.aws_network_acl_rule.private_outbound",
            "module.vpc.module.vpc.aws_network_acl_rule.public_inbound",
            "module.vpc.module.vpc.aws_network_acl_rule.public_outbound",
            "module.vpc.module.vpc.aws_network_acl_rule.redshift_inbound",
            "module.vpc.module.vpc.aws_network_acl_rule.redshift_outbound",
            "module.vpc.module.vpc.aws_redshift_subnet_group.redshift",
            "module.vpc.module.vpc.aws_route.database_internet_gateway",
            "module.vpc.module.vpc.aws_route.database_ipv6_egress",
            "module.vpc.module.vpc.aws_route.database_nat_gateway",
            "module.vpc.module.vpc.aws_route.private_ipv6_egress",
            "module.vpc.module.vpc.aws_route.private_nat_gateway",
            "module.vpc.module.vpc.aws_route.public_internet_gateway",
            "module.vpc.module.vpc.aws_route.public_internet_gateway_ipv6",
            "module.vpc.module.vpc.aws_route_table.database",
            "module.vpc.module.vpc.aws_route_table.elasticache",
            "module.vpc.module.vpc.aws_route_table.intra",
            "module.vpc.module.vpc.aws_route_table.private",
            "module.vpc.module.vpc.aws_route_table.public",
            "module.vpc.module.vpc.aws_route_table.redshift",
            "module.vpc.module.vpc.aws_route_table_association.database",
            "module.vpc.module.vpc.aws_route_table_association.elasticache",
            "module.vpc.module.vpc.aws_route_table_association.intra",
            "module.vpc.module.vpc.aws_route_table_association.private",
            "module.vpc.module.vpc.aws_route_table_association.public",
            "module.vpc.module.vpc.aws_route_table_association.redshift",
            "module.vpc.module.vpc.aws_route_table_association.redshift_public",
            "module.vpc.module.vpc.aws_subnet.database",
            "module.vpc.module.vpc.aws_subnet.elasticache",
            "module.vpc.module.vpc.aws_subnet.intra",
            "module.vpc.module.vpc.aws_subnet.private",
            "module.vpc.module.vpc.aws_subnet.public",
            "module.vpc.module.vpc.aws_subnet.redshift",
            "module.vpc.module.vpc.aws_vpc.this",
            "module.vpc.module.vpc.aws_vpc_dhcp_options.this",
            "module.vpc.module.vpc.aws_vpc_dhcp_options_association.this",
            "module.vpc.module.vpc.aws_vpc_endpoint.access_analyzer",
            "module.vpc.module.vpc.aws_vpc_endpoint.acm_pca",
            "module.vpc.module.vpc.aws_vpc_endpoint.apigw",
            "module.vpc.module.vpc.aws_vpc_endpoint.appmesh_envoy_management",
            "module.vpc.module.vpc.aws_vpc_endpoint.appstream_api",
            "module.vpc.module.vpc.aws_vpc_endpoint.appstream_streaming",
            "module.vpc.module.vpc.aws_vpc_endpoint.athena",
            "module.vpc.module.vpc.aws_vpc_endpoint.auto_scaling_plans",
            "module.vpc.module.vpc.aws_vpc_endpoint.cloud_directory",
            "module.vpc.module.vpc.aws_vpc_endpoint.cloudformation",
            "module.vpc.module.vpc.aws_vpc_endpoint.cloudtrail",
            "module.vpc.module.vpc.aws_vpc_endpoint.codeartifact_api",
            "module.vpc.module.vpc.aws_vpc_endpoint.codeartifact_repositories",
            "module.vpc.module.vpc.aws_vpc_endpoint.codebuild",
            "module.vpc.module.vpc.aws_vpc_endpoint.codecommit",
            "module.vpc.module.vpc.aws_vpc_endpoint.codedeploy",
            "module.vpc.module.vpc.aws_vpc_endpoint.codedeploy_commands_secure",
            "module.vpc.module.vpc.aws_vpc_endpoint.codepipeline",
            "module.vpc.module.vpc.aws_vpc_endpoint.config",
            "module.vpc.module.vpc.aws_vpc_endpoint.datasync",
            "module.vpc.module.vpc.aws_vpc_endpoint.dynamodb",
            "module.vpc.module.vpc.aws_vpc_endpoint.ebs",
            "module.vpc.module.vpc.aws_vpc_endpoint.ec2",
            "module.vpc.module.vpc.aws_vpc_endpoint.ec2_autoscaling",
            "module.vpc.module.vpc.aws_vpc_endpoint.ec2messages",
            "module.vpc.module.vpc.aws_vpc_endpoint.ecr_api",
            "module.vpc.module.vpc.aws_vpc_endpoint.ecr_dkr",
            "module.vpc.module.vpc.aws_vpc_endpoint.ecs",
            "module.vpc.module.vpc.aws_vpc_endpoint.ecs_agent",
            "module.vpc.module.vpc.aws_vpc_endpoint.ecs_telemetry",
            "module.vpc.module.vpc.aws_vpc_endpoint.efs",
            "module.vpc.module.vpc.aws_vpc_endpoint.elastic_inference_runtime",
            "module.vpc.module.vpc.aws_vpc_endpoint.elasticbeanstalk",
            "module.vpc.module.vpc.aws_vpc_endpoint.elasticbeanstalk_health",
            "module.vpc.module.vpc.aws_vpc_endpoint.elasticloadbalancing",
            "module.vpc.module.vpc.aws_vpc_endpoint.emr",
            "module.vpc.module.vpc.aws_vpc_endpoint.events",
            "module.vpc.module.vpc.aws_vpc_endpoint.git_codecommit",
            "module.vpc.module.vpc.aws_vpc_endpoint.glue",
            "module.vpc.module.vpc.aws_vpc_endpoint.kinesis_firehose",
            "module.vpc.module.vpc.aws_vpc_endpoint.kinesis_streams",
            "module.vpc.module.vpc.aws_vpc_endpoint.kms",
            "module.vpc.module.vpc.aws_vpc_endpoint.lambda",
            "module.vpc.module.vpc.aws_vpc_endpoint.logs",
            "module.vpc.module.vpc.aws_vpc_endpoint.monitoring",
            "module.vpc.module.vpc.aws_vpc_endpoint.qldb_session",
            "module.vpc.module.vpc.aws_vpc_endpoint.rds",
            "module.vpc.module.vpc.aws_vpc_endpoint.rekognition",
            "module.vpc.module.vpc.aws_vpc_endpoint.s3",
            "module.vpc.module.vpc.aws_vpc_endpoint.sagemaker_api",
            "module.vpc.module.vpc.aws_vpc_endpoint.sagemaker_notebook",
            "module.vpc.module.vpc.aws_vpc_endpoint.sagemaker_runtime",
            "module.vpc.module.vpc.aws_vpc_endpoint.secretsmanager",
            "module.vpc.module.vpc.aws_vpc_endpoint.servicecatalog",
            "module.vpc.module.vpc.aws_vpc_endpoint.ses",
            "module.vpc.module.vpc.aws_vpc_endpoint.sms",
            "module.vpc.module.vpc.aws_vpc_endpoint.sns",
            "module.vpc.module.vpc.aws_vpc_endpoint.sqs",
            "module.vpc.module.vpc.aws_vpc_endpoint.ssm",
            "module.vpc.module.vpc.aws_vpc_endpoint.ssmmessages",
            "module.vpc.module.vpc.aws_vpc_endpoint.states",
            "module.vpc.module.vpc.aws_vpc_endpoint.storagegateway",
            "module.vpc.module.vpc.aws_vpc_endpoint.sts",
            "module.vpc.module.vpc.aws_vpc_endpoint.textract",
            "module.vpc.module.vpc.aws_vpc_endpoint.transfer",
            "module.vpc.module.vpc.aws_vpc_endpoint.transferserver",
            "module.vpc.module.vpc.aws_vpc_endpoint.workspaces",
            "module.vpc.module.vpc.aws_vpc_endpoint_route_table_association.intra_dynamodb",
            "module.vpc.module.vpc.aws_vpc_endpoint_route_table_association.intra_s3",
            "module.vpc.module.vpc.aws_vpc_endpoint_route_table_association.private_dynamodb",
            "module.vpc.module.vpc.aws_vpc_endpoint_route_table_association.private_s3",
            "module.vpc.module.vpc.aws_vpc_endpoint_route_table_association.public_dynamodb",
            "module.vpc.module.vpc.aws_vpc_endpoint_route_table_association.public_s3",
            "module.vpc.module.vpc.aws_vpc_ipv4_cidr_block_association.this",
            "module.vpc.module.vpc.aws_vpn_gateway.this",
            "module.vpc.module.vpc.aws_vpn_gateway_attachment.this",
            "module.vpc.module.vpc.aws_vpn_gateway_route_propagation.intra",
            "module.vpc.module.vpc.aws_vpn_gateway_route_propagation.private",
            "module.vpc.module.vpc.aws_vpn_gateway_route_propagation.public",
            "module.vpc.module.vpc.data.aws_iam_policy_document.flow_log_cloudwatch_assume_role",
            "module.vpc.module.vpc.data.aws_iam_policy_document.vpc_flow_log_cloudwatch",
            "module.vpc.module.vpc.data.aws_vpc_endpoint_service.access_analyzer",
            "module.vpc.module.vpc.data.aws_vpc_endpoint_service.acm_pca",
            "module.vpc.module.vpc.data.aws_vpc_endpoint_service.apigw",
            "module.vpc.module.vpc.data.aws_vpc_endpoint_service.appmesh_envoy_management",
            "module.vpc.module.vpc.data.aws_vpc_endpoint_service.appstream_api",
            "module.vpc.module.vpc.data.aws_vpc_endpoint_service.appstream_streaming",
            "module.vpc.module.vpc.data.aws_vpc_endpoint_service.athena",
            "module.vpc.module.vpc.data.aws_vpc_endpoint_service.auto_scaling_plans",
            "module.vpc.module.vpc.data.aws_vpc_endpoint_service.cloud_directory",
            "module.vpc.module.vpc.data.aws_vpc_endpoint_service.cloudformation",
            "module.vpc.module.vpc.data.aws_vpc_endpoint_service.cloudtrail",
            "module.vpc.module.vpc.data.aws_vpc_endpoint_service.codeartifact_api",
            "module.vpc.module.vpc.data.aws_vpc_endpoint_service.codeartifact_repositories",
            "module.vpc.module.vpc.data.aws_vpc_endpoint_service.codebuild",
            "module.vpc.module.vpc.data.aws_vpc_endpoint_service.codecommit",
            "module.vpc.module.vpc.data.aws_vpc_endpoint_service.codedeploy",
            "module.vpc.module.vpc.data.aws_vpc_endpoint_service.codedeploy_commands_secure",
            "module.vpc.module.vpc.data.aws_vpc_endpoint_service.codepipeline",
            "module.vpc.module.vpc.data.aws_vpc_endpoint_service.config",
            "module.vpc.module.vpc.data.aws_vpc_endpoint_service.datasync",
            "module.vpc.module.vpc.data.aws_vpc_endpoint_service.dynamodb",
            "module.vpc.module.vpc.data.aws_vpc_endpoint_service.ebs",
            "module.vpc.module.vpc.data.aws_vpc_endpoint_service.ec2",
            "module.vpc.module.vpc.data.aws_vpc_endpoint_service.ec2_autoscaling",
            "module.vpc.module.vpc.data.aws_vpc_endpoint_service.ec2messages",
            "module.vpc.module.vpc.data.aws_vpc_endpoint_service.ecr_api",
            "module.vpc.module.vpc.data.aws_vpc_endpoint_service.ecr_dkr",
            "module.vpc.module.vpc.data.aws_vpc_endpoint_service.ecs",
            "module.vpc.module.vpc.data.aws_vpc_endpoint_service.ecs_agent",
            "module.vpc.module.vpc.data.aws_vpc_endpoint_service.ecs_telemetry",
            "module.vpc.module.vpc.data.aws_vpc_endpoint_service.efs",
            "module.vpc.module.vpc.data.aws_vpc_endpoint_service.elastic_inference_runtime",
            "module.vpc.module.vpc.data.aws_vpc_endpoint_service.elasticbeanstalk",
            "module.vpc.module.vpc.data.aws_vpc_endpoint_service.elasticbeanstalk_health",
            "module.vpc.module.vpc.data.aws_vpc_endpoint_service.elasticloadbalancing",
            "module.vpc.module.vpc.data.aws_vpc_endpoint_service.emr",
            "module.vpc.module.vpc.data.aws_vpc_endpoint_service.events",
            "module.vpc.module.vpc.data.aws_vpc_endpoint_service.git_codecommit",
            "module.vpc.module.vpc.data.aws_vpc_endpoint_service.glue",
            "module.vpc.module.vpc.data.aws_vpc_endpoint_service.kinesis_firehose",
            "module.vpc.module.vpc.data.aws_vpc_endpoint_service.kinesis_streams",
            "module.vpc.module.vpc.data.aws_vpc_endpoint_service.kms",
            "module.vpc.module.vpc.data.aws_vpc_endpoint_service.lambda",
            "module.vpc.module.vpc.data.aws_vpc_endpoint_service.logs",
            "module.vpc.module.vpc.data.aws_vpc_endpoint_service.monitoring",
            "module.vpc.module.vpc.data.aws_vpc_endpoint_service.qldb_session",
            "module.vpc.module.vpc.data.aws_vpc_endpoint_service.rds",
            "module.vpc.module.vpc.data.aws_vpc_endpoint_service.rekognition",
            "module.vpc.module.vpc.data.aws_vpc_endpoint_service.s3",
            "module.vpc.module.vpc.data.aws_vpc_endpoint_service.sagemaker_api",
            "module.vpc.module.vpc.data.aws_vpc_endpoint_service.sagemaker_notebook",
            "module.vpc.module.vpc.data.aws_vpc_endpoint_service.sagemaker_runtime",
            "module.vpc.module.vpc.data.aws_vpc_endpoint_service.secretsmanager",
            "module.vpc.module.vpc.data.aws_vpc_endpoint_service.servicecatalog",
            "module.vpc.module.vpc.data.aws_vpc_endpoint_service.ses",
            "module.vpc.module.vpc.data.aws_vpc_endpoint_service.sms",
            "module.vpc.module.vpc.data.aws_vpc_endpoint_service.sns",
            "module.vpc.module.vpc.data.aws_vpc_endpoint_service.sqs",
            "module.vpc.module.vpc.data.aws_vpc_endpoint_service.ssm",
            "module.vpc.module.vpc.data.aws_vpc_endpoint_service.ssmmessages",
            "module.vpc.module.vpc.data.aws_vpc_endpoint_service.states",
            "module.vpc.module.vpc.data.aws_vpc_endpoint_service.storagegateway",
            "module.vpc.module.vpc.data.aws_vpc_endpoint_service.sts",
            "module.vpc.module.vpc.data.aws_vpc_endpoint_service.textract",
            "module.vpc.module.vpc.data.aws_vpc_endpoint_service.transfer",
            "module.vpc.module.vpc.data.aws_vpc_endpoint_service.transferserver",
            "module.vpc.module.vpc.data.aws_vpc_endpoint_service.workspaces"
          ]
        }
      ]
    },
    {
      "module": "module.asg-blue",
      "mode": "managed",
      "type": "aws_placement_group",
      "name": "justin-demo-pg",
      "provider": "module.asg-blue.provider[\"registry.terraform.io/hashicorp/aws\"]",
      "instances": [
        {
          "schema_version": 0,
          "attributes": {
            "arn": "arn:aws:ec2:us-east-1:210780328849:placement-group/justin-demo-pg-blue",
            "id": "justin-demo-pg-blue",
            "name": "justin-demo-pg-blue",
            "placement_group_id": "pg-08808e35e4bfa5268",
            "strategy": "partition",
            "tags": {}
          },
          "private": "bnVsbA=="
        }
      ]
    },
    {
      "module": "module.asg-green",
      "mode": "managed",
      "type": "aws_autoscaling_group",
      "name": "justin-demo-web-asg",
      "provider": "module.asg-green.provider[\"registry.terraform.io/hashicorp/aws\"]",
      "instances": [
        {
          "schema_version": 0,
          "attributes": {
            "arn": "arn:aws:autoscaling:us-east-1:210780328849:autoScalingGroup:5f78499c-be9f-496a-93dc-098958416ade:autoScalingGroupName/jtest-asg-green",
            "availability_zones": [
              "us-east-1a",
              "us-east-1b",
              "us-east-1c"
            ],
            "default_cooldown": 300,
            "desired_capacity": 10,
            "enabled_metrics": [],
            "force_delete": true,
            "health_check_grace_period": 60,
            "health_check_type": "EC2",
            "id": "jtest-asg-green",
            "initial_lifecycle_hook": [],
            "launch_configuration": "",
            "launch_template": [
              {
                "id": "lt-007f5880cce4dee43",
                "name": "justin-demo-lt-green20201119210448805900000001",
                "version": "$Latest"
              }
            ],
            "load_balancers": [],
            "max_instance_lifetime": 0,
            "max_size": 10,
            "metrics_granularity": "1Minute",
            "min_elb_capacity": null,
            "min_size": 1,
            "mixed_instances_policy": [],
            "name": "jtest-asg-green",
            "name_prefix": null,
            "placement_group": "",
            "protect_from_scale_in": false,
            "service_linked_role_arn": "arn:aws:iam::210780328849:role/aws-service-role/autoscaling.amazonaws.com/AWSServiceRoleForAutoScaling",
            "suspended_processes": [],
            "tag": [
              {
                "key": "env",
                "propagate_at_launch": true,
                "value": "green"
              }
            ],
            "tags": null,
            "target_group_arns": [
              "",
              "arn:aws:elasticloadbalancing:us-east-1:210780328849:targetgroup/gdemo-20201119210652694500000003/cef0c9bf778c9f91"
            ],
            "termination_policies": [
              "OldestLaunchTemplate"
            ],
            "timeouts": {
              "delete": "15m"
            },
            "vpc_zone_identifier": [
              "subnet-00f46bbc5a7b203af",
              "subnet-0eb297f9f090092da",
              "subnet-0f7749f9f5dba3d2b"
            ],
            "wait_for_capacity_timeout": "10m",
            "wait_for_elb_capacity": null
          },
          "private": "eyJlMmJmYjczMC1lY2FhLTExZTYtOGY4OC0zNDM2M2JjN2M0YzAiOnsiZGVsZXRlIjo5MDAwMDAwMDAwMDB9fQ==",
          "dependencies": [
            "module.alb.module.alb.aws_lb.this",
            "module.alb.module.alb.aws_lb_listener.frontend_http_tcp",
            "module.alb.module.alb.aws_lb_listener.frontend_https",
            "module.alb.module.alb.aws_lb_listener_certificate.https_listener",
            "module.alb.module.alb.aws_lb_listener_rule.https_listener_rule",
            "module.alb.module.alb.aws_lb_target_group.main",
            "module.asg-green.aws_launch_template.justin-demo-lt",
            "module.sgs.aws_security_group.allow_http_all",
            "module.vpc.module.vpc.aws_cloudwatch_log_group.flow_log",
            "module.vpc.module.vpc.aws_customer_gateway.this",
            "module.vpc.module.vpc.aws_db_subnet_group.database",
            "module.vpc.module.vpc.aws_default_network_acl.this",
            "module.vpc.module.vpc.aws_default_security_group.this",
            "module.vpc.module.vpc.aws_default_vpc.this",
            "module.vpc.module.vpc.aws_egress_only_internet_gateway.this",
            "module.vpc.module.vpc.aws_eip.nat",
            "module.vpc.module.vpc.aws_elasticache_subnet_group.elasticache",
            "module.vpc.module.vpc.aws_flow_log.this",
            "module.vpc.module.vpc.aws_iam_policy.vpc_flow_log_cloudwatch",
            "module.vpc.module.vpc.aws_iam_role.vpc_flow_log_cloudwatch",
            "module.vpc.module.vpc.aws_iam_role_policy_attachment.vpc_flow_log_cloudwatch",
            "module.vpc.module.vpc.aws_internet_gateway.this",
            "module.vpc.module.vpc.aws_nat_gateway.this",
            "module.vpc.module.vpc.aws_network_acl.database",
            "module.vpc.module.vpc.aws_network_acl.elasticache",
            "module.vpc.module.vpc.aws_network_acl.intra",
            "module.vpc.module.vpc.aws_network_acl.private",
            "module.vpc.module.vpc.aws_network_acl.public",
            "module.vpc.module.vpc.aws_network_acl.redshift",
            "module.vpc.module.vpc.aws_network_acl_rule.database_inbound",
            "module.vpc.module.vpc.aws_network_acl_rule.database_outbound",
            "module.vpc.module.vpc.aws_network_acl_rule.elasticache_inbound",
            "module.vpc.module.vpc.aws_network_acl_rule.elasticache_outbound",
            "module.vpc.module.vpc.aws_network_acl_rule.intra_inbound",
            "module.vpc.module.vpc.aws_network_acl_rule.intra_outbound",
            "module.vpc.module.vpc.aws_network_acl_rule.private_inbound",
            "module.vpc.module.vpc.aws_network_acl_rule.private_outbound",
            "module.vpc.module.vpc.aws_network_acl_rule.public_inbound",
            "module.vpc.module.vpc.aws_network_acl_rule.public_outbound",
            "module.vpc.module.vpc.aws_network_acl_rule.redshift_inbound",
            "module.vpc.module.vpc.aws_network_acl_rule.redshift_outbound",
            "module.vpc.module.vpc.aws_redshift_subnet_group.redshift",
            "module.vpc.module.vpc.aws_route.database_internet_gateway",
            "module.vpc.module.vpc.aws_route.database_ipv6_egress",
            "module.vpc.module.vpc.aws_route.database_nat_gateway",
            "module.vpc.module.vpc.aws_route.private_ipv6_egress",
            "module.vpc.module.vpc.aws_route.private_nat_gateway",
            "module.vpc.module.vpc.aws_route.public_internet_gateway",
            "module.vpc.module.vpc.aws_route.public_internet_gateway_ipv6",
            "module.vpc.module.vpc.aws_route_table.database",
            "module.vpc.module.vpc.aws_route_table.elasticache",
            "module.vpc.module.vpc.aws_route_table.intra",
            "module.vpc.module.vpc.aws_route_table.private",
            "module.vpc.module.vpc.aws_route_table.public",
            "module.vpc.module.vpc.aws_route_table.redshift",
            "module.vpc.module.vpc.aws_route_table_association.database",
            "module.vpc.module.vpc.aws_route_table_association.elasticache",
            "module.vpc.module.vpc.aws_route_table_association.intra",
            "module.vpc.module.vpc.aws_route_table_association.private",
            "module.vpc.module.vpc.aws_route_table_association.public",
            "module.vpc.module.vpc.aws_route_table_association.redshift",
            "module.vpc.module.vpc.aws_route_table_association.redshift_public",
            "module.vpc.module.vpc.aws_subnet.database",
            "module.vpc.module.vpc.aws_subnet.elasticache",
            "module.vpc.module.vpc.aws_subnet.intra",
            "module.vpc.module.vpc.aws_subnet.private",
            "module.vpc.module.vpc.aws_subnet.public",
            "module.vpc.module.vpc.aws_subnet.redshift",
            "module.vpc.module.vpc.aws_vpc.this",
            "module.vpc.module.vpc.aws_vpc_dhcp_options.this",
            "module.vpc.module.vpc.aws_vpc_dhcp_options_association.this",
            "module.vpc.module.vpc.aws_vpc_endpoint.access_analyzer",
            "module.vpc.module.vpc.aws_vpc_endpoint.acm_pca",
            "module.vpc.module.vpc.aws_vpc_endpoint.apigw",
            "module.vpc.module.vpc.aws_vpc_endpoint.appmesh_envoy_management",
            "module.vpc.module.vpc.aws_vpc_endpoint.appstream_api",
            "module.vpc.module.vpc.aws_vpc_endpoint.appstream_streaming",
            "module.vpc.module.vpc.aws_vpc_endpoint.athena",
            "module.vpc.module.vpc.aws_vpc_endpoint.auto_scaling_plans",
            "module.vpc.module.vpc.aws_vpc_endpoint.cloud_directory",
            "module.vpc.module.vpc.aws_vpc_endpoint.cloudformation",
            "module.vpc.module.vpc.aws_vpc_endpoint.cloudtrail",
            "module.vpc.module.vpc.aws_vpc_endpoint.codeartifact_api",
            "module.vpc.module.vpc.aws_vpc_endpoint.codeartifact_repositories",
            "module.vpc.module.vpc.aws_vpc_endpoint.codebuild",
            "module.vpc.module.vpc.aws_vpc_endpoint.codecommit",
            "module.vpc.module.vpc.aws_vpc_endpoint.codedeploy",
            "module.vpc.module.vpc.aws_vpc_endpoint.codedeploy_commands_secure",
            "module.vpc.module.vpc.aws_vpc_endpoint.codepipeline",
            "module.vpc.module.vpc.aws_vpc_endpoint.config",
            "module.vpc.module.vpc.aws_vpc_endpoint.datasync",
            "module.vpc.module.vpc.aws_vpc_endpoint.dynamodb",
            "module.vpc.module.vpc.aws_vpc_endpoint.ebs",
            "module.vpc.module.vpc.aws_vpc_endpoint.ec2",
            "module.vpc.module.vpc.aws_vpc_endpoint.ec2_autoscaling",
            "module.vpc.module.vpc.aws_vpc_endpoint.ec2messages",
            "module.vpc.module.vpc.aws_vpc_endpoint.ecr_api",
            "module.vpc.module.vpc.aws_vpc_endpoint.ecr_dkr",
            "module.vpc.module.vpc.aws_vpc_endpoint.ecs",
            "module.vpc.module.vpc.aws_vpc_endpoint.ecs_agent",
            "module.vpc.module.vpc.aws_vpc_endpoint.ecs_telemetry",
            "module.vpc.module.vpc.aws_vpc_endpoint.efs",
            "module.vpc.module.vpc.aws_vpc_endpoint.elastic_inference_runtime",
            "module.vpc.module.vpc.aws_vpc_endpoint.elasticbeanstalk",
            "module.vpc.module.vpc.aws_vpc_endpoint.elasticbeanstalk_health",
            "module.vpc.module.vpc.aws_vpc_endpoint.elasticloadbalancing",
            "module.vpc.module.vpc.aws_vpc_endpoint.emr",
            "module.vpc.module.vpc.aws_vpc_endpoint.events",
            "module.vpc.module.vpc.aws_vpc_endpoint.git_codecommit",
            "module.vpc.module.vpc.aws_vpc_endpoint.glue",
            "module.vpc.module.vpc.aws_vpc_endpoint.kinesis_firehose",
            "module.vpc.module.vpc.aws_vpc_endpoint.kinesis_streams",
            "module.vpc.module.vpc.aws_vpc_endpoint.kms",
            "module.vpc.module.vpc.aws_vpc_endpoint.lambda",
            "module.vpc.module.vpc.aws_vpc_endpoint.logs",
            "module.vpc.module.vpc.aws_vpc_endpoint.monitoring",
            "module.vpc.module.vpc.aws_vpc_endpoint.qldb_session",
            "module.vpc.module.vpc.aws_vpc_endpoint.rds",
            "module.vpc.module.vpc.aws_vpc_endpoint.rekognition",
            "module.vpc.module.vpc.aws_vpc_endpoint.s3",
            "module.vpc.module.vpc.aws_vpc_endpoint.sagemaker_api",
            "module.vpc.module.vpc.aws_vpc_endpoint.sagemaker_notebook",
            "module.vpc.module.vpc.aws_vpc_endpoint.sagemaker_runtime",
            "module.vpc.module.vpc.aws_vpc_endpoint.secretsmanager",
            "module.vpc.module.vpc.aws_vpc_endpoint.servicecatalog",
            "module.vpc.module.vpc.aws_vpc_endpoint.ses",
            "module.vpc.module.vpc.aws_vpc_endpoint.sms",
            "module.vpc.module.vpc.aws_vpc_endpoint.sns",
            "module.vpc.module.vpc.aws_vpc_endpoint.sqs",
            "module.vpc.module.vpc.aws_vpc_endpoint.ssm",
            "module.vpc.module.vpc.aws_vpc_endpoint.ssmmessages",
            "module.vpc.module.vpc.aws_vpc_endpoint.states",
            "module.vpc.module.vpc.aws_vpc_endpoint.storagegateway",
            "module.vpc.module.vpc.aws_vpc_endpoint.sts",
            "module.vpc.module.vpc.aws_vpc_endpoint.textract",
            "module.vpc.module.vpc.aws_vpc_endpoint.transfer",
            "module.vpc.module.vpc.aws_vpc_endpoint.transferserver",
            "module.vpc.module.vpc.aws_vpc_endpoint.workspaces",
            "module.vpc.module.vpc.aws_vpc_endpoint_route_table_association.intra_dynamodb",
            "module.vpc.module.vpc.aws_vpc_endpoint_route_table_association.intra_s3",
            "module.vpc.module.vpc.aws_vpc_endpoint_route_table_association.private_dynamodb",
            "module.vpc.module.vpc.aws_vpc_endpoint_route_table_association.private_s3",
            "module.vpc.module.vpc.aws_vpc_endpoint_route_table_association.public_dynamodb",
            "module.vpc.module.vpc.aws_vpc_endpoint_route_table_association.public_s3",
            "module.vpc.module.vpc.aws_vpc_ipv4_cidr_block_association.this",
            "module.vpc.module.vpc.aws_vpn_gateway.this",
            "module.vpc.module.vpc.aws_vpn_gateway_attachment.this",
            "module.vpc.module.vpc.aws_vpn_gateway_route_propagation.intra",
            "module.vpc.module.vpc.aws_vpn_gateway_route_propagation.private",
            "module.vpc.module.vpc.aws_vpn_gateway_route_propagation.public",
            "module.vpc.module.vpc.data.aws_iam_policy_document.flow_log_cloudwatch_assume_role",
            "module.vpc.module.vpc.data.aws_iam_policy_document.vpc_flow_log_cloudwatch",
            "module.vpc.module.vpc.data.aws_vpc_endpoint_service.access_analyzer",
            "module.vpc.module.vpc.data.aws_vpc_endpoint_service.acm_pca",
            "module.vpc.module.vpc.data.aws_vpc_endpoint_service.apigw",
            "module.vpc.module.vpc.data.aws_vpc_endpoint_service.appmesh_envoy_management",
            "module.vpc.module.vpc.data.aws_vpc_endpoint_service.appstream_api",
            "module.vpc.module.vpc.data.aws_vpc_endpoint_service.appstream_streaming",
            "module.vpc.module.vpc.data.aws_vpc_endpoint_service.athena",
            "module.vpc.module.vpc.data.aws_vpc_endpoint_service.auto_scaling_plans",
            "module.vpc.module.vpc.data.aws_vpc_endpoint_service.cloud_directory",
            "module.vpc.module.vpc.data.aws_vpc_endpoint_service.cloudformation",
            "module.vpc.module.vpc.data.aws_vpc_endpoint_service.cloudtrail",
            "module.vpc.module.vpc.data.aws_vpc_endpoint_service.codeartifact_api",
            "module.vpc.module.vpc.data.aws_vpc_endpoint_service.codeartifact_repositories",
            "module.vpc.module.vpc.data.aws_vpc_endpoint_service.codebuild",
            "module.vpc.module.vpc.data.aws_vpc_endpoint_service.codecommit",
            "module.vpc.module.vpc.data.aws_vpc_endpoint_service.codedeploy",
            "module.vpc.module.vpc.data.aws_vpc_endpoint_service.codedeploy_commands_secure",
            "module.vpc.module.vpc.data.aws_vpc_endpoint_service.codepipeline",
            "module.vpc.module.vpc.data.aws_vpc_endpoint_service.config",
            "module.vpc.module.vpc.data.aws_vpc_endpoint_service.datasync",
            "module.vpc.module.vpc.data.aws_vpc_endpoint_service.dynamodb",
            "module.vpc.module.vpc.data.aws_vpc_endpoint_service.ebs",
            "module.vpc.module.vpc.data.aws_vpc_endpoint_service.ec2",
            "module.vpc.module.vpc.data.aws_vpc_endpoint_service.ec2_autoscaling",
            "module.vpc.module.vpc.data.aws_vpc_endpoint_service.ec2messages",
            "module.vpc.module.vpc.data.aws_vpc_endpoint_service.ecr_api",
            "module.vpc.module.vpc.data.aws_vpc_endpoint_service.ecr_dkr",
            "module.vpc.module.vpc.data.aws_vpc_endpoint_service.ecs",
            "module.vpc.module.vpc.data.aws_vpc_endpoint_service.ecs_agent",
            "module.vpc.module.vpc.data.aws_vpc_endpoint_service.ecs_telemetry",
            "module.vpc.module.vpc.data.aws_vpc_endpoint_service.efs",
            "module.vpc.module.vpc.data.aws_vpc_endpoint_service.elastic_inference_runtime",
            "module.vpc.module.vpc.data.aws_vpc_endpoint_service.elasticbeanstalk",
            "module.vpc.module.vpc.data.aws_vpc_endpoint_service.elasticbeanstalk_health",
            "module.vpc.module.vpc.data.aws_vpc_endpoint_service.elasticloadbalancing",
            "module.vpc.module.vpc.data.aws_vpc_endpoint_service.emr",
            "module.vpc.module.vpc.data.aws_vpc_endpoint_service.events",
            "module.vpc.module.vpc.data.aws_vpc_endpoint_service.git_codecommit",
            "module.vpc.module.vpc.data.aws_vpc_endpoint_service.glue",
            "module.vpc.module.vpc.data.aws_vpc_endpoint_service.kinesis_firehose",
            "module.vpc.module.vpc.data.aws_vpc_endpoint_service.kinesis_streams",
            "module.vpc.module.vpc.data.aws_vpc_endpoint_service.kms",
            "module.vpc.module.vpc.data.aws_vpc_endpoint_service.lambda",
            "module.vpc.module.vpc.data.aws_vpc_endpoint_service.logs",
            "module.vpc.module.vpc.data.aws_vpc_endpoint_service.monitoring",
            "module.vpc.module.vpc.data.aws_vpc_endpoint_service.qldb_session",
            "module.vpc.module.vpc.data.aws_vpc_endpoint_service.rds",
            "module.vpc.module.vpc.data.aws_vpc_endpoint_service.rekognition",
            "module.vpc.module.vpc.data.aws_vpc_endpoint_service.s3",
            "module.vpc.module.vpc.data.aws_vpc_endpoint_service.sagemaker_api",
            "module.vpc.module.vpc.data.aws_vpc_endpoint_service.sagemaker_notebook",
            "module.vpc.module.vpc.data.aws_vpc_endpoint_service.sagemaker_runtime",
            "module.vpc.module.vpc.data.aws_vpc_endpoint_service.secretsmanager",
            "module.vpc.module.vpc.data.aws_vpc_endpoint_service.servicecatalog",
            "module.vpc.module.vpc.data.aws_vpc_endpoint_service.ses",
            "module.vpc.module.vpc.data.aws_vpc_endpoint_service.sms",
            "module.vpc.module.vpc.data.aws_vpc_endpoint_service.sns",
            "module.vpc.module.vpc.data.aws_vpc_endpoint_service.sqs",
            "module.vpc.module.vpc.data.aws_vpc_endpoint_service.ssm",
            "module.vpc.module.vpc.data.aws_vpc_endpoint_service.ssmmessages",
            "module.vpc.module.vpc.data.aws_vpc_endpoint_service.states",
            "module.vpc.module.vpc.data.aws_vpc_endpoint_service.storagegateway",
            "module.vpc.module.vpc.data.aws_vpc_endpoint_service.sts",
            "module.vpc.module.vpc.data.aws_vpc_endpoint_service.textract",
            "module.vpc.module.vpc.data.aws_vpc_endpoint_service.transfer",
            "module.vpc.module.vpc.data.aws_vpc_endpoint_service.transferserver",
            "module.vpc.module.vpc.data.aws_vpc_endpoint_service.workspaces"
          ]
        }
      ]
    },
    {
      "module": "module.asg-green",
      "mode": "managed",
      "type": "aws_autoscaling_policy",
      "name": "justin-demo-scale-cpu",
      "provider": "module.asg-green.provider[\"registry.terraform.io/hashicorp/aws\"]",
      "instances": [
        {
          "index_key": 0,
          "schema_version": 0,
          "attributes": {
            "adjustment_type": "",
            "arn": "arn:aws:autoscaling:us-east-1:210780328849:scalingPolicy:9551cbf2-ed3f-45b8-bd75-633078973f19:autoScalingGroupName/jtest-asg-green:policyName/cpu-scaling-green",
            "autoscaling_group_name": "jtest-asg-green",
            "cooldown": 0,
            "estimated_instance_warmup": 0,
            "id": "cpu-scaling-green",
            "metric_aggregation_type": "",
            "min_adjustment_magnitude": null,
            "name": "cpu-scaling-green",
            "policy_type": "TargetTrackingScaling",
            "scaling_adjustment": 0,
            "step_adjustment": [],
            "target_tracking_configuration": [
              {
                "customized_metric_specification": [],
                "disable_scale_in": false,
                "predefined_metric_specification": [
                  {
                    "predefined_metric_type": "ASGAverageCPUUtilization",
                    "resource_label": ""
                  }
                ],
                "target_value": 20
              }
            ]
          },
          "private": "bnVsbA==",
          "dependencies": [
            "module.alb.module.alb.aws_lb.this",
            "module.alb.module.alb.aws_lb_listener.frontend_http_tcp",
            "module.alb.module.alb.aws_lb_listener.frontend_https",
            "module.alb.module.alb.aws_lb_listener_certificate.https_listener",
            "module.alb.module.alb.aws_lb_listener_rule.https_listener_rule",
            "module.alb.module.alb.aws_lb_target_group.main",
            "module.asg-green.aws_autoscaling_group.justin-demo-web-asg",
            "module.asg-green.aws_launch_template.justin-demo-lt",
            "module.sgs.aws_security_group.allow_http_all",
            "module.vpc.module.vpc.aws_cloudwatch_log_group.flow_log",
            "module.vpc.module.vpc.aws_customer_gateway.this",
            "module.vpc.module.vpc.aws_db_subnet_group.database",
            "module.vpc.module.vpc.aws_default_network_acl.this",
            "module.vpc.module.vpc.aws_default_security_group.this",
            "module.vpc.module.vpc.aws_default_vpc.this",
            "module.vpc.module.vpc.aws_egress_only_internet_gateway.this",
            "module.vpc.module.vpc.aws_eip.nat",
            "module.vpc.module.vpc.aws_elasticache_subnet_group.elasticache",
            "module.vpc.module.vpc.aws_flow_log.this",
            "module.vpc.module.vpc.aws_iam_policy.vpc_flow_log_cloudwatch",
            "module.vpc.module.vpc.aws_iam_role.vpc_flow_log_cloudwatch",
            "module.vpc.module.vpc.aws_iam_role_policy_attachment.vpc_flow_log_cloudwatch",
            "module.vpc.module.vpc.aws_internet_gateway.this",
            "module.vpc.module.vpc.aws_nat_gateway.this",
            "module.vpc.module.vpc.aws_network_acl.database",
            "module.vpc.module.vpc.aws_network_acl.elasticache",
            "module.vpc.module.vpc.aws_network_acl.intra",
            "module.vpc.module.vpc.aws_network_acl.private",
            "module.vpc.module.vpc.aws_network_acl.public",
            "module.vpc.module.vpc.aws_network_acl.redshift",
            "module.vpc.module.vpc.aws_network_acl_rule.database_inbound",
            "module.vpc.module.vpc.aws_network_acl_rule.database_outbound",
            "module.vpc.module.vpc.aws_network_acl_rule.elasticache_inbound",
            "module.vpc.module.vpc.aws_network_acl_rule.elasticache_outbound",
            "module.vpc.module.vpc.aws_network_acl_rule.intra_inbound",
            "module.vpc.module.vpc.aws_network_acl_rule.intra_outbound",
            "module.vpc.module.vpc.aws_network_acl_rule.private_inbound",
            "module.vpc.module.vpc.aws_network_acl_rule.private_outbound",
            "module.vpc.module.vpc.aws_network_acl_rule.public_inbound",
            "module.vpc.module.vpc.aws_network_acl_rule.public_outbound",
            "module.vpc.module.vpc.aws_network_acl_rule.redshift_inbound",
            "module.vpc.module.vpc.aws_network_acl_rule.redshift_outbound",
            "module.vpc.module.vpc.aws_redshift_subnet_group.redshift",
            "module.vpc.module.vpc.aws_route.database_internet_gateway",
            "module.vpc.module.vpc.aws_route.database_ipv6_egress",
            "module.vpc.module.vpc.aws_route.database_nat_gateway",
            "module.vpc.module.vpc.aws_route.private_ipv6_egress",
            "module.vpc.module.vpc.aws_route.private_nat_gateway",
            "module.vpc.module.vpc.aws_route.public_internet_gateway",
            "module.vpc.module.vpc.aws_route.public_internet_gateway_ipv6",
            "module.vpc.module.vpc.aws_route_table.database",
            "module.vpc.module.vpc.aws_route_table.elasticache",
            "module.vpc.module.vpc.aws_route_table.intra",
            "module.vpc.module.vpc.aws_route_table.private",
            "module.vpc.module.vpc.aws_route_table.public",
            "module.vpc.module.vpc.aws_route_table.redshift",
            "module.vpc.module.vpc.aws_route_table_association.database",
            "module.vpc.module.vpc.aws_route_table_association.elasticache",
            "module.vpc.module.vpc.aws_route_table_association.intra",
            "module.vpc.module.vpc.aws_route_table_association.private",
            "module.vpc.module.vpc.aws_route_table_association.public",
            "module.vpc.module.vpc.aws_route_table_association.redshift",
            "module.vpc.module.vpc.aws_route_table_association.redshift_public",
            "module.vpc.module.vpc.aws_subnet.database",
            "module.vpc.module.vpc.aws_subnet.elasticache",
            "module.vpc.module.vpc.aws_subnet.intra",
            "module.vpc.module.vpc.aws_subnet.private",
            "module.vpc.module.vpc.aws_subnet.public",
            "module.vpc.module.vpc.aws_subnet.redshift",
            "module.vpc.module.vpc.aws_vpc.this",
            "module.vpc.module.vpc.aws_vpc_dhcp_options.this",
            "module.vpc.module.vpc.aws_vpc_dhcp_options_association.this",
            "module.vpc.module.vpc.aws_vpc_endpoint.access_analyzer",
            "module.vpc.module.vpc.aws_vpc_endpoint.acm_pca",
            "module.vpc.module.vpc.aws_vpc_endpoint.apigw",
            "module.vpc.module.vpc.aws_vpc_endpoint.appmesh_envoy_management",
            "module.vpc.module.vpc.aws_vpc_endpoint.appstream_api",
            "module.vpc.module.vpc.aws_vpc_endpoint.appstream_streaming",
            "module.vpc.module.vpc.aws_vpc_endpoint.athena",
            "module.vpc.module.vpc.aws_vpc_endpoint.auto_scaling_plans",
            "module.vpc.module.vpc.aws_vpc_endpoint.cloud_directory",
            "module.vpc.module.vpc.aws_vpc_endpoint.cloudformation",
            "module.vpc.module.vpc.aws_vpc_endpoint.cloudtrail",
            "module.vpc.module.vpc.aws_vpc_endpoint.codeartifact_api",
            "module.vpc.module.vpc.aws_vpc_endpoint.codeartifact_repositories",
            "module.vpc.module.vpc.aws_vpc_endpoint.codebuild",
            "module.vpc.module.vpc.aws_vpc_endpoint.codecommit",
            "module.vpc.module.vpc.aws_vpc_endpoint.codedeploy",
            "module.vpc.module.vpc.aws_vpc_endpoint.codedeploy_commands_secure",
            "module.vpc.module.vpc.aws_vpc_endpoint.codepipeline",
            "module.vpc.module.vpc.aws_vpc_endpoint.config",
            "module.vpc.module.vpc.aws_vpc_endpoint.datasync",
            "module.vpc.module.vpc.aws_vpc_endpoint.dynamodb",
            "module.vpc.module.vpc.aws_vpc_endpoint.ebs",
            "module.vpc.module.vpc.aws_vpc_endpoint.ec2",
            "module.vpc.module.vpc.aws_vpc_endpoint.ec2_autoscaling",
            "module.vpc.module.vpc.aws_vpc_endpoint.ec2messages",
            "module.vpc.module.vpc.aws_vpc_endpoint.ecr_api",
            "module.vpc.module.vpc.aws_vpc_endpoint.ecr_dkr",
            "module.vpc.module.vpc.aws_vpc_endpoint.ecs",
            "module.vpc.module.vpc.aws_vpc_endpoint.ecs_agent",
            "module.vpc.module.vpc.aws_vpc_endpoint.ecs_telemetry",
            "module.vpc.module.vpc.aws_vpc_endpoint.efs",
            "module.vpc.module.vpc.aws_vpc_endpoint.elastic_inference_runtime",
            "module.vpc.module.vpc.aws_vpc_endpoint.elasticbeanstalk",
            "module.vpc.module.vpc.aws_vpc_endpoint.elasticbeanstalk_health",
            "module.vpc.module.vpc.aws_vpc_endpoint.elasticloadbalancing",
            "module.vpc.module.vpc.aws_vpc_endpoint.emr",
            "module.vpc.module.vpc.aws_vpc_endpoint.events",
            "module.vpc.module.vpc.aws_vpc_endpoint.git_codecommit",
            "module.vpc.module.vpc.aws_vpc_endpoint.glue",
            "module.vpc.module.vpc.aws_vpc_endpoint.kinesis_firehose",
            "module.vpc.module.vpc.aws_vpc_endpoint.kinesis_streams",
            "module.vpc.module.vpc.aws_vpc_endpoint.kms",
            "module.vpc.module.vpc.aws_vpc_endpoint.lambda",
            "module.vpc.module.vpc.aws_vpc_endpoint.logs",
            "module.vpc.module.vpc.aws_vpc_endpoint.monitoring",
            "module.vpc.module.vpc.aws_vpc_endpoint.qldb_session",
            "module.vpc.module.vpc.aws_vpc_endpoint.rds",
            "module.vpc.module.vpc.aws_vpc_endpoint.rekognition",
            "module.vpc.module.vpc.aws_vpc_endpoint.s3",
            "module.vpc.module.vpc.aws_vpc_endpoint.sagemaker_api",
            "module.vpc.module.vpc.aws_vpc_endpoint.sagemaker_notebook",
            "module.vpc.module.vpc.aws_vpc_endpoint.sagemaker_runtime",
            "module.vpc.module.vpc.aws_vpc_endpoint.secretsmanager",
            "module.vpc.module.vpc.aws_vpc_endpoint.servicecatalog",
            "module.vpc.module.vpc.aws_vpc_endpoint.ses",
            "module.vpc.module.vpc.aws_vpc_endpoint.sms",
            "module.vpc.module.vpc.aws_vpc_endpoint.sns",
            "module.vpc.module.vpc.aws_vpc_endpoint.sqs",
            "module.vpc.module.vpc.aws_vpc_endpoint.ssm",
            "module.vpc.module.vpc.aws_vpc_endpoint.ssmmessages",
            "module.vpc.module.vpc.aws_vpc_endpoint.states",
            "module.vpc.module.vpc.aws_vpc_endpoint.storagegateway",
            "module.vpc.module.vpc.aws_vpc_endpoint.sts",
            "module.vpc.module.vpc.aws_vpc_endpoint.textract",
            "module.vpc.module.vpc.aws_vpc_endpoint.transfer",
            "module.vpc.module.vpc.aws_vpc_endpoint.transferserver",
            "module.vpc.module.vpc.aws_vpc_endpoint.workspaces",
            "module.vpc.module.vpc.aws_vpc_endpoint_route_table_association.intra_dynamodb",
            "module.vpc.module.vpc.aws_vpc_endpoint_route_table_association.intra_s3",
            "module.vpc.module.vpc.aws_vpc_endpoint_route_table_association.private_dynamodb",
            "module.vpc.module.vpc.aws_vpc_endpoint_route_table_association.private_s3",
            "module.vpc.module.vpc.aws_vpc_endpoint_route_table_association.public_dynamodb",
            "module.vpc.module.vpc.aws_vpc_endpoint_route_table_association.public_s3",
            "module.vpc.module.vpc.aws_vpc_ipv4_cidr_block_association.this",
            "module.vpc.module.vpc.aws_vpn_gateway.this",
            "module.vpc.module.vpc.aws_vpn_gateway_attachment.this",
            "module.vpc.module.vpc.aws_vpn_gateway_route_propagation.intra",
            "module.vpc.module.vpc.aws_vpn_gateway_route_propagation.private",
            "module.vpc.module.vpc.aws_vpn_gateway_route_propagation.public",
            "module.vpc.module.vpc.data.aws_iam_policy_document.flow_log_cloudwatch_assume_role",
            "module.vpc.module.vpc.data.aws_iam_policy_document.vpc_flow_log_cloudwatch",
            "module.vpc.module.vpc.data.aws_vpc_endpoint_service.access_analyzer",
            "module.vpc.module.vpc.data.aws_vpc_endpoint_service.acm_pca",
            "module.vpc.module.vpc.data.aws_vpc_endpoint_service.apigw",
            "module.vpc.module.vpc.data.aws_vpc_endpoint_service.appmesh_envoy_management",
            "module.vpc.module.vpc.data.aws_vpc_endpoint_service.appstream_api",
            "module.vpc.module.vpc.data.aws_vpc_endpoint_service.appstream_streaming",
            "module.vpc.module.vpc.data.aws_vpc_endpoint_service.athena",
            "module.vpc.module.vpc.data.aws_vpc_endpoint_service.auto_scaling_plans",
            "module.vpc.module.vpc.data.aws_vpc_endpoint_service.cloud_directory",
            "module.vpc.module.vpc.data.aws_vpc_endpoint_service.cloudformation",
            "module.vpc.module.vpc.data.aws_vpc_endpoint_service.cloudtrail",
            "module.vpc.module.vpc.data.aws_vpc_endpoint_service.codeartifact_api",
            "module.vpc.module.vpc.data.aws_vpc_endpoint_service.codeartifact_repositories",
            "module.vpc.module.vpc.data.aws_vpc_endpoint_service.codebuild",
            "module.vpc.module.vpc.data.aws_vpc_endpoint_service.codecommit",
            "module.vpc.module.vpc.data.aws_vpc_endpoint_service.codedeploy",
            "module.vpc.module.vpc.data.aws_vpc_endpoint_service.codedeploy_commands_secure",
            "module.vpc.module.vpc.data.aws_vpc_endpoint_service.codepipeline",
            "module.vpc.module.vpc.data.aws_vpc_endpoint_service.config",
            "module.vpc.module.vpc.data.aws_vpc_endpoint_service.datasync",
            "module.vpc.module.vpc.data.aws_vpc_endpoint_service.dynamodb",
            "module.vpc.module.vpc.data.aws_vpc_endpoint_service.ebs",
            "module.vpc.module.vpc.data.aws_vpc_endpoint_service.ec2",
            "module.vpc.module.vpc.data.aws_vpc_endpoint_service.ec2_autoscaling",
            "module.vpc.module.vpc.data.aws_vpc_endpoint_service.ec2messages",
            "module.vpc.module.vpc.data.aws_vpc_endpoint_service.ecr_api",
            "module.vpc.module.vpc.data.aws_vpc_endpoint_service.ecr_dkr",
            "module.vpc.module.vpc.data.aws_vpc_endpoint_service.ecs",
            "module.vpc.module.vpc.data.aws_vpc_endpoint_service.ecs_agent",
            "module.vpc.module.vpc.data.aws_vpc_endpoint_service.ecs_telemetry",
            "module.vpc.module.vpc.data.aws_vpc_endpoint_service.efs",
            "module.vpc.module.vpc.data.aws_vpc_endpoint_service.elastic_inference_runtime",
            "module.vpc.module.vpc.data.aws_vpc_endpoint_service.elasticbeanstalk",
            "module.vpc.module.vpc.data.aws_vpc_endpoint_service.elasticbeanstalk_health",
            "module.vpc.module.vpc.data.aws_vpc_endpoint_service.elasticloadbalancing",
            "module.vpc.module.vpc.data.aws_vpc_endpoint_service.emr",
            "module.vpc.module.vpc.data.aws_vpc_endpoint_service.events",
            "module.vpc.module.vpc.data.aws_vpc_endpoint_service.git_codecommit",
            "module.vpc.module.vpc.data.aws_vpc_endpoint_service.glue",
            "module.vpc.module.vpc.data.aws_vpc_endpoint_service.kinesis_firehose",
            "module.vpc.module.vpc.data.aws_vpc_endpoint_service.kinesis_streams",
            "module.vpc.module.vpc.data.aws_vpc_endpoint_service.kms",
            "module.vpc.module.vpc.data.aws_vpc_endpoint_service.lambda",
            "module.vpc.module.vpc.data.aws_vpc_endpoint_service.logs",
            "module.vpc.module.vpc.data.aws_vpc_endpoint_service.monitoring",
            "module.vpc.module.vpc.data.aws_vpc_endpoint_service.qldb_session",
            "module.vpc.module.vpc.data.aws_vpc_endpoint_service.rds",
            "module.vpc.module.vpc.data.aws_vpc_endpoint_service.rekognition",
            "module.vpc.module.vpc.data.aws_vpc_endpoint_service.s3",
            "module.vpc.module.vpc.data.aws_vpc_endpoint_service.sagemaker_api",
            "module.vpc.module.vpc.data.aws_vpc_endpoint_service.sagemaker_notebook",
            "module.vpc.module.vpc.data.aws_vpc_endpoint_service.sagemaker_runtime",
            "module.vpc.module.vpc.data.aws_vpc_endpoint_service.secretsmanager",
            "module.vpc.module.vpc.data.aws_vpc_endpoint_service.servicecatalog",
            "module.vpc.module.vpc.data.aws_vpc_endpoint_service.ses",
            "module.vpc.module.vpc.data.aws_vpc_endpoint_service.sms",
            "module.vpc.module.vpc.data.aws_vpc_endpoint_service.sns",
            "module.vpc.module.vpc.data.aws_vpc_endpoint_service.sqs",
            "module.vpc.module.vpc.data.aws_vpc_endpoint_service.ssm",
            "module.vpc.module.vpc.data.aws_vpc_endpoint_service.ssmmessages",
            "module.vpc.module.vpc.data.aws_vpc_endpoint_service.states",
            "module.vpc.module.vpc.data.aws_vpc_endpoint_service.storagegateway",
            "module.vpc.module.vpc.data.aws_vpc_endpoint_service.sts",
            "module.vpc.module.vpc.data.aws_vpc_endpoint_service.textract",
            "module.vpc.module.vpc.data.aws_vpc_endpoint_service.transfer",
            "module.vpc.module.vpc.data.aws_vpc_endpoint_service.transferserver",
            "module.vpc.module.vpc.data.aws_vpc_endpoint_service.workspaces"
          ]
        }
      ]
    },
    {
      "module": "module.asg-green",
      "mode": "managed",
      "type": "aws_launch_template",
      "name": "justin-demo-lt",
      "provider": "module.asg-green.provider[\"registry.terraform.io/hashicorp/aws\"]",
      "instances": [
        {
          "schema_version": 0,
          "attributes": {
            "arn": "arn:aws:ec2:us-east-1:210780328849:launch-template/lt-007f5880cce4dee43",
            "block_device_mappings": [],
            "capacity_reservation_specification": [],
            "cpu_options": [],
            "credit_specification": [],
            "default_version": 1,
            "description": "",
            "disable_api_termination": false,
            "ebs_optimized": "",
            "elastic_gpu_specifications": [],
            "elastic_inference_accelerator": [],
            "hibernation_options": [],
            "iam_instance_profile": [],
            "id": "lt-007f5880cce4dee43",
            "image_id": "ami-0aa5a4457b106685b",
            "instance_initiated_shutdown_behavior": "",
            "instance_market_options": [],
            "instance_type": "t2.micro",
            "kernel_id": "",
            "key_name": "",
            "latest_version": 1,
            "license_specification": [],
            "metadata_options": [],
            "monitoring": [],
            "name": "justin-demo-lt-green20201119210448805900000001",
            "name_prefix": "justin-demo-lt-green",
            "network_interfaces": [],
            "placement": [],
            "ram_disk_id": "",
            "security_group_names": [],
            "tag_specifications": [],
            "tags": {},
            "update_default_version": null,
            "user_data": "",
            "vpc_security_group_ids": [
              "sg-02d163ad1a604af0b",
              "sg-0481896670f1c55a6",
              "sg-08ddee6bf68415b2d"
            ]
          },
          "private": "bnVsbA==",
          "dependencies": [
            "data.aws_security_groups.default_sg",
            "module.sgs.aws_security_group.allow_alb_sg",
            "module.sgs.aws_security_group.allow_http_all",
            "module.sgs.aws_security_group.allow_ssh_all",
            "module.vpc.module.vpc.aws_cloudwatch_log_group.flow_log",
            "module.vpc.module.vpc.aws_customer_gateway.this",
            "module.vpc.module.vpc.aws_db_subnet_group.database",
            "module.vpc.module.vpc.aws_default_network_acl.this",
            "module.vpc.module.vpc.aws_default_security_group.this",
            "module.vpc.module.vpc.aws_default_vpc.this",
            "module.vpc.module.vpc.aws_egress_only_internet_gateway.this",
            "module.vpc.module.vpc.aws_eip.nat",
            "module.vpc.module.vpc.aws_elasticache_subnet_group.elasticache",
            "module.vpc.module.vpc.aws_flow_log.this",
            "module.vpc.module.vpc.aws_iam_policy.vpc_flow_log_cloudwatch",
            "module.vpc.module.vpc.aws_iam_role.vpc_flow_log_cloudwatch",
            "module.vpc.module.vpc.aws_iam_role_policy_attachment.vpc_flow_log_cloudwatch",
            "module.vpc.module.vpc.aws_internet_gateway.this",
            "module.vpc.module.vpc.aws_nat_gateway.this",
            "module.vpc.module.vpc.aws_network_acl.database",
            "module.vpc.module.vpc.aws_network_acl.elasticache",
            "module.vpc.module.vpc.aws_network_acl.intra",
            "module.vpc.module.vpc.aws_network_acl.private",
            "module.vpc.module.vpc.aws_network_acl.public",
            "module.vpc.module.vpc.aws_network_acl.redshift",
            "module.vpc.module.vpc.aws_network_acl_rule.database_inbound",
            "module.vpc.module.vpc.aws_network_acl_rule.database_outbound",
            "module.vpc.module.vpc.aws_network_acl_rule.elasticache_inbound",
            "module.vpc.module.vpc.aws_network_acl_rule.elasticache_outbound",
            "module.vpc.module.vpc.aws_network_acl_rule.intra_inbound",
            "module.vpc.module.vpc.aws_network_acl_rule.intra_outbound",
            "module.vpc.module.vpc.aws_network_acl_rule.private_inbound",
            "module.vpc.module.vpc.aws_network_acl_rule.private_outbound",
            "module.vpc.module.vpc.aws_network_acl_rule.public_inbound",
            "module.vpc.module.vpc.aws_network_acl_rule.public_outbound",
            "module.vpc.module.vpc.aws_network_acl_rule.redshift_inbound",
            "module.vpc.module.vpc.aws_network_acl_rule.redshift_outbound",
            "module.vpc.module.vpc.aws_redshift_subnet_group.redshift",
            "module.vpc.module.vpc.aws_route.database_internet_gateway",
            "module.vpc.module.vpc.aws_route.database_ipv6_egress",
            "module.vpc.module.vpc.aws_route.database_nat_gateway",
            "module.vpc.module.vpc.aws_route.private_ipv6_egress",
            "module.vpc.module.vpc.aws_route.private_nat_gateway",
            "module.vpc.module.vpc.aws_route.public_internet_gateway",
            "module.vpc.module.vpc.aws_route.public_internet_gateway_ipv6",
            "module.vpc.module.vpc.aws_route_table.database",
            "module.vpc.module.vpc.aws_route_table.elasticache",
            "module.vpc.module.vpc.aws_route_table.intra",
            "module.vpc.module.vpc.aws_route_table.private",
            "module.vpc.module.vpc.aws_route_table.public",
            "module.vpc.module.vpc.aws_route_table.redshift",
            "module.vpc.module.vpc.aws_route_table_association.database",
            "module.vpc.module.vpc.aws_route_table_association.elasticache",
            "module.vpc.module.vpc.aws_route_table_association.intra",
            "module.vpc.module.vpc.aws_route_table_association.private",
            "module.vpc.module.vpc.aws_route_table_association.public",
            "module.vpc.module.vpc.aws_route_table_association.redshift",
            "module.vpc.module.vpc.aws_route_table_association.redshift_public",
            "module.vpc.module.vpc.aws_subnet.database",
            "module.vpc.module.vpc.aws_subnet.elasticache",
            "module.vpc.module.vpc.aws_subnet.intra",
            "module.vpc.module.vpc.aws_subnet.private",
            "module.vpc.module.vpc.aws_subnet.public",
            "module.vpc.module.vpc.aws_subnet.redshift",
            "module.vpc.module.vpc.aws_vpc.this",
            "module.vpc.module.vpc.aws_vpc_dhcp_options.this",
            "module.vpc.module.vpc.aws_vpc_dhcp_options_association.this",
            "module.vpc.module.vpc.aws_vpc_endpoint.access_analyzer",
            "module.vpc.module.vpc.aws_vpc_endpoint.acm_pca",
            "module.vpc.module.vpc.aws_vpc_endpoint.apigw",
            "module.vpc.module.vpc.aws_vpc_endpoint.appmesh_envoy_management",
            "module.vpc.module.vpc.aws_vpc_endpoint.appstream_api",
            "module.vpc.module.vpc.aws_vpc_endpoint.appstream_streaming",
            "module.vpc.module.vpc.aws_vpc_endpoint.athena",
            "module.vpc.module.vpc.aws_vpc_endpoint.auto_scaling_plans",
            "module.vpc.module.vpc.aws_vpc_endpoint.cloud_directory",
            "module.vpc.module.vpc.aws_vpc_endpoint.cloudformation",
            "module.vpc.module.vpc.aws_vpc_endpoint.cloudtrail",
            "module.vpc.module.vpc.aws_vpc_endpoint.codeartifact_api",
            "module.vpc.module.vpc.aws_vpc_endpoint.codeartifact_repositories",
            "module.vpc.module.vpc.aws_vpc_endpoint.codebuild",
            "module.vpc.module.vpc.aws_vpc_endpoint.codecommit",
            "module.vpc.module.vpc.aws_vpc_endpoint.codedeploy",
            "module.vpc.module.vpc.aws_vpc_endpoint.codedeploy_commands_secure",
            "module.vpc.module.vpc.aws_vpc_endpoint.codepipeline",
            "module.vpc.module.vpc.aws_vpc_endpoint.config",
            "module.vpc.module.vpc.aws_vpc_endpoint.datasync",
            "module.vpc.module.vpc.aws_vpc_endpoint.dynamodb",
            "module.vpc.module.vpc.aws_vpc_endpoint.ebs",
            "module.vpc.module.vpc.aws_vpc_endpoint.ec2",
            "module.vpc.module.vpc.aws_vpc_endpoint.ec2_autoscaling",
            "module.vpc.module.vpc.aws_vpc_endpoint.ec2messages",
            "module.vpc.module.vpc.aws_vpc_endpoint.ecr_api",
            "module.vpc.module.vpc.aws_vpc_endpoint.ecr_dkr",
            "module.vpc.module.vpc.aws_vpc_endpoint.ecs",
            "module.vpc.module.vpc.aws_vpc_endpoint.ecs_agent",
            "module.vpc.module.vpc.aws_vpc_endpoint.ecs_telemetry",
            "module.vpc.module.vpc.aws_vpc_endpoint.efs",
            "module.vpc.module.vpc.aws_vpc_endpoint.elastic_inference_runtime",
            "module.vpc.module.vpc.aws_vpc_endpoint.elasticbeanstalk",
            "module.vpc.module.vpc.aws_vpc_endpoint.elasticbeanstalk_health",
            "module.vpc.module.vpc.aws_vpc_endpoint.elasticloadbalancing",
            "module.vpc.module.vpc.aws_vpc_endpoint.emr",
            "module.vpc.module.vpc.aws_vpc_endpoint.events",
            "module.vpc.module.vpc.aws_vpc_endpoint.git_codecommit",
            "module.vpc.module.vpc.aws_vpc_endpoint.glue",
            "module.vpc.module.vpc.aws_vpc_endpoint.kinesis_firehose",
            "module.vpc.module.vpc.aws_vpc_endpoint.kinesis_streams",
            "module.vpc.module.vpc.aws_vpc_endpoint.kms",
            "module.vpc.module.vpc.aws_vpc_endpoint.lambda",
            "module.vpc.module.vpc.aws_vpc_endpoint.logs",
            "module.vpc.module.vpc.aws_vpc_endpoint.monitoring",
            "module.vpc.module.vpc.aws_vpc_endpoint.qldb_session",
            "module.vpc.module.vpc.aws_vpc_endpoint.rds",
            "module.vpc.module.vpc.aws_vpc_endpoint.rekognition",
            "module.vpc.module.vpc.aws_vpc_endpoint.s3",
            "module.vpc.module.vpc.aws_vpc_endpoint.sagemaker_api",
            "module.vpc.module.vpc.aws_vpc_endpoint.sagemaker_notebook",
            "module.vpc.module.vpc.aws_vpc_endpoint.sagemaker_runtime",
            "module.vpc.module.vpc.aws_vpc_endpoint.secretsmanager",
            "module.vpc.module.vpc.aws_vpc_endpoint.servicecatalog",
            "module.vpc.module.vpc.aws_vpc_endpoint.ses",
            "module.vpc.module.vpc.aws_vpc_endpoint.sms",
            "module.vpc.module.vpc.aws_vpc_endpoint.sns",
            "module.vpc.module.vpc.aws_vpc_endpoint.sqs",
            "module.vpc.module.vpc.aws_vpc_endpoint.ssm",
            "module.vpc.module.vpc.aws_vpc_endpoint.ssmmessages",
            "module.vpc.module.vpc.aws_vpc_endpoint.states",
            "module.vpc.module.vpc.aws_vpc_endpoint.storagegateway",
            "module.vpc.module.vpc.aws_vpc_endpoint.sts",
            "module.vpc.module.vpc.aws_vpc_endpoint.textract",
            "module.vpc.module.vpc.aws_vpc_endpoint.transfer",
            "module.vpc.module.vpc.aws_vpc_endpoint.transferserver",
            "module.vpc.module.vpc.aws_vpc_endpoint.workspaces",
            "module.vpc.module.vpc.aws_vpc_endpoint_route_table_association.intra_dynamodb",
            "module.vpc.module.vpc.aws_vpc_endpoint_route_table_association.intra_s3",
            "module.vpc.module.vpc.aws_vpc_endpoint_route_table_association.private_dynamodb",
            "module.vpc.module.vpc.aws_vpc_endpoint_route_table_association.private_s3",
            "module.vpc.module.vpc.aws_vpc_endpoint_route_table_association.public_dynamodb",
            "module.vpc.module.vpc.aws_vpc_endpoint_route_table_association.public_s3",
            "module.vpc.module.vpc.aws_vpc_ipv4_cidr_block_association.this",
            "module.vpc.module.vpc.aws_vpn_gateway.this",
            "module.vpc.module.vpc.aws_vpn_gateway_attachment.this",
            "module.vpc.module.vpc.aws_vpn_gateway_route_propagation.intra",
            "module.vpc.module.vpc.aws_vpn_gateway_route_propagation.private",
            "module.vpc.module.vpc.aws_vpn_gateway_route_propagation.public",
            "module.vpc.module.vpc.data.aws_iam_policy_document.flow_log_cloudwatch_assume_role",
            "module.vpc.module.vpc.data.aws_iam_policy_document.vpc_flow_log_cloudwatch",
            "module.vpc.module.vpc.data.aws_vpc_endpoint_service.access_analyzer",
            "module.vpc.module.vpc.data.aws_vpc_endpoint_service.acm_pca",
            "module.vpc.module.vpc.data.aws_vpc_endpoint_service.apigw",
            "module.vpc.module.vpc.data.aws_vpc_endpoint_service.appmesh_envoy_management",
            "module.vpc.module.vpc.data.aws_vpc_endpoint_service.appstream_api",
            "module.vpc.module.vpc.data.aws_vpc_endpoint_service.appstream_streaming",
            "module.vpc.module.vpc.data.aws_vpc_endpoint_service.athena",
            "module.vpc.module.vpc.data.aws_vpc_endpoint_service.auto_scaling_plans",
            "module.vpc.module.vpc.data.aws_vpc_endpoint_service.cloud_directory",
            "module.vpc.module.vpc.data.aws_vpc_endpoint_service.cloudformation",
            "module.vpc.module.vpc.data.aws_vpc_endpoint_service.cloudtrail",
            "module.vpc.module.vpc.data.aws_vpc_endpoint_service.codeartifact_api",
            "module.vpc.module.vpc.data.aws_vpc_endpoint_service.codeartifact_repositories",
            "module.vpc.module.vpc.data.aws_vpc_endpoint_service.codebuild",
            "module.vpc.module.vpc.data.aws_vpc_endpoint_service.codecommit",
            "module.vpc.module.vpc.data.aws_vpc_endpoint_service.codedeploy",
            "module.vpc.module.vpc.data.aws_vpc_endpoint_service.codedeploy_commands_secure",
            "module.vpc.module.vpc.data.aws_vpc_endpoint_service.codepipeline",
            "module.vpc.module.vpc.data.aws_vpc_endpoint_service.config",
            "module.vpc.module.vpc.data.aws_vpc_endpoint_service.datasync",
            "module.vpc.module.vpc.data.aws_vpc_endpoint_service.dynamodb",
            "module.vpc.module.vpc.data.aws_vpc_endpoint_service.ebs",
            "module.vpc.module.vpc.data.aws_vpc_endpoint_service.ec2",
            "module.vpc.module.vpc.data.aws_vpc_endpoint_service.ec2_autoscaling",
            "module.vpc.module.vpc.data.aws_vpc_endpoint_service.ec2messages",
            "module.vpc.module.vpc.data.aws_vpc_endpoint_service.ecr_api",
            "module.vpc.module.vpc.data.aws_vpc_endpoint_service.ecr_dkr",
            "module.vpc.module.vpc.data.aws_vpc_endpoint_service.ecs",
            "module.vpc.module.vpc.data.aws_vpc_endpoint_service.ecs_agent",
            "module.vpc.module.vpc.data.aws_vpc_endpoint_service.ecs_telemetry",
            "module.vpc.module.vpc.data.aws_vpc_endpoint_service.efs",
            "module.vpc.module.vpc.data.aws_vpc_endpoint_service.elastic_inference_runtime",
            "module.vpc.module.vpc.data.aws_vpc_endpoint_service.elasticbeanstalk",
            "module.vpc.module.vpc.data.aws_vpc_endpoint_service.elasticbeanstalk_health",
            "module.vpc.module.vpc.data.aws_vpc_endpoint_service.elasticloadbalancing",
            "module.vpc.module.vpc.data.aws_vpc_endpoint_service.emr",
            "module.vpc.module.vpc.data.aws_vpc_endpoint_service.events",
            "module.vpc.module.vpc.data.aws_vpc_endpoint_service.git_codecommit",
            "module.vpc.module.vpc.data.aws_vpc_endpoint_service.glue",
            "module.vpc.module.vpc.data.aws_vpc_endpoint_service.kinesis_firehose",
            "module.vpc.module.vpc.data.aws_vpc_endpoint_service.kinesis_streams",
            "module.vpc.module.vpc.data.aws_vpc_endpoint_service.kms",
            "module.vpc.module.vpc.data.aws_vpc_endpoint_service.lambda",
            "module.vpc.module.vpc.data.aws_vpc_endpoint_service.logs",
            "module.vpc.module.vpc.data.aws_vpc_endpoint_service.monitoring",
            "module.vpc.module.vpc.data.aws_vpc_endpoint_service.qldb_session",
            "module.vpc.module.vpc.data.aws_vpc_endpoint_service.rds",
            "module.vpc.module.vpc.data.aws_vpc_endpoint_service.rekognition",
            "module.vpc.module.vpc.data.aws_vpc_endpoint_service.s3",
            "module.vpc.module.vpc.data.aws_vpc_endpoint_service.sagemaker_api",
            "module.vpc.module.vpc.data.aws_vpc_endpoint_service.sagemaker_notebook",
            "module.vpc.module.vpc.data.aws_vpc_endpoint_service.sagemaker_runtime",
            "module.vpc.module.vpc.data.aws_vpc_endpoint_service.secretsmanager",
            "module.vpc.module.vpc.data.aws_vpc_endpoint_service.servicecatalog",
            "module.vpc.module.vpc.data.aws_vpc_endpoint_service.ses",
            "module.vpc.module.vpc.data.aws_vpc_endpoint_service.sms",
            "module.vpc.module.vpc.data.aws_vpc_endpoint_service.sns",
            "module.vpc.module.vpc.data.aws_vpc_endpoint_service.sqs",
            "module.vpc.module.vpc.data.aws_vpc_endpoint_service.ssm",
            "module.vpc.module.vpc.data.aws_vpc_endpoint_service.ssmmessages",
            "module.vpc.module.vpc.data.aws_vpc_endpoint_service.states",
            "module.vpc.module.vpc.data.aws_vpc_endpoint_service.storagegateway",
            "module.vpc.module.vpc.data.aws_vpc_endpoint_service.sts",
            "module.vpc.module.vpc.data.aws_vpc_endpoint_service.textract",
            "module.vpc.module.vpc.data.aws_vpc_endpoint_service.transfer",
            "module.vpc.module.vpc.data.aws_vpc_endpoint_service.transferserver",
            "module.vpc.module.vpc.data.aws_vpc_endpoint_service.workspaces"
          ]
        }
      ]
    },
    {
      "module": "module.asg-green",
      "mode": "managed",
      "type": "aws_placement_group",
      "name": "justin-demo-pg",
      "provider": "module.asg-green.provider[\"registry.terraform.io/hashicorp/aws\"]",
      "instances": [
        {
          "schema_version": 0,
          "attributes": {
            "arn": "arn:aws:ec2:us-east-1:210780328849:placement-group/justin-demo-pg-green",
            "id": "justin-demo-pg-green",
            "name": "justin-demo-pg-green",
            "placement_group_id": "pg-0fe56b252e56ab05e",
            "strategy": "partition",
            "tags": {}
          },
          "private": "bnVsbA=="
        }
      ]
    },
    {
      "module": "module.sgs",
      "mode": "managed",
      "type": "aws_security_group",
      "name": "allow_alb_sg",
      "provider": "module.sgs.provider[\"registry.terraform.io/hashicorp/aws\"]",
      "instances": [
        {
          "schema_version": 1,
          "attributes": {
            "arn": "arn:aws:ec2:us-east-1:210780328849:security-group/sg-08ddee6bf68415b2d",
            "description": "Allow inbound traffic from ALBs sg",
            "egress": [
              {
                "cidr_blocks": [
                  "0.0.0.0/0"
                ],
                "description": "",
                "from_port": 0,
                "ipv6_cidr_blocks": [],
                "prefix_list_ids": [],
                "protocol": "-1",
                "security_groups": [],
                "self": false,
                "to_port": 0
              }
            ],
            "id": "sg-08ddee6bf68415b2d",
            "ingress": [
              {
                "cidr_blocks": [],
                "description": "HTTP allow from ALB",
                "from_port": 80,
                "ipv6_cidr_blocks": [],
                "prefix_list_ids": [],
                "protocol": "tcp",
                "security_groups": [
                  "sg-0f68191c211ec5469"
                ],
                "self": false,
                "to_port": 80
              }
            ],
            "name": "allow_alb_sg",
            "name_prefix": "",
            "owner_id": "210780328849",
            "revoke_rules_on_delete": false,
            "tags": {
              "Name": "allow_alb"
            },
            "timeouts": null,
            "vpc_id": "vpc-0c53ae7fc7394e80b"
          },
          "private": "eyJlMmJmYjczMC1lY2FhLTExZTYtOGY4OC0zNDM2M2JjN2M0YzAiOnsiY3JlYXRlIjo2MDAwMDAwMDAwMDAsImRlbGV0ZSI6NjAwMDAwMDAwMDAwfSwic2NoZW1hX3ZlcnNpb24iOiIxIn0=",
          "dependencies": [
            "module.sgs.aws_security_group.allow_http_all",
            "module.vpc.module.vpc.aws_cloudwatch_log_group.flow_log",
            "module.vpc.module.vpc.aws_customer_gateway.this",
            "module.vpc.module.vpc.aws_db_subnet_group.database",
            "module.vpc.module.vpc.aws_default_network_acl.this",
            "module.vpc.module.vpc.aws_default_security_group.this",
            "module.vpc.module.vpc.aws_default_vpc.this",
            "module.vpc.module.vpc.aws_egress_only_internet_gateway.this",
            "module.vpc.module.vpc.aws_eip.nat",
            "module.vpc.module.vpc.aws_elasticache_subnet_group.elasticache",
            "module.vpc.module.vpc.aws_flow_log.this",
            "module.vpc.module.vpc.aws_iam_policy.vpc_flow_log_cloudwatch",
            "module.vpc.module.vpc.aws_iam_role.vpc_flow_log_cloudwatch",
            "module.vpc.module.vpc.aws_iam_role_policy_attachment.vpc_flow_log_cloudwatch",
            "module.vpc.module.vpc.aws_internet_gateway.this",
            "module.vpc.module.vpc.aws_nat_gateway.this",
            "module.vpc.module.vpc.aws_network_acl.database",
            "module.vpc.module.vpc.aws_network_acl.elasticache",
            "module.vpc.module.vpc.aws_network_acl.intra",
            "module.vpc.module.vpc.aws_network_acl.private",
            "module.vpc.module.vpc.aws_network_acl.public",
            "module.vpc.module.vpc.aws_network_acl.redshift",
            "module.vpc.module.vpc.aws_network_acl_rule.database_inbound",
            "module.vpc.module.vpc.aws_network_acl_rule.database_outbound",
            "module.vpc.module.vpc.aws_network_acl_rule.elasticache_inbound",
            "module.vpc.module.vpc.aws_network_acl_rule.elasticache_outbound",
            "module.vpc.module.vpc.aws_network_acl_rule.intra_inbound",
            "module.vpc.module.vpc.aws_network_acl_rule.intra_outbound",
            "module.vpc.module.vpc.aws_network_acl_rule.private_inbound",
            "module.vpc.module.vpc.aws_network_acl_rule.private_outbound",
            "module.vpc.module.vpc.aws_network_acl_rule.public_inbound",
            "module.vpc.module.vpc.aws_network_acl_rule.public_outbound",
            "module.vpc.module.vpc.aws_network_acl_rule.redshift_inbound",
            "module.vpc.module.vpc.aws_network_acl_rule.redshift_outbound",
            "module.vpc.module.vpc.aws_redshift_subnet_group.redshift",
            "module.vpc.module.vpc.aws_route.database_internet_gateway",
            "module.vpc.module.vpc.aws_route.database_ipv6_egress",
            "module.vpc.module.vpc.aws_route.database_nat_gateway",
            "module.vpc.module.vpc.aws_route.private_ipv6_egress",
            "module.vpc.module.vpc.aws_route.private_nat_gateway",
            "module.vpc.module.vpc.aws_route.public_internet_gateway",
            "module.vpc.module.vpc.aws_route.public_internet_gateway_ipv6",
            "module.vpc.module.vpc.aws_route_table.database",
            "module.vpc.module.vpc.aws_route_table.elasticache",
            "module.vpc.module.vpc.aws_route_table.intra",
            "module.vpc.module.vpc.aws_route_table.private",
            "module.vpc.module.vpc.aws_route_table.public",
            "module.vpc.module.vpc.aws_route_table.redshift",
            "module.vpc.module.vpc.aws_route_table_association.database",
            "module.vpc.module.vpc.aws_route_table_association.elasticache",
            "module.vpc.module.vpc.aws_route_table_association.intra",
            "module.vpc.module.vpc.aws_route_table_association.private",
            "module.vpc.module.vpc.aws_route_table_association.public",
            "module.vpc.module.vpc.aws_route_table_association.redshift",
            "module.vpc.module.vpc.aws_route_table_association.redshift_public",
            "module.vpc.module.vpc.aws_subnet.database",
            "module.vpc.module.vpc.aws_subnet.elasticache",
            "module.vpc.module.vpc.aws_subnet.intra",
            "module.vpc.module.vpc.aws_subnet.private",
            "module.vpc.module.vpc.aws_subnet.public",
            "module.vpc.module.vpc.aws_subnet.redshift",
            "module.vpc.module.vpc.aws_vpc.this",
            "module.vpc.module.vpc.aws_vpc_dhcp_options.this",
            "module.vpc.module.vpc.aws_vpc_dhcp_options_association.this",
            "module.vpc.module.vpc.aws_vpc_endpoint.access_analyzer",
            "module.vpc.module.vpc.aws_vpc_endpoint.acm_pca",
            "module.vpc.module.vpc.aws_vpc_endpoint.apigw",
            "module.vpc.module.vpc.aws_vpc_endpoint.appmesh_envoy_management",
            "module.vpc.module.vpc.aws_vpc_endpoint.appstream_api",
            "module.vpc.module.vpc.aws_vpc_endpoint.appstream_streaming",
            "module.vpc.module.vpc.aws_vpc_endpoint.athena",
            "module.vpc.module.vpc.aws_vpc_endpoint.auto_scaling_plans",
            "module.vpc.module.vpc.aws_vpc_endpoint.cloud_directory",
            "module.vpc.module.vpc.aws_vpc_endpoint.cloudformation",
            "module.vpc.module.vpc.aws_vpc_endpoint.cloudtrail",
            "module.vpc.module.vpc.aws_vpc_endpoint.codeartifact_api",
            "module.vpc.module.vpc.aws_vpc_endpoint.codeartifact_repositories",
            "module.vpc.module.vpc.aws_vpc_endpoint.codebuild",
            "module.vpc.module.vpc.aws_vpc_endpoint.codecommit",
            "module.vpc.module.vpc.aws_vpc_endpoint.codedeploy",
            "module.vpc.module.vpc.aws_vpc_endpoint.codedeploy_commands_secure",
            "module.vpc.module.vpc.aws_vpc_endpoint.codepipeline",
            "module.vpc.module.vpc.aws_vpc_endpoint.config",
            "module.vpc.module.vpc.aws_vpc_endpoint.datasync",
            "module.vpc.module.vpc.aws_vpc_endpoint.dynamodb",
            "module.vpc.module.vpc.aws_vpc_endpoint.ebs",
            "module.vpc.module.vpc.aws_vpc_endpoint.ec2",
            "module.vpc.module.vpc.aws_vpc_endpoint.ec2_autoscaling",
            "module.vpc.module.vpc.aws_vpc_endpoint.ec2messages",
            "module.vpc.module.vpc.aws_vpc_endpoint.ecr_api",
            "module.vpc.module.vpc.aws_vpc_endpoint.ecr_dkr",
            "module.vpc.module.vpc.aws_vpc_endpoint.ecs",
            "module.vpc.module.vpc.aws_vpc_endpoint.ecs_agent",
            "module.vpc.module.vpc.aws_vpc_endpoint.ecs_telemetry",
            "module.vpc.module.vpc.aws_vpc_endpoint.efs",
            "module.vpc.module.vpc.aws_vpc_endpoint.elastic_inference_runtime",
            "module.vpc.module.vpc.aws_vpc_endpoint.elasticbeanstalk",
            "module.vpc.module.vpc.aws_vpc_endpoint.elasticbeanstalk_health",
            "module.vpc.module.vpc.aws_vpc_endpoint.elasticloadbalancing",
            "module.vpc.module.vpc.aws_vpc_endpoint.emr",
            "module.vpc.module.vpc.aws_vpc_endpoint.events",
            "module.vpc.module.vpc.aws_vpc_endpoint.git_codecommit",
            "module.vpc.module.vpc.aws_vpc_endpoint.glue",
            "module.vpc.module.vpc.aws_vpc_endpoint.kinesis_firehose",
            "module.vpc.module.vpc.aws_vpc_endpoint.kinesis_streams",
            "module.vpc.module.vpc.aws_vpc_endpoint.kms",
            "module.vpc.module.vpc.aws_vpc_endpoint.lambda",
            "module.vpc.module.vpc.aws_vpc_endpoint.logs",
            "module.vpc.module.vpc.aws_vpc_endpoint.monitoring",
            "module.vpc.module.vpc.aws_vpc_endpoint.qldb_session",
            "module.vpc.module.vpc.aws_vpc_endpoint.rds",
            "module.vpc.module.vpc.aws_vpc_endpoint.rekognition",
            "module.vpc.module.vpc.aws_vpc_endpoint.s3",
            "module.vpc.module.vpc.aws_vpc_endpoint.sagemaker_api",
            "module.vpc.module.vpc.aws_vpc_endpoint.sagemaker_notebook",
            "module.vpc.module.vpc.aws_vpc_endpoint.sagemaker_runtime",
            "module.vpc.module.vpc.aws_vpc_endpoint.secretsmanager",
            "module.vpc.module.vpc.aws_vpc_endpoint.servicecatalog",
            "module.vpc.module.vpc.aws_vpc_endpoint.ses",
            "module.vpc.module.vpc.aws_vpc_endpoint.sms",
            "module.vpc.module.vpc.aws_vpc_endpoint.sns",
            "module.vpc.module.vpc.aws_vpc_endpoint.sqs",
            "module.vpc.module.vpc.aws_vpc_endpoint.ssm",
            "module.vpc.module.vpc.aws_vpc_endpoint.ssmmessages",
            "module.vpc.module.vpc.aws_vpc_endpoint.states",
            "module.vpc.module.vpc.aws_vpc_endpoint.storagegateway",
            "module.vpc.module.vpc.aws_vpc_endpoint.sts",
            "module.vpc.module.vpc.aws_vpc_endpoint.textract",
            "module.vpc.module.vpc.aws_vpc_endpoint.transfer",
            "module.vpc.module.vpc.aws_vpc_endpoint.transferserver",
            "module.vpc.module.vpc.aws_vpc_endpoint.workspaces",
            "module.vpc.module.vpc.aws_vpc_endpoint_route_table_association.intra_dynamodb",
            "module.vpc.module.vpc.aws_vpc_endpoint_route_table_association.intra_s3",
            "module.vpc.module.vpc.aws_vpc_endpoint_route_table_association.private_dynamodb",
            "module.vpc.module.vpc.aws_vpc_endpoint_route_table_association.private_s3",
            "module.vpc.module.vpc.aws_vpc_endpoint_route_table_association.public_dynamodb",
            "module.vpc.module.vpc.aws_vpc_endpoint_route_table_association.public_s3",
            "module.vpc.module.vpc.aws_vpc_ipv4_cidr_block_association.this",
            "module.vpc.module.vpc.aws_vpn_gateway.this",
            "module.vpc.module.vpc.aws_vpn_gateway_attachment.this",
            "module.vpc.module.vpc.aws_vpn_gateway_route_propagation.intra",
            "module.vpc.module.vpc.aws_vpn_gateway_route_propagation.private",
            "module.vpc.module.vpc.aws_vpn_gateway_route_propagation.public",
            "module.vpc.module.vpc.data.aws_iam_policy_document.flow_log_cloudwatch_assume_role",
            "module.vpc.module.vpc.data.aws_iam_policy_document.vpc_flow_log_cloudwatch",
            "module.vpc.module.vpc.data.aws_vpc_endpoint_service.access_analyzer",
            "module.vpc.module.vpc.data.aws_vpc_endpoint_service.acm_pca",
            "module.vpc.module.vpc.data.aws_vpc_endpoint_service.apigw",
            "module.vpc.module.vpc.data.aws_vpc_endpoint_service.appmesh_envoy_management",
            "module.vpc.module.vpc.data.aws_vpc_endpoint_service.appstream_api",
            "module.vpc.module.vpc.data.aws_vpc_endpoint_service.appstream_streaming",
            "module.vpc.module.vpc.data.aws_vpc_endpoint_service.athena",
            "module.vpc.module.vpc.data.aws_vpc_endpoint_service.auto_scaling_plans",
            "module.vpc.module.vpc.data.aws_vpc_endpoint_service.cloud_directory",
            "module.vpc.module.vpc.data.aws_vpc_endpoint_service.cloudformation",
            "module.vpc.module.vpc.data.aws_vpc_endpoint_service.cloudtrail",
            "module.vpc.module.vpc.data.aws_vpc_endpoint_service.codeartifact_api",
            "module.vpc.module.vpc.data.aws_vpc_endpoint_service.codeartifact_repositories",
            "module.vpc.module.vpc.data.aws_vpc_endpoint_service.codebuild",
            "module.vpc.module.vpc.data.aws_vpc_endpoint_service.codecommit",
            "module.vpc.module.vpc.data.aws_vpc_endpoint_service.codedeploy",
            "module.vpc.module.vpc.data.aws_vpc_endpoint_service.codedeploy_commands_secure",
            "module.vpc.module.vpc.data.aws_vpc_endpoint_service.codepipeline",
            "module.vpc.module.vpc.data.aws_vpc_endpoint_service.config",
            "module.vpc.module.vpc.data.aws_vpc_endpoint_service.datasync",
            "module.vpc.module.vpc.data.aws_vpc_endpoint_service.dynamodb",
            "module.vpc.module.vpc.data.aws_vpc_endpoint_service.ebs",
            "module.vpc.module.vpc.data.aws_vpc_endpoint_service.ec2",
            "module.vpc.module.vpc.data.aws_vpc_endpoint_service.ec2_autoscaling",
            "module.vpc.module.vpc.data.aws_vpc_endpoint_service.ec2messages",
            "module.vpc.module.vpc.data.aws_vpc_endpoint_service.ecr_api",
            "module.vpc.module.vpc.data.aws_vpc_endpoint_service.ecr_dkr",
            "module.vpc.module.vpc.data.aws_vpc_endpoint_service.ecs",
            "module.vpc.module.vpc.data.aws_vpc_endpoint_service.ecs_agent",
            "module.vpc.module.vpc.data.aws_vpc_endpoint_service.ecs_telemetry",
            "module.vpc.module.vpc.data.aws_vpc_endpoint_service.efs",
            "module.vpc.module.vpc.data.aws_vpc_endpoint_service.elastic_inference_runtime",
            "module.vpc.module.vpc.data.aws_vpc_endpoint_service.elasticbeanstalk",
            "module.vpc.module.vpc.data.aws_vpc_endpoint_service.elasticbeanstalk_health",
            "module.vpc.module.vpc.data.aws_vpc_endpoint_service.elasticloadbalancing",
            "module.vpc.module.vpc.data.aws_vpc_endpoint_service.emr",
            "module.vpc.module.vpc.data.aws_vpc_endpoint_service.events",
            "module.vpc.module.vpc.data.aws_vpc_endpoint_service.git_codecommit",
            "module.vpc.module.vpc.data.aws_vpc_endpoint_service.glue",
            "module.vpc.module.vpc.data.aws_vpc_endpoint_service.kinesis_firehose",
            "module.vpc.module.vpc.data.aws_vpc_endpoint_service.kinesis_streams",
            "module.vpc.module.vpc.data.aws_vpc_endpoint_service.kms",
            "module.vpc.module.vpc.data.aws_vpc_endpoint_service.lambda",
            "module.vpc.module.vpc.data.aws_vpc_endpoint_service.logs",
            "module.vpc.module.vpc.data.aws_vpc_endpoint_service.monitoring",
            "module.vpc.module.vpc.data.aws_vpc_endpoint_service.qldb_session",
            "module.vpc.module.vpc.data.aws_vpc_endpoint_service.rds",
            "module.vpc.module.vpc.data.aws_vpc_endpoint_service.rekognition",
            "module.vpc.module.vpc.data.aws_vpc_endpoint_service.s3",
            "module.vpc.module.vpc.data.aws_vpc_endpoint_service.sagemaker_api",
            "module.vpc.module.vpc.data.aws_vpc_endpoint_service.sagemaker_notebook",
            "module.vpc.module.vpc.data.aws_vpc_endpoint_service.sagemaker_runtime",
            "module.vpc.module.vpc.data.aws_vpc_endpoint_service.secretsmanager",
            "module.vpc.module.vpc.data.aws_vpc_endpoint_service.servicecatalog",
            "module.vpc.module.vpc.data.aws_vpc_endpoint_service.ses",
            "module.vpc.module.vpc.data.aws_vpc_endpoint_service.sms",
            "module.vpc.module.vpc.data.aws_vpc_endpoint_service.sns",
            "module.vpc.module.vpc.data.aws_vpc_endpoint_service.sqs",
            "module.vpc.module.vpc.data.aws_vpc_endpoint_service.ssm",
            "module.vpc.module.vpc.data.aws_vpc_endpoint_service.ssmmessages",
            "module.vpc.module.vpc.data.aws_vpc_endpoint_service.states",
            "module.vpc.module.vpc.data.aws_vpc_endpoint_service.storagegateway",
            "module.vpc.module.vpc.data.aws_vpc_endpoint_service.sts",
            "module.vpc.module.vpc.data.aws_vpc_endpoint_service.textract",
            "module.vpc.module.vpc.data.aws_vpc_endpoint_service.transfer",
            "module.vpc.module.vpc.data.aws_vpc_endpoint_service.transferserver",
            "module.vpc.module.vpc.data.aws_vpc_endpoint_service.workspaces"
          ]
        }
      ]
    },
    {
      "module": "module.sgs",
      "mode": "managed",
      "type": "aws_security_group",
      "name": "allow_http_all",
      "provider": "module.sgs.provider[\"registry.terraform.io/hashicorp/aws\"]",
      "instances": [
        {
          "schema_version": 1,
          "attributes": {
            "arn": "arn:aws:ec2:us-east-1:210780328849:security-group/sg-0f68191c211ec5469",
            "description": "Allow HTTP inbound traffic",
            "egress": [
              {
                "cidr_blocks": [
                  "0.0.0.0/0"
                ],
                "description": "",
                "from_port": 0,
                "ipv6_cidr_blocks": [],
                "prefix_list_ids": [],
                "protocol": "-1",
                "security_groups": [],
                "self": false,
                "to_port": 0
              }
            ],
            "id": "sg-0f68191c211ec5469",
            "ingress": [
              {
                "cidr_blocks": [
                  "0.0.0.0/0"
                ],
                "description": "HTTP allow all",
                "from_port": 80,
                "ipv6_cidr_blocks": [],
                "prefix_list_ids": [],
                "protocol": "tcp",
                "security_groups": [],
                "self": false,
                "to_port": 80
              }
            ],
            "name": "allow_http_all",
            "name_prefix": "",
            "owner_id": "210780328849",
            "revoke_rules_on_delete": false,
            "tags": {
              "Name": "allow_http"
            },
            "timeouts": null,
            "vpc_id": "vpc-0c53ae7fc7394e80b"
          },
          "private": "eyJlMmJmYjczMC1lY2FhLTExZTYtOGY4OC0zNDM2M2JjN2M0YzAiOnsiY3JlYXRlIjo2MDAwMDAwMDAwMDAsImRlbGV0ZSI6NjAwMDAwMDAwMDAwfSwic2NoZW1hX3ZlcnNpb24iOiIxIn0=",
          "dependencies": [
            "module.vpc.module.vpc.aws_cloudwatch_log_group.flow_log",
            "module.vpc.module.vpc.aws_customer_gateway.this",
            "module.vpc.module.vpc.aws_db_subnet_group.database",
            "module.vpc.module.vpc.aws_default_network_acl.this",
            "module.vpc.module.vpc.aws_default_security_group.this",
            "module.vpc.module.vpc.aws_default_vpc.this",
            "module.vpc.module.vpc.aws_egress_only_internet_gateway.this",
            "module.vpc.module.vpc.aws_eip.nat",
            "module.vpc.module.vpc.aws_elasticache_subnet_group.elasticache",
            "module.vpc.module.vpc.aws_flow_log.this",
            "module.vpc.module.vpc.aws_iam_policy.vpc_flow_log_cloudwatch",
            "module.vpc.module.vpc.aws_iam_role.vpc_flow_log_cloudwatch",
            "module.vpc.module.vpc.aws_iam_role_policy_attachment.vpc_flow_log_cloudwatch",
            "module.vpc.module.vpc.aws_internet_gateway.this",
            "module.vpc.module.vpc.aws_nat_gateway.this",
            "module.vpc.module.vpc.aws_network_acl.database",
            "module.vpc.module.vpc.aws_network_acl.elasticache",
            "module.vpc.module.vpc.aws_network_acl.intra",
            "module.vpc.module.vpc.aws_network_acl.private",
            "module.vpc.module.vpc.aws_network_acl.public",
            "module.vpc.module.vpc.aws_network_acl.redshift",
            "module.vpc.module.vpc.aws_network_acl_rule.database_inbound",
            "module.vpc.module.vpc.aws_network_acl_rule.database_outbound",
            "module.vpc.module.vpc.aws_network_acl_rule.elasticache_inbound",
            "module.vpc.module.vpc.aws_network_acl_rule.elasticache_outbound",
            "module.vpc.module.vpc.aws_network_acl_rule.intra_inbound",
            "module.vpc.module.vpc.aws_network_acl_rule.intra_outbound",
            "module.vpc.module.vpc.aws_network_acl_rule.private_inbound",
            "module.vpc.module.vpc.aws_network_acl_rule.private_outbound",
            "module.vpc.module.vpc.aws_network_acl_rule.public_inbound",
            "module.vpc.module.vpc.aws_network_acl_rule.public_outbound",
            "module.vpc.module.vpc.aws_network_acl_rule.redshift_inbound",
            "module.vpc.module.vpc.aws_network_acl_rule.redshift_outbound",
            "module.vpc.module.vpc.aws_redshift_subnet_group.redshift",
            "module.vpc.module.vpc.aws_route.database_internet_gateway",
            "module.vpc.module.vpc.aws_route.database_ipv6_egress",
            "module.vpc.module.vpc.aws_route.database_nat_gateway",
            "module.vpc.module.vpc.aws_route.private_ipv6_egress",
            "module.vpc.module.vpc.aws_route.private_nat_gateway",
            "module.vpc.module.vpc.aws_route.public_internet_gateway",
            "module.vpc.module.vpc.aws_route.public_internet_gateway_ipv6",
            "module.vpc.module.vpc.aws_route_table.database",
            "module.vpc.module.vpc.aws_route_table.elasticache",
            "module.vpc.module.vpc.aws_route_table.intra",
            "module.vpc.module.vpc.aws_route_table.private",
            "module.vpc.module.vpc.aws_route_table.public",
            "module.vpc.module.vpc.aws_route_table.redshift",
            "module.vpc.module.vpc.aws_route_table_association.database",
            "module.vpc.module.vpc.aws_route_table_association.elasticache",
            "module.vpc.module.vpc.aws_route_table_association.intra",
            "module.vpc.module.vpc.aws_route_table_association.private",
            "module.vpc.module.vpc.aws_route_table_association.public",
            "module.vpc.module.vpc.aws_route_table_association.redshift",
            "module.vpc.module.vpc.aws_route_table_association.redshift_public",
            "module.vpc.module.vpc.aws_subnet.database",
            "module.vpc.module.vpc.aws_subnet.elasticache",
            "module.vpc.module.vpc.aws_subnet.intra",
            "module.vpc.module.vpc.aws_subnet.private",
            "module.vpc.module.vpc.aws_subnet.public",
            "module.vpc.module.vpc.aws_subnet.redshift",
            "module.vpc.module.vpc.aws_vpc.this",
            "module.vpc.module.vpc.aws_vpc_dhcp_options.this",
            "module.vpc.module.vpc.aws_vpc_dhcp_options_association.this",
            "module.vpc.module.vpc.aws_vpc_endpoint.access_analyzer",
            "module.vpc.module.vpc.aws_vpc_endpoint.acm_pca",
            "module.vpc.module.vpc.aws_vpc_endpoint.apigw",
            "module.vpc.module.vpc.aws_vpc_endpoint.appmesh_envoy_management",
            "module.vpc.module.vpc.aws_vpc_endpoint.appstream_api",
            "module.vpc.module.vpc.aws_vpc_endpoint.appstream_streaming",
            "module.vpc.module.vpc.aws_vpc_endpoint.athena",
            "module.vpc.module.vpc.aws_vpc_endpoint.auto_scaling_plans",
            "module.vpc.module.vpc.aws_vpc_endpoint.cloud_directory",
            "module.vpc.module.vpc.aws_vpc_endpoint.cloudformation",
            "module.vpc.module.vpc.aws_vpc_endpoint.cloudtrail",
            "module.vpc.module.vpc.aws_vpc_endpoint.codeartifact_api",
            "module.vpc.module.vpc.aws_vpc_endpoint.codeartifact_repositories",
            "module.vpc.module.vpc.aws_vpc_endpoint.codebuild",
            "module.vpc.module.vpc.aws_vpc_endpoint.codecommit",
            "module.vpc.module.vpc.aws_vpc_endpoint.codedeploy",
            "module.vpc.module.vpc.aws_vpc_endpoint.codedeploy_commands_secure",
            "module.vpc.module.vpc.aws_vpc_endpoint.codepipeline",
            "module.vpc.module.vpc.aws_vpc_endpoint.config",
            "module.vpc.module.vpc.aws_vpc_endpoint.datasync",
            "module.vpc.module.vpc.aws_vpc_endpoint.dynamodb",
            "module.vpc.module.vpc.aws_vpc_endpoint.ebs",
            "module.vpc.module.vpc.aws_vpc_endpoint.ec2",
            "module.vpc.module.vpc.aws_vpc_endpoint.ec2_autoscaling",
            "module.vpc.module.vpc.aws_vpc_endpoint.ec2messages",
            "module.vpc.module.vpc.aws_vpc_endpoint.ecr_api",
            "module.vpc.module.vpc.aws_vpc_endpoint.ecr_dkr",
            "module.vpc.module.vpc.aws_vpc_endpoint.ecs",
            "module.vpc.module.vpc.aws_vpc_endpoint.ecs_agent",
            "module.vpc.module.vpc.aws_vpc_endpoint.ecs_telemetry",
            "module.vpc.module.vpc.aws_vpc_endpoint.efs",
            "module.vpc.module.vpc.aws_vpc_endpoint.elastic_inference_runtime",
            "module.vpc.module.vpc.aws_vpc_endpoint.elasticbeanstalk",
            "module.vpc.module.vpc.aws_vpc_endpoint.elasticbeanstalk_health",
            "module.vpc.module.vpc.aws_vpc_endpoint.elasticloadbalancing",
            "module.vpc.module.vpc.aws_vpc_endpoint.emr",
            "module.vpc.module.vpc.aws_vpc_endpoint.events",
            "module.vpc.module.vpc.aws_vpc_endpoint.git_codecommit",
            "module.vpc.module.vpc.aws_vpc_endpoint.glue",
            "module.vpc.module.vpc.aws_vpc_endpoint.kinesis_firehose",
            "module.vpc.module.vpc.aws_vpc_endpoint.kinesis_streams",
            "module.vpc.module.vpc.aws_vpc_endpoint.kms",
            "module.vpc.module.vpc.aws_vpc_endpoint.lambda",
            "module.vpc.module.vpc.aws_vpc_endpoint.logs",
            "module.vpc.module.vpc.aws_vpc_endpoint.monitoring",
            "module.vpc.module.vpc.aws_vpc_endpoint.qldb_session",
            "module.vpc.module.vpc.aws_vpc_endpoint.rds",
            "module.vpc.module.vpc.aws_vpc_endpoint.rekognition",
            "module.vpc.module.vpc.aws_vpc_endpoint.s3",
            "module.vpc.module.vpc.aws_vpc_endpoint.sagemaker_api",
            "module.vpc.module.vpc.aws_vpc_endpoint.sagemaker_notebook",
            "module.vpc.module.vpc.aws_vpc_endpoint.sagemaker_runtime",
            "module.vpc.module.vpc.aws_vpc_endpoint.secretsmanager",
            "module.vpc.module.vpc.aws_vpc_endpoint.servicecatalog",
            "module.vpc.module.vpc.aws_vpc_endpoint.ses",
            "module.vpc.module.vpc.aws_vpc_endpoint.sms",
            "module.vpc.module.vpc.aws_vpc_endpoint.sns",
            "module.vpc.module.vpc.aws_vpc_endpoint.sqs",
            "module.vpc.module.vpc.aws_vpc_endpoint.ssm",
            "module.vpc.module.vpc.aws_vpc_endpoint.ssmmessages",
            "module.vpc.module.vpc.aws_vpc_endpoint.states",
            "module.vpc.module.vpc.aws_vpc_endpoint.storagegateway",
            "module.vpc.module.vpc.aws_vpc_endpoint.sts",
            "module.vpc.module.vpc.aws_vpc_endpoint.textract",
            "module.vpc.module.vpc.aws_vpc_endpoint.transfer",
            "module.vpc.module.vpc.aws_vpc_endpoint.transferserver",
            "module.vpc.module.vpc.aws_vpc_endpoint.workspaces",
            "module.vpc.module.vpc.aws_vpc_endpoint_route_table_association.intra_dynamodb",
            "module.vpc.module.vpc.aws_vpc_endpoint_route_table_association.intra_s3",
            "module.vpc.module.vpc.aws_vpc_endpoint_route_table_association.private_dynamodb",
            "module.vpc.module.vpc.aws_vpc_endpoint_route_table_association.private_s3",
            "module.vpc.module.vpc.aws_vpc_endpoint_route_table_association.public_dynamodb",
            "module.vpc.module.vpc.aws_vpc_endpoint_route_table_association.public_s3",
            "module.vpc.module.vpc.aws_vpc_ipv4_cidr_block_association.this",
            "module.vpc.module.vpc.aws_vpn_gateway.this",
            "module.vpc.module.vpc.aws_vpn_gateway_attachment.this",
            "module.vpc.module.vpc.aws_vpn_gateway_route_propagation.intra",
            "module.vpc.module.vpc.aws_vpn_gateway_route_propagation.private",
            "module.vpc.module.vpc.aws_vpn_gateway_route_propagation.public",
            "module.vpc.module.vpc.data.aws_iam_policy_document.flow_log_cloudwatch_assume_role",
            "module.vpc.module.vpc.data.aws_iam_policy_document.vpc_flow_log_cloudwatch",
            "module.vpc.module.vpc.data.aws_vpc_endpoint_service.access_analyzer",
            "module.vpc.module.vpc.data.aws_vpc_endpoint_service.acm_pca",
            "module.vpc.module.vpc.data.aws_vpc_endpoint_service.apigw",
            "module.vpc.module.vpc.data.aws_vpc_endpoint_service.appmesh_envoy_management",
            "module.vpc.module.vpc.data.aws_vpc_endpoint_service.appstream_api",
            "module.vpc.module.vpc.data.aws_vpc_endpoint_service.appstream_streaming",
            "module.vpc.module.vpc.data.aws_vpc_endpoint_service.athena",
            "module.vpc.module.vpc.data.aws_vpc_endpoint_service.auto_scaling_plans",
            "module.vpc.module.vpc.data.aws_vpc_endpoint_service.cloud_directory",
            "module.vpc.module.vpc.data.aws_vpc_endpoint_service.cloudformation",
            "module.vpc.module.vpc.data.aws_vpc_endpoint_service.cloudtrail",
            "module.vpc.module.vpc.data.aws_vpc_endpoint_service.codeartifact_api",
            "module.vpc.module.vpc.data.aws_vpc_endpoint_service.codeartifact_repositories",
            "module.vpc.module.vpc.data.aws_vpc_endpoint_service.codebuild",
            "module.vpc.module.vpc.data.aws_vpc_endpoint_service.codecommit",
            "module.vpc.module.vpc.data.aws_vpc_endpoint_service.codedeploy",
            "module.vpc.module.vpc.data.aws_vpc_endpoint_service.codedeploy_commands_secure",
            "module.vpc.module.vpc.data.aws_vpc_endpoint_service.codepipeline",
            "module.vpc.module.vpc.data.aws_vpc_endpoint_service.config",
            "module.vpc.module.vpc.data.aws_vpc_endpoint_service.datasync",
            "module.vpc.module.vpc.data.aws_vpc_endpoint_service.dynamodb",
            "module.vpc.module.vpc.data.aws_vpc_endpoint_service.ebs",
            "module.vpc.module.vpc.data.aws_vpc_endpoint_service.ec2",
            "module.vpc.module.vpc.data.aws_vpc_endpoint_service.ec2_autoscaling",
            "module.vpc.module.vpc.data.aws_vpc_endpoint_service.ec2messages",
            "module.vpc.module.vpc.data.aws_vpc_endpoint_service.ecr_api",
            "module.vpc.module.vpc.data.aws_vpc_endpoint_service.ecr_dkr",
            "module.vpc.module.vpc.data.aws_vpc_endpoint_service.ecs",
            "module.vpc.module.vpc.data.aws_vpc_endpoint_service.ecs_agent",
            "module.vpc.module.vpc.data.aws_vpc_endpoint_service.ecs_telemetry",
            "module.vpc.module.vpc.data.aws_vpc_endpoint_service.efs",
            "module.vpc.module.vpc.data.aws_vpc_endpoint_service.elastic_inference_runtime",
            "module.vpc.module.vpc.data.aws_vpc_endpoint_service.elasticbeanstalk",
            "module.vpc.module.vpc.data.aws_vpc_endpoint_service.elasticbeanstalk_health",
            "module.vpc.module.vpc.data.aws_vpc_endpoint_service.elasticloadbalancing",
            "module.vpc.module.vpc.data.aws_vpc_endpoint_service.emr",
            "module.vpc.module.vpc.data.aws_vpc_endpoint_service.events",
            "module.vpc.module.vpc.data.aws_vpc_endpoint_service.git_codecommit",
            "module.vpc.module.vpc.data.aws_vpc_endpoint_service.glue",
            "module.vpc.module.vpc.data.aws_vpc_endpoint_service.kinesis_firehose",
            "module.vpc.module.vpc.data.aws_vpc_endpoint_service.kinesis_streams",
            "module.vpc.module.vpc.data.aws_vpc_endpoint_service.kms",
            "module.vpc.module.vpc.data.aws_vpc_endpoint_service.lambda",
            "module.vpc.module.vpc.data.aws_vpc_endpoint_service.logs",
            "module.vpc.module.vpc.data.aws_vpc_endpoint_service.monitoring",
            "module.vpc.module.vpc.data.aws_vpc_endpoint_service.qldb_session",
            "module.vpc.module.vpc.data.aws_vpc_endpoint_service.rds",
            "module.vpc.module.vpc.data.aws_vpc_endpoint_service.rekognition",
            "module.vpc.module.vpc.data.aws_vpc_endpoint_service.s3",
            "module.vpc.module.vpc.data.aws_vpc_endpoint_service.sagemaker_api",
            "module.vpc.module.vpc.data.aws_vpc_endpoint_service.sagemaker_notebook",
            "module.vpc.module.vpc.data.aws_vpc_endpoint_service.sagemaker_runtime",
            "module.vpc.module.vpc.data.aws_vpc_endpoint_service.secretsmanager",
            "module.vpc.module.vpc.data.aws_vpc_endpoint_service.servicecatalog",
            "module.vpc.module.vpc.data.aws_vpc_endpoint_service.ses",
            "module.vpc.module.vpc.data.aws_vpc_endpoint_service.sms",
            "module.vpc.module.vpc.data.aws_vpc_endpoint_service.sns",
            "module.vpc.module.vpc.data.aws_vpc_endpoint_service.sqs",
            "module.vpc.module.vpc.data.aws_vpc_endpoint_service.ssm",
            "module.vpc.module.vpc.data.aws_vpc_endpoint_service.ssmmessages",
            "module.vpc.module.vpc.data.aws_vpc_endpoint_service.states",
            "module.vpc.module.vpc.data.aws_vpc_endpoint_service.storagegateway",
            "module.vpc.module.vpc.data.aws_vpc_endpoint_service.sts",
            "module.vpc.module.vpc.data.aws_vpc_endpoint_service.textract",
            "module.vpc.module.vpc.data.aws_vpc_endpoint_service.transfer",
            "module.vpc.module.vpc.data.aws_vpc_endpoint_service.transferserver",
            "module.vpc.module.vpc.data.aws_vpc_endpoint_service.workspaces"
          ]
        }
      ]
    },
    {
      "module": "module.sgs",
      "mode": "managed",
      "type": "aws_security_group",
      "name": "allow_ssh_all",
      "provider": "module.sgs.provider[\"registry.terraform.io/hashicorp/aws\"]",
      "instances": [
        {
          "schema_version": 1,
          "attributes": {
            "arn": "arn:aws:ec2:us-east-1:210780328849:security-group/sg-02d163ad1a604af0b",
            "description": "Allow  SSH inbound traffic",
            "egress": [
              {
                "cidr_blocks": [
                  "0.0.0.0/0"
                ],
                "description": "",
                "from_port": 0,
                "ipv6_cidr_blocks": [],
                "prefix_list_ids": [],
                "protocol": "-1",
                "security_groups": [],
                "self": false,
                "to_port": 0
              }
            ],
            "id": "sg-02d163ad1a604af0b",
            "ingress": [
              {
                "cidr_blocks": [
                  "0.0.0.0/0"
                ],
                "description": "SSH allow all",
                "from_port": 22,
                "ipv6_cidr_blocks": [],
                "prefix_list_ids": [],
                "protocol": "tcp",
                "security_groups": [],
                "self": false,
                "to_port": 22
              }
            ],
            "name": "allow_ssh_all",
            "name_prefix": "",
            "owner_id": "210780328849",
            "revoke_rules_on_delete": false,
            "tags": {
              "Name": "allow_http_ssh"
            },
            "timeouts": null,
            "vpc_id": "vpc-0c53ae7fc7394e80b"
          },
          "private": "eyJlMmJmYjczMC1lY2FhLTExZTYtOGY4OC0zNDM2M2JjN2M0YzAiOnsiY3JlYXRlIjo2MDAwMDAwMDAwMDAsImRlbGV0ZSI6NjAwMDAwMDAwMDAwfSwic2NoZW1hX3ZlcnNpb24iOiIxIn0=",
          "dependencies": [
            "module.vpc.module.vpc.aws_cloudwatch_log_group.flow_log",
            "module.vpc.module.vpc.aws_customer_gateway.this",
            "module.vpc.module.vpc.aws_db_subnet_group.database",
            "module.vpc.module.vpc.aws_default_network_acl.this",
            "module.vpc.module.vpc.aws_default_security_group.this",
            "module.vpc.module.vpc.aws_default_vpc.this",
            "module.vpc.module.vpc.aws_egress_only_internet_gateway.this",
            "module.vpc.module.vpc.aws_eip.nat",
            "module.vpc.module.vpc.aws_elasticache_subnet_group.elasticache",
            "module.vpc.module.vpc.aws_flow_log.this",
            "module.vpc.module.vpc.aws_iam_policy.vpc_flow_log_cloudwatch",
            "module.vpc.module.vpc.aws_iam_role.vpc_flow_log_cloudwatch",
            "module.vpc.module.vpc.aws_iam_role_policy_attachment.vpc_flow_log_cloudwatch",
            "module.vpc.module.vpc.aws_internet_gateway.this",
            "module.vpc.module.vpc.aws_nat_gateway.this",
            "module.vpc.module.vpc.aws_network_acl.database",
            "module.vpc.module.vpc.aws_network_acl.elasticache",
            "module.vpc.module.vpc.aws_network_acl.intra",
            "module.vpc.module.vpc.aws_network_acl.private",
            "module.vpc.module.vpc.aws_network_acl.public",
            "module.vpc.module.vpc.aws_network_acl.redshift",
            "module.vpc.module.vpc.aws_network_acl_rule.database_inbound",
            "module.vpc.module.vpc.aws_network_acl_rule.database_outbound",
            "module.vpc.module.vpc.aws_network_acl_rule.elasticache_inbound",
            "module.vpc.module.vpc.aws_network_acl_rule.elasticache_outbound",
            "module.vpc.module.vpc.aws_network_acl_rule.intra_inbound",
            "module.vpc.module.vpc.aws_network_acl_rule.intra_outbound",
            "module.vpc.module.vpc.aws_network_acl_rule.private_inbound",
            "module.vpc.module.vpc.aws_network_acl_rule.private_outbound",
            "module.vpc.module.vpc.aws_network_acl_rule.public_inbound",
            "module.vpc.module.vpc.aws_network_acl_rule.public_outbound",
            "module.vpc.module.vpc.aws_network_acl_rule.redshift_inbound",
            "module.vpc.module.vpc.aws_network_acl_rule.redshift_outbound",
            "module.vpc.module.vpc.aws_redshift_subnet_group.redshift",
            "module.vpc.module.vpc.aws_route.database_internet_gateway",
            "module.vpc.module.vpc.aws_route.database_ipv6_egress",
            "module.vpc.module.vpc.aws_route.database_nat_gateway",
            "module.vpc.module.vpc.aws_route.private_ipv6_egress",
            "module.vpc.module.vpc.aws_route.private_nat_gateway",
            "module.vpc.module.vpc.aws_route.public_internet_gateway",
            "module.vpc.module.vpc.aws_route.public_internet_gateway_ipv6",
            "module.vpc.module.vpc.aws_route_table.database",
            "module.vpc.module.vpc.aws_route_table.elasticache",
            "module.vpc.module.vpc.aws_route_table.intra",
            "module.vpc.module.vpc.aws_route_table.private",
            "module.vpc.module.vpc.aws_route_table.public",
            "module.vpc.module.vpc.aws_route_table.redshift",
            "module.vpc.module.vpc.aws_route_table_association.database",
            "module.vpc.module.vpc.aws_route_table_association.elasticache",
            "module.vpc.module.vpc.aws_route_table_association.intra",
            "module.vpc.module.vpc.aws_route_table_association.private",
            "module.vpc.module.vpc.aws_route_table_association.public",
            "module.vpc.module.vpc.aws_route_table_association.redshift",
            "module.vpc.module.vpc.aws_route_table_association.redshift_public",
            "module.vpc.module.vpc.aws_subnet.database",
            "module.vpc.module.vpc.aws_subnet.elasticache",
            "module.vpc.module.vpc.aws_subnet.intra",
            "module.vpc.module.vpc.aws_subnet.private",
            "module.vpc.module.vpc.aws_subnet.public",
            "module.vpc.module.vpc.aws_subnet.redshift",
            "module.vpc.module.vpc.aws_vpc.this",
            "module.vpc.module.vpc.aws_vpc_dhcp_options.this",
            "module.vpc.module.vpc.aws_vpc_dhcp_options_association.this",
            "module.vpc.module.vpc.aws_vpc_endpoint.access_analyzer",
            "module.vpc.module.vpc.aws_vpc_endpoint.acm_pca",
            "module.vpc.module.vpc.aws_vpc_endpoint.apigw",
            "module.vpc.module.vpc.aws_vpc_endpoint.appmesh_envoy_management",
            "module.vpc.module.vpc.aws_vpc_endpoint.appstream_api",
            "module.vpc.module.vpc.aws_vpc_endpoint.appstream_streaming",
            "module.vpc.module.vpc.aws_vpc_endpoint.athena",
            "module.vpc.module.vpc.aws_vpc_endpoint.auto_scaling_plans",
            "module.vpc.module.vpc.aws_vpc_endpoint.cloud_directory",
            "module.vpc.module.vpc.aws_vpc_endpoint.cloudformation",
            "module.vpc.module.vpc.aws_vpc_endpoint.cloudtrail",
            "module.vpc.module.vpc.aws_vpc_endpoint.codeartifact_api",
            "module.vpc.module.vpc.aws_vpc_endpoint.codeartifact_repositories",
            "module.vpc.module.vpc.aws_vpc_endpoint.codebuild",
            "module.vpc.module.vpc.aws_vpc_endpoint.codecommit",
            "module.vpc.module.vpc.aws_vpc_endpoint.codedeploy",
            "module.vpc.module.vpc.aws_vpc_endpoint.codedeploy_commands_secure",
            "module.vpc.module.vpc.aws_vpc_endpoint.codepipeline",
            "module.vpc.module.vpc.aws_vpc_endpoint.config",
            "module.vpc.module.vpc.aws_vpc_endpoint.datasync",
            "module.vpc.module.vpc.aws_vpc_endpoint.dynamodb",
            "module.vpc.module.vpc.aws_vpc_endpoint.ebs",
            "module.vpc.module.vpc.aws_vpc_endpoint.ec2",
            "module.vpc.module.vpc.aws_vpc_endpoint.ec2_autoscaling",
            "module.vpc.module.vpc.aws_vpc_endpoint.ec2messages",
            "module.vpc.module.vpc.aws_vpc_endpoint.ecr_api",
            "module.vpc.module.vpc.aws_vpc_endpoint.ecr_dkr",
            "module.vpc.module.vpc.aws_vpc_endpoint.ecs",
            "module.vpc.module.vpc.aws_vpc_endpoint.ecs_agent",
            "module.vpc.module.vpc.aws_vpc_endpoint.ecs_telemetry",
            "module.vpc.module.vpc.aws_vpc_endpoint.efs",
            "module.vpc.module.vpc.aws_vpc_endpoint.elastic_inference_runtime",
            "module.vpc.module.vpc.aws_vpc_endpoint.elasticbeanstalk",
            "module.vpc.module.vpc.aws_vpc_endpoint.elasticbeanstalk_health",
            "module.vpc.module.vpc.aws_vpc_endpoint.elasticloadbalancing",
            "module.vpc.module.vpc.aws_vpc_endpoint.emr",
            "module.vpc.module.vpc.aws_vpc_endpoint.events",
            "module.vpc.module.vpc.aws_vpc_endpoint.git_codecommit",
            "module.vpc.module.vpc.aws_vpc_endpoint.glue",
            "module.vpc.module.vpc.aws_vpc_endpoint.kinesis_firehose",
            "module.vpc.module.vpc.aws_vpc_endpoint.kinesis_streams",
            "module.vpc.module.vpc.aws_vpc_endpoint.kms",
            "module.vpc.module.vpc.aws_vpc_endpoint.lambda",
            "module.vpc.module.vpc.aws_vpc_endpoint.logs",
            "module.vpc.module.vpc.aws_vpc_endpoint.monitoring",
            "module.vpc.module.vpc.aws_vpc_endpoint.qldb_session",
            "module.vpc.module.vpc.aws_vpc_endpoint.rds",
            "module.vpc.module.vpc.aws_vpc_endpoint.rekognition",
            "module.vpc.module.vpc.aws_vpc_endpoint.s3",
            "module.vpc.module.vpc.aws_vpc_endpoint.sagemaker_api",
            "module.vpc.module.vpc.aws_vpc_endpoint.sagemaker_notebook",
            "module.vpc.module.vpc.aws_vpc_endpoint.sagemaker_runtime",
            "module.vpc.module.vpc.aws_vpc_endpoint.secretsmanager",
            "module.vpc.module.vpc.aws_vpc_endpoint.servicecatalog",
            "module.vpc.module.vpc.aws_vpc_endpoint.ses",
            "module.vpc.module.vpc.aws_vpc_endpoint.sms",
            "module.vpc.module.vpc.aws_vpc_endpoint.sns",
            "module.vpc.module.vpc.aws_vpc_endpoint.sqs",
            "module.vpc.module.vpc.aws_vpc_endpoint.ssm",
            "module.vpc.module.vpc.aws_vpc_endpoint.ssmmessages",
            "module.vpc.module.vpc.aws_vpc_endpoint.states",
            "module.vpc.module.vpc.aws_vpc_endpoint.storagegateway",
            "module.vpc.module.vpc.aws_vpc_endpoint.sts",
            "module.vpc.module.vpc.aws_vpc_endpoint.textract",
            "module.vpc.module.vpc.aws_vpc_endpoint.transfer",
            "module.vpc.module.vpc.aws_vpc_endpoint.transferserver",
            "module.vpc.module.vpc.aws_vpc_endpoint.workspaces",
            "module.vpc.module.vpc.aws_vpc_endpoint_route_table_association.intra_dynamodb",
            "module.vpc.module.vpc.aws_vpc_endpoint_route_table_association.intra_s3",
            "module.vpc.module.vpc.aws_vpc_endpoint_route_table_association.private_dynamodb",
            "module.vpc.module.vpc.aws_vpc_endpoint_route_table_association.private_s3",
            "module.vpc.module.vpc.aws_vpc_endpoint_route_table_association.public_dynamodb",
            "module.vpc.module.vpc.aws_vpc_endpoint_route_table_association.public_s3",
            "module.vpc.module.vpc.aws_vpc_ipv4_cidr_block_association.this",
            "module.vpc.module.vpc.aws_vpn_gateway.this",
            "module.vpc.module.vpc.aws_vpn_gateway_attachment.this",
            "module.vpc.module.vpc.aws_vpn_gateway_route_propagation.intra",
            "module.vpc.module.vpc.aws_vpn_gateway_route_propagation.private",
            "module.vpc.module.vpc.aws_vpn_gateway_route_propagation.public",
            "module.vpc.module.vpc.data.aws_iam_policy_document.flow_log_cloudwatch_assume_role",
            "module.vpc.module.vpc.data.aws_iam_policy_document.vpc_flow_log_cloudwatch",
            "module.vpc.module.vpc.data.aws_vpc_endpoint_service.access_analyzer",
            "module.vpc.module.vpc.data.aws_vpc_endpoint_service.acm_pca",
            "module.vpc.module.vpc.data.aws_vpc_endpoint_service.apigw",
            "module.vpc.module.vpc.data.aws_vpc_endpoint_service.appmesh_envoy_management",
            "module.vpc.module.vpc.data.aws_vpc_endpoint_service.appstream_api",
            "module.vpc.module.vpc.data.aws_vpc_endpoint_service.appstream_streaming",
            "module.vpc.module.vpc.data.aws_vpc_endpoint_service.athena",
            "module.vpc.module.vpc.data.aws_vpc_endpoint_service.auto_scaling_plans",
            "module.vpc.module.vpc.data.aws_vpc_endpoint_service.cloud_directory",
            "module.vpc.module.vpc.data.aws_vpc_endpoint_service.cloudformation",
            "module.vpc.module.vpc.data.aws_vpc_endpoint_service.cloudtrail",
            "module.vpc.module.vpc.data.aws_vpc_endpoint_service.codeartifact_api",
            "module.vpc.module.vpc.data.aws_vpc_endpoint_service.codeartifact_repositories",
            "module.vpc.module.vpc.data.aws_vpc_endpoint_service.codebuild",
            "module.vpc.module.vpc.data.aws_vpc_endpoint_service.codecommit",
            "module.vpc.module.vpc.data.aws_vpc_endpoint_service.codedeploy",
            "module.vpc.module.vpc.data.aws_vpc_endpoint_service.codedeploy_commands_secure",
            "module.vpc.module.vpc.data.aws_vpc_endpoint_service.codepipeline",
            "module.vpc.module.vpc.data.aws_vpc_endpoint_service.config",
            "module.vpc.module.vpc.data.aws_vpc_endpoint_service.datasync",
            "module.vpc.module.vpc.data.aws_vpc_endpoint_service.dynamodb",
            "module.vpc.module.vpc.data.aws_vpc_endpoint_service.ebs",
            "module.vpc.module.vpc.data.aws_vpc_endpoint_service.ec2",
            "module.vpc.module.vpc.data.aws_vpc_endpoint_service.ec2_autoscaling",
            "module.vpc.module.vpc.data.aws_vpc_endpoint_service.ec2messages",
            "module.vpc.module.vpc.data.aws_vpc_endpoint_service.ecr_api",
            "module.vpc.module.vpc.data.aws_vpc_endpoint_service.ecr_dkr",
            "module.vpc.module.vpc.data.aws_vpc_endpoint_service.ecs",
            "module.vpc.module.vpc.data.aws_vpc_endpoint_service.ecs_agent",
            "module.vpc.module.vpc.data.aws_vpc_endpoint_service.ecs_telemetry",
            "module.vpc.module.vpc.data.aws_vpc_endpoint_service.efs",
            "module.vpc.module.vpc.data.aws_vpc_endpoint_service.elastic_inference_runtime",
            "module.vpc.module.vpc.data.aws_vpc_endpoint_service.elasticbeanstalk",
            "module.vpc.module.vpc.data.aws_vpc_endpoint_service.elasticbeanstalk_health",
            "module.vpc.module.vpc.data.aws_vpc_endpoint_service.elasticloadbalancing",
            "module.vpc.module.vpc.data.aws_vpc_endpoint_service.emr",
            "module.vpc.module.vpc.data.aws_vpc_endpoint_service.events",
            "module.vpc.module.vpc.data.aws_vpc_endpoint_service.git_codecommit",
            "module.vpc.module.vpc.data.aws_vpc_endpoint_service.glue",
            "module.vpc.module.vpc.data.aws_vpc_endpoint_service.kinesis_firehose",
            "module.vpc.module.vpc.data.aws_vpc_endpoint_service.kinesis_streams",
            "module.vpc.module.vpc.data.aws_vpc_endpoint_service.kms",
            "module.vpc.module.vpc.data.aws_vpc_endpoint_service.lambda",
            "module.vpc.module.vpc.data.aws_vpc_endpoint_service.logs",
            "module.vpc.module.vpc.data.aws_vpc_endpoint_service.monitoring",
            "module.vpc.module.vpc.data.aws_vpc_endpoint_service.qldb_session",
            "module.vpc.module.vpc.data.aws_vpc_endpoint_service.rds",
            "module.vpc.module.vpc.data.aws_vpc_endpoint_service.rekognition",
            "module.vpc.module.vpc.data.aws_vpc_endpoint_service.s3",
            "module.vpc.module.vpc.data.aws_vpc_endpoint_service.sagemaker_api",
            "module.vpc.module.vpc.data.aws_vpc_endpoint_service.sagemaker_notebook",
            "module.vpc.module.vpc.data.aws_vpc_endpoint_service.sagemaker_runtime",
            "module.vpc.module.vpc.data.aws_vpc_endpoint_service.secretsmanager",
            "module.vpc.module.vpc.data.aws_vpc_endpoint_service.servicecatalog",
            "module.vpc.module.vpc.data.aws_vpc_endpoint_service.ses",
            "module.vpc.module.vpc.data.aws_vpc_endpoint_service.sms",
            "module.vpc.module.vpc.data.aws_vpc_endpoint_service.sns",
            "module.vpc.module.vpc.data.aws_vpc_endpoint_service.sqs",
            "module.vpc.module.vpc.data.aws_vpc_endpoint_service.ssm",
            "module.vpc.module.vpc.data.aws_vpc_endpoint_service.ssmmessages",
            "module.vpc.module.vpc.data.aws_vpc_endpoint_service.states",
            "module.vpc.module.vpc.data.aws_vpc_endpoint_service.storagegateway",
            "module.vpc.module.vpc.data.aws_vpc_endpoint_service.sts",
            "module.vpc.module.vpc.data.aws_vpc_endpoint_service.textract",
            "module.vpc.module.vpc.data.aws_vpc_endpoint_service.transfer",
            "module.vpc.module.vpc.data.aws_vpc_endpoint_service.transferserver",
            "module.vpc.module.vpc.data.aws_vpc_endpoint_service.workspaces"
          ]
        }
      ]
    },
    {
      "module": "module.vpc.module.vpc",
      "mode": "managed",
      "type": "aws_internet_gateway",
      "name": "this",
      "provider": "module.vpc.provider[\"registry.terraform.io/hashicorp/aws\"]",
      "instances": [
        {
          "index_key": 0,
          "schema_version": 0,
          "attributes": {
            "arn": "arn:aws:ec2:us-east-1:210780328849:internet-gateway/igw-0eb381224dac36984",
            "id": "igw-0eb381224dac36984",
            "owner_id": "210780328849",
            "tags": {
              "Environment": "dev",
              "Name": "justin-demo-vpc",
              "Terraform": "true"
            },
            "vpc_id": "vpc-0c53ae7fc7394e80b"
          },
          "private": "bnVsbA==",
          "dependencies": [
            "module.vpc.module.vpc.aws_vpc.this",
            "module.vpc.module.vpc.aws_vpc_ipv4_cidr_block_association.this"
          ]
        }
      ]
    },
    {
      "module": "module.vpc.module.vpc",
      "mode": "managed",
      "type": "aws_route",
      "name": "public_internet_gateway",
      "provider": "module.vpc.provider[\"registry.terraform.io/hashicorp/aws\"]",
      "instances": [
        {
          "index_key": 0,
          "schema_version": 0,
          "attributes": {
            "destination_cidr_block": "0.0.0.0/0",
            "destination_ipv6_cidr_block": "",
            "destination_prefix_list_id": "",
            "egress_only_gateway_id": "",
            "gateway_id": "igw-0eb381224dac36984",
            "id": "r-rtb-0925d5a7e0e2e1d9e1080289494",
            "instance_id": "",
            "instance_owner_id": "",
            "local_gateway_id": "",
            "nat_gateway_id": "",
            "network_interface_id": "",
            "origin": "CreateRoute",
            "route_table_id": "rtb-0925d5a7e0e2e1d9e",
            "state": "active",
            "timeouts": {
              "create": "5m",
              "delete": null
            },
            "transit_gateway_id": "",
            "vpc_endpoint_id": null,
            "vpc_peering_connection_id": ""
          },
          "private": "eyJlMmJmYjczMC1lY2FhLTExZTYtOGY4OC0zNDM2M2JjN2M0YzAiOnsiY3JlYXRlIjozMDAwMDAwMDAwMDAsImRlbGV0ZSI6MzAwMDAwMDAwMDAwfX0=",
          "dependencies": [
            "module.vpc.module.vpc.aws_internet_gateway.this",
            "module.vpc.module.vpc.aws_route_table.public",
            "module.vpc.module.vpc.aws_vpc.this",
            "module.vpc.module.vpc.aws_vpc_ipv4_cidr_block_association.this"
          ]
        }
      ]
    },
    {
      "module": "module.vpc.module.vpc",
      "mode": "managed",
      "type": "aws_route_table",
      "name": "public",
      "provider": "module.vpc.provider[\"registry.terraform.io/hashicorp/aws\"]",
      "instances": [
        {
          "index_key": 0,
          "schema_version": 0,
          "attributes": {
            "id": "rtb-0925d5a7e0e2e1d9e",
            "owner_id": "210780328849",
            "propagating_vgws": [],
            "route": [
              {
                "cidr_block": "0.0.0.0/0",
                "egress_only_gateway_id": "",
                "gateway_id": "igw-0eb381224dac36984",
                "instance_id": "",
                "ipv6_cidr_block": "",
                "local_gateway_id": "",
                "nat_gateway_id": "",
                "network_interface_id": "",
                "transit_gateway_id": "",
                "vpc_endpoint_id": "",
                "vpc_peering_connection_id": ""
              }
            ],
            "tags": {
              "Environment": "dev",
              "Name": "justin-demo-vpc-public",
              "Terraform": "true"
            },
            "vpc_id": "vpc-0c53ae7fc7394e80b"
          },
          "private": "bnVsbA==",
          "dependencies": [
            "module.vpc.module.vpc.aws_vpc.this",
            "module.vpc.module.vpc.aws_vpc_ipv4_cidr_block_association.this"
          ]
        }
      ]
    },
    {
      "module": "module.vpc.module.vpc",
      "mode": "managed",
      "type": "aws_route_table_association",
      "name": "public",
      "provider": "module.vpc.provider[\"registry.terraform.io/hashicorp/aws\"]",
      "instances": [
        {
          "index_key": 0,
          "schema_version": 0,
          "attributes": {
            "gateway_id": null,
            "id": "rtbassoc-04487dceb38c16a4b",
            "route_table_id": "rtb-0925d5a7e0e2e1d9e",
            "subnet_id": "subnet-0f7749f9f5dba3d2b"
          },
          "private": "bnVsbA==",
          "dependencies": [
            "module.vpc.module.vpc.aws_route_table.public",
            "module.vpc.module.vpc.aws_subnet.public",
            "module.vpc.module.vpc.aws_vpc.this",
            "module.vpc.module.vpc.aws_vpc_ipv4_cidr_block_association.this"
          ]
        },
        {
          "index_key": 1,
          "schema_version": 0,
          "attributes": {
            "gateway_id": null,
            "id": "rtbassoc-080d7544b3cf808b4",
            "route_table_id": "rtb-0925d5a7e0e2e1d9e",
            "subnet_id": "subnet-0eb297f9f090092da"
          },
          "private": "bnVsbA==",
          "dependencies": [
            "module.vpc.module.vpc.aws_route_table.public",
            "module.vpc.module.vpc.aws_subnet.public",
            "module.vpc.module.vpc.aws_vpc.this",
            "module.vpc.module.vpc.aws_vpc_ipv4_cidr_block_association.this"
          ]
        },
        {
          "index_key": 2,
          "schema_version": 0,
          "attributes": {
            "gateway_id": null,
            "id": "rtbassoc-0729b679f5040a63c",
            "route_table_id": "rtb-0925d5a7e0e2e1d9e",
            "subnet_id": "subnet-00f46bbc5a7b203af"
          },
          "private": "bnVsbA==",
          "dependencies": [
            "module.vpc.module.vpc.aws_route_table.public",
            "module.vpc.module.vpc.aws_subnet.public",
            "module.vpc.module.vpc.aws_vpc.this",
            "module.vpc.module.vpc.aws_vpc_ipv4_cidr_block_association.this"
          ]
        }
      ]
    },
    {
      "module": "module.vpc.module.vpc",
      "mode": "managed",
      "type": "aws_subnet",
      "name": "public",
      "provider": "module.vpc.provider[\"registry.terraform.io/hashicorp/aws\"]",
      "instances": [
        {
          "index_key": 0,
          "schema_version": 1,
          "attributes": {
            "arn": "arn:aws:ec2:us-east-1:210780328849:subnet/subnet-0f7749f9f5dba3d2b",
            "assign_ipv6_address_on_creation": false,
            "availability_zone": "us-east-1a",
            "availability_zone_id": "use1-az6",
            "cidr_block": "10.20.101.0/24",
            "id": "subnet-0f7749f9f5dba3d2b",
            "ipv6_cidr_block": "",
            "ipv6_cidr_block_association_id": "",
            "map_public_ip_on_launch": true,
            "outpost_arn": "",
            "owner_id": "210780328849",
            "tags": {
              "Environment": "dev",
              "Name": "justin-demo-vpc-public-us-east-1a",
              "Terraform": "true"
            },
            "timeouts": null,
            "vpc_id": "vpc-0c53ae7fc7394e80b"
          },
          "private": "eyJlMmJmYjczMC1lY2FhLTExZTYtOGY4OC0zNDM2M2JjN2M0YzAiOnsiY3JlYXRlIjo2MDAwMDAwMDAwMDAsImRlbGV0ZSI6MTIwMDAwMDAwMDAwMH0sInNjaGVtYV92ZXJzaW9uIjoiMSJ9",
          "dependencies": [
            "module.vpc.module.vpc.aws_vpc.this",
            "module.vpc.module.vpc.aws_vpc_ipv4_cidr_block_association.this"
          ]
        },
        {
          "index_key": 1,
          "schema_version": 1,
          "attributes": {
            "arn": "arn:aws:ec2:us-east-1:210780328849:subnet/subnet-0eb297f9f090092da",
            "assign_ipv6_address_on_creation": false,
            "availability_zone": "us-east-1b",
            "availability_zone_id": "use1-az1",
            "cidr_block": "10.20.102.0/24",
            "id": "subnet-0eb297f9f090092da",
            "ipv6_cidr_block": "",
            "ipv6_cidr_block_association_id": "",
            "map_public_ip_on_launch": true,
            "outpost_arn": "",
            "owner_id": "210780328849",
            "tags": {
              "Environment": "dev",
              "Name": "justin-demo-vpc-public-us-east-1b",
              "Terraform": "true"
            },
            "timeouts": null,
            "vpc_id": "vpc-0c53ae7fc7394e80b"
          },
          "private": "eyJlMmJmYjczMC1lY2FhLTExZTYtOGY4OC0zNDM2M2JjN2M0YzAiOnsiY3JlYXRlIjo2MDAwMDAwMDAwMDAsImRlbGV0ZSI6MTIwMDAwMDAwMDAwMH0sInNjaGVtYV92ZXJzaW9uIjoiMSJ9",
          "dependencies": [
            "module.vpc.module.vpc.aws_vpc.this",
            "module.vpc.module.vpc.aws_vpc_ipv4_cidr_block_association.this"
          ]
        },
        {
          "index_key": 2,
          "schema_version": 1,
          "attributes": {
            "arn": "arn:aws:ec2:us-east-1:210780328849:subnet/subnet-00f46bbc5a7b203af",
            "assign_ipv6_address_on_creation": false,
            "availability_zone": "us-east-1c",
            "availability_zone_id": "use1-az2",
            "cidr_block": "10.20.103.0/24",
            "id": "subnet-00f46bbc5a7b203af",
            "ipv6_cidr_block": "",
            "ipv6_cidr_block_association_id": "",
            "map_public_ip_on_launch": true,
            "outpost_arn": "",
            "owner_id": "210780328849",
            "tags": {
              "Environment": "dev",
              "Name": "justin-demo-vpc-public-us-east-1c",
              "Terraform": "true"
            },
            "timeouts": null,
            "vpc_id": "vpc-0c53ae7fc7394e80b"
          },
          "private": "eyJlMmJmYjczMC1lY2FhLTExZTYtOGY4OC0zNDM2M2JjN2M0YzAiOnsiY3JlYXRlIjo2MDAwMDAwMDAwMDAsImRlbGV0ZSI6MTIwMDAwMDAwMDAwMH0sInNjaGVtYV92ZXJzaW9uIjoiMSJ9",
          "dependencies": [
            "module.vpc.module.vpc.aws_vpc.this",
            "module.vpc.module.vpc.aws_vpc_ipv4_cidr_block_association.this"
          ]
        }
      ]
    },
    {
      "module": "module.vpc.module.vpc",
      "mode": "managed",
      "type": "aws_vpc",
      "name": "this",
      "provider": "module.vpc.provider[\"registry.terraform.io/hashicorp/aws\"]",
      "instances": [
        {
          "index_key": 0,
          "schema_version": 1,
          "attributes": {
            "arn": "arn:aws:ec2:us-east-1:210780328849:vpc/vpc-0c53ae7fc7394e80b",
            "assign_generated_ipv6_cidr_block": false,
            "cidr_block": "10.20.0.0/16",
            "default_network_acl_id": "acl-096a52326359724e8",
            "default_route_table_id": "rtb-0d1f6748922ec00f2",
            "default_security_group_id": "sg-0481896670f1c55a6",
            "dhcp_options_id": "dopt-c09eecbb",
            "enable_classiclink": false,
            "enable_classiclink_dns_support": false,
            "enable_dns_hostnames": false,
            "enable_dns_support": true,
            "id": "vpc-0c53ae7fc7394e80b",
            "instance_tenancy": "default",
            "ipv6_association_id": "",
            "ipv6_cidr_block": "",
            "main_route_table_id": "rtb-0d1f6748922ec00f2",
            "owner_id": "210780328849",
            "tags": {
              "Environment": "dev",
              "Name": "justin-demo-vpc",
              "Terraform": "true"
            }
          },
          "private": "eyJzY2hlbWFfdmVyc2lvbiI6IjEifQ=="
        }
      ]
    }
  ]
}
